PODS:
  - Crashlytics (3.7.0):
    - Fabric (~> 1.6.3)
  - Fabric (1.6.7)
  - RxSwift (2.2.0)
  - SwiftDate (3.0.6)

DEPENDENCIES:
  - Crashlytics (~> 3.7)
  - Fabric (~> 1.6)
  - RxSwift (~> 2.2)
  - SwiftDate (~> 3.0)

SPEC CHECKSUMS:
  Crashlytics: c3a2333dea9e2733d2777f730910321fc9e25c0d
  Fabric: caf7580c725e64db144f610ac65cd60956911dc7
  RxSwift: b8a749f2204c6c7a5c29b306a9c3bc11d5b87c5b
  SwiftDate: 520c0e7de224c881fe4213caeca72d482ed3d45f

COCOAPODS: 0.39.0
