PODS:
  - Crashlytics (3.7.0):
    - Fabric (~> 1.6.3)
  - Eureka (1.5.0)
  - Fabric (1.6.7)
  - FontAwesome.swift (0.7.1)
  - RxSwift (2.3.0)
  - SwiftDate (3.0.6)

DEPENDENCIES:
  - Crashlytics (~> 3.7)
  - Eureka (~> 1.5)
  - Fabric (~> 1.6)
  - FontAwesome.swift (~> 0.7)
  - RxSwift (~> 2.2)
  - RxSwift (~> 2.3)
  - SwiftDate (~> 3.0)

SPEC CHECKSUMS:
  Crashlytics: c3a2333dea9e2733d2777f730910321fc9e25c0d
  Eureka: 2fb37bb50569c62ee3284689d5b7aca694b040e0
  Fabric: caf7580c725e64db144f610ac65cd60956911dc7
  FontAwesome.swift: 21ec9db57af8b92d4b4d6ca8208b9ae07031e828
  RxSwift: 0df59cc5edf28a31dbf83b049220b4b8e76b07c8
  SwiftDate: 520c0e7de224c881fe4213caeca72d482ed3d45f

COCOAPODS: 0.39.0
