// !$*UTF8*$!
{
	archiveVersion = 1;
	classes = {
	};
	objectVersion = 46;
	objects = {

/* Begin PBXBuildFile section */
		F425CAE31C95FE9A000430F8 /* FontAwesomeTabBarItem.swift in Sources */ = {isa = PBXBuildFile; fileRef = F425CAE21C95FE9A000430F8 /* FontAwesomeTabBarItem.swift */; };
		F429584C1CA11B6C003D9CAD /* CLKComplicationServer+Reload.swift in Sources */ = {isa = PBXBuildFile; fileRef = F429584B1CA11B6C003D9CAD /* CLKComplicationServer+Reload.swift */; };
		F46AEE5D1CA174F9005E6728 /* NetTimeUITests.swift in Sources */ = {isa = PBXBuildFile; fileRef = F46AEE5C1CA174F9005E6728 /* NetTimeUITests.swift */; };
		F46AEE651CA176D9005E6728 /* SnapshotHelper.swift in Sources */ = {isa = PBXBuildFile; fileRef = F46AEE641CA176D9005E6728 /* SnapshotHelper.swift */; };
		F4842F251C9609AA00AB1F38 /* CalculateViewController.swift in Sources */ = {isa = PBXBuildFile; fileRef = F4842F241C9609AA00AB1F38 /* CalculateViewController.swift */; };
		F4C606041CA5BDFF004B4C09 /* Eureka.framework in Frameworks */ = {isa = PBXBuildFile; fileRef = F4C605FD1CA5BDFB004B4C09 /* Eureka.framework */; };
		F4C606051CA5BE01004B4C09 /* FontAwesome.framework in Frameworks */ = {isa = PBXBuildFile; fileRef = F4C605FE1CA5BDFB004B4C09 /* FontAwesome.framework */; };
		F4C606061CA5BE07004B4C09 /* Nimble.framework in Frameworks */ = {isa = PBXBuildFile; fileRef = F4C605FF1CA5BDFB004B4C09 /* Nimble.framework */; };
		F4C606071CA5BE09004B4C09 /* Nimble.framework in Frameworks */ = {isa = PBXBuildFile; fileRef = F4C605FF1CA5BDFB004B4C09 /* Nimble.framework */; };
		F4C606081CA5BE0B004B4C09 /* Quick.framework in Frameworks */ = {isa = PBXBuildFile; fileRef = F4C606001CA5BDFB004B4C09 /* Quick.framework */; };
		F4C606091CA5BE0E004B4C09 /* RxSwift.framework in Frameworks */ = {isa = PBXBuildFile; fileRef = F4C606011CA5BDFB004B4C09 /* RxSwift.framework */; };
		F4C6060A1CA5BE11004B4C09 /* SwiftDate.framework in Frameworks */ = {isa = PBXBuildFile; fileRef = F4C606021CA5BDFB004B4C09 /* SwiftDate.framework */; };
		F4C6060B1CA5BE12004B4C09 /* SwiftDate.framework in Frameworks */ = {isa = PBXBuildFile; fileRef = F4C606021CA5BDFB004B4C09 /* SwiftDate.framework */; };
		F4C6060C1CA5BE14004B4C09 /* SwiftDate.framework in Frameworks */ = {isa = PBXBuildFile; fileRef = F4C606021CA5BDFB004B4C09 /* SwiftDate.framework */; };
		F4C6060E1CA5BE18004B4C09 /* RxSwift.framework in Frameworks */ = {isa = PBXBuildFile; fileRef = F4C606011CA5BDFB004B4C09 /* RxSwift.framework */; };
		F4C606121CA5BE62004B4C09 /* RxSwift.framework in Frameworks */ = {isa = PBXBuildFile; fileRef = F4C606101CA5BE62004B4C09 /* RxSwift.framework */; };
		F4C606131CA5BE62004B4C09 /* SwiftDate.framework in Frameworks */ = {isa = PBXBuildFile; fileRef = F4C606111CA5BE62004B4C09 /* SwiftDate.framework */; };
		F4C606151CA5BF54004B4C09 /* Fabric.framework in Frameworks */ = {isa = PBXBuildFile; fileRef = F4C606141CA5BF54004B4C09 /* Fabric.framework */; };
		F4C606171CA5BFEF004B4C09 /* Crashlytics.framework in Frameworks */ = {isa = PBXBuildFile; fileRef = F4C606161CA5BFEF004B4C09 /* Crashlytics.framework */; };
		F4C6061A1CA5C555004B4C09 /* Acknowledgements.plist in Resources */ = {isa = PBXBuildFile; fileRef = F4C606191CA5C555004B4C09 /* Acknowledgements.plist */; };
		F4C6061B1CA5C5CA004B4C09 /* SwiftyAcknowledgements.framework in Frameworks */ = {isa = PBXBuildFile; fileRef = F4C606031CA5BDFB004B4C09 /* SwiftyAcknowledgements.framework */; };
		F4C6061F1CA5CD0B004B4C09 /* SimulatorStatusMagiciOS.framework in Frameworks */ = {isa = PBXBuildFile; fileRef = F4C6061D1CA5CCFE004B4C09 /* SimulatorStatusMagiciOS.framework */; };
		F4C606231CA5CF85004B4C09 /* Nimble.framework in Carthage */ = {isa = PBXBuildFile; fileRef = F4C605FF1CA5BDFB004B4C09 /* Nimble.framework */; settings = {ATTRIBUTES = (CodeSignOnCopy, RemoveHeadersOnCopy, ); }; };
		F4C606241CA5CF85004B4C09 /* Quick.framework in Carthage */ = {isa = PBXBuildFile; fileRef = F4C606001CA5BDFB004B4C09 /* Quick.framework */; settings = {ATTRIBUTES = (CodeSignOnCopy, RemoveHeadersOnCopy, ); }; };
		F4C606261CA5CFAD004B4C09 /* Nimble.framework in Carthage */ = {isa = PBXBuildFile; fileRef = F4C605FF1CA5BDFB004B4C09 /* Nimble.framework */; settings = {ATTRIBUTES = (CodeSignOnCopy, RemoveHeadersOnCopy, ); }; };
		F4C606271CA5CFAD004B4C09 /* Quick.framework in Carthage */ = {isa = PBXBuildFile; fileRef = F4C606001CA5BDFB004B4C09 /* Quick.framework */; settings = {ATTRIBUTES = (CodeSignOnCopy, RemoveHeadersOnCopy, ); }; };
		F4C606281CA5CFAD004B4C09 /* SimulatorStatusMagiciOS.framework in Carthage */ = {isa = PBXBuildFile; fileRef = F4C6061D1CA5CCFE004B4C09 /* SimulatorStatusMagiciOS.framework */; settings = {ATTRIBUTES = (CodeSignOnCopy, RemoveHeadersOnCopy, ); }; };
		F4CEBA641CA59543004B39F1 /* digital-7 (mono).ttf in Resources */ = {isa = PBXBuildFile; fileRef = F4F51C021C97508F003B2853 /* digital-7 (mono).ttf */; };
		F4D611861CA4195700C6C955 /* AboutViewController.swift in Sources */ = {isa = PBXBuildFile; fileRef = F4D611851CA4195700C6C955 /* AboutViewController.swift */; };
		F4D6118C1CA42D8400C6C955 /* CreditsViewController.swift in Sources */ = {isa = PBXBuildFile; fileRef = F4D6118B1CA42D8400C6C955 /* CreditsViewController.swift */; };
		F4DBE8921C9547EA009B8FBC /* AppDelegate.swift in Sources */ = {isa = PBXBuildFile; fileRef = F4DBE8911C9547EA009B8FBC /* AppDelegate.swift */; };
		F4DBE8941C9547EA009B8FBC /* NowViewController.swift in Sources */ = {isa = PBXBuildFile; fileRef = F4DBE8931C9547EA009B8FBC /* NowViewController.swift */; };
		F4DBE8971C9547EA009B8FBC /* Main.storyboard in Resources */ = {isa = PBXBuildFile; fileRef = F4DBE8951C9547EA009B8FBC /* Main.storyboard */; };
		F4DBE8991C9547EA009B8FBC /* Assets.xcassets in Resources */ = {isa = PBXBuildFile; fileRef = F4DBE8981C9547EA009B8FBC /* Assets.xcassets */; };
		F4DBE89C1C9547EA009B8FBC /* LaunchScreen.storyboard in Resources */ = {isa = PBXBuildFile; fileRef = F4DBE89A1C9547EA009B8FBC /* LaunchScreen.storyboard */; };
		F4DBE8A71C9547EA009B8FBC /* NetTimeTests.swift in Sources */ = {isa = PBXBuildFile; fileRef = F4DBE8A61C9547EA009B8FBC /* NetTimeTests.swift */; };
		F4DBE8B31C9549C9009B8FBC /* NSDate+Beats.swift in Sources */ = {isa = PBXBuildFile; fileRef = F4DBE8B21C9549C9009B8FBC /* NSDate+Beats.swift */; };
		F4DBE8BA1C95562F009B8FBC /* Interface.storyboard in Resources */ = {isa = PBXBuildFile; fileRef = F4DBE8B81C95562F009B8FBC /* Interface.storyboard */; };
		F4DBE8BC1C95562F009B8FBC /* Assets.xcassets in Resources */ = {isa = PBXBuildFile; fileRef = F4DBE8BB1C95562F009B8FBC /* Assets.xcassets */; };
		F4DBE8C31C95562F009B8FBC /* NetTimeWatch Extension.appex in Embed App Extensions */ = {isa = PBXBuildFile; fileRef = F4DBE8C21C95562F009B8FBC /* NetTimeWatch Extension.appex */; settings = {ATTRIBUTES = (RemoveHeadersOnCopy, ); }; };
		F4DBE8CA1C95562F009B8FBC /* InterfaceController.swift in Sources */ = {isa = PBXBuildFile; fileRef = F4DBE8C91C95562F009B8FBC /* InterfaceController.swift */; };
		F4DBE8CC1C95562F009B8FBC /* ExtensionDelegate.swift in Sources */ = {isa = PBXBuildFile; fileRef = F4DBE8CB1C95562F009B8FBC /* ExtensionDelegate.swift */; };
		F4DBE8D01C95562F009B8FBC /* GlanceController.swift in Sources */ = {isa = PBXBuildFile; fileRef = F4DBE8CF1C95562F009B8FBC /* GlanceController.swift */; };
		F4DBE8D21C95562F009B8FBC /* ComplicationController.swift in Sources */ = {isa = PBXBuildFile; fileRef = F4DBE8D11C95562F009B8FBC /* ComplicationController.swift */; };
		F4DBE8D41C95562F009B8FBC /* Assets.xcassets in Resources */ = {isa = PBXBuildFile; fileRef = F4DBE8D31C95562F009B8FBC /* Assets.xcassets */; };
		F4DBE8D81C95562F009B8FBC /* NetTimeWatch.app in Embed Watch Content */ = {isa = PBXBuildFile; fileRef = F4DBE8B61C95562F009B8FBC /* NetTimeWatch.app */; };
		F4DBE8E11C955640009B8FBC /* NSDate+Beats.swift in Sources */ = {isa = PBXBuildFile; fileRef = F4DBE8B21C9549C9009B8FBC /* NSDate+Beats.swift */; };
		F4DBE8E21C955641009B8FBC /* NSDate+Beats.swift in Sources */ = {isa = PBXBuildFile; fileRef = F4DBE8B21C9549C9009B8FBC /* NSDate+Beats.swift */; };
		F4DBE8E41C958613009B8FBC /* Int+Beats.swift in Sources */ = {isa = PBXBuildFile; fileRef = F4DBE8E31C958613009B8FBC /* Int+Beats.swift */; };
		F4DBE8E51C958617009B8FBC /* Int+Beats.swift in Sources */ = {isa = PBXBuildFile; fileRef = F4DBE8E31C958613009B8FBC /* Int+Beats.swift */; };
		F4DBE8EC1C95BC58009B8FBC /* NotificationCenter.framework in Frameworks */ = {isa = PBXBuildFile; fileRef = F4DBE8EB1C95BC58009B8FBC /* NotificationCenter.framework */; };
		F4DBE8EF1C95BC58009B8FBC /* TodayViewController.swift in Sources */ = {isa = PBXBuildFile; fileRef = F4DBE8EE1C95BC58009B8FBC /* TodayViewController.swift */; };
		F4DBE8F21C95BC58009B8FBC /* MainInterface.storyboard in Resources */ = {isa = PBXBuildFile; fileRef = F4DBE8F01C95BC58009B8FBC /* MainInterface.storyboard */; };
		F4DBE8F61C95BC58009B8FBC /* TodayExtension.appex in Embed App Extensions */ = {isa = PBXBuildFile; fileRef = F4DBE8EA1C95BC58009B8FBC /* TodayExtension.appex */; settings = {ATTRIBUTES = (RemoveHeadersOnCopy, ); }; };
		F4DBE8FB1C95D280009B8FBC /* NSDate+Beats.swift in Sources */ = {isa = PBXBuildFile; fileRef = F4DBE8B21C9549C9009B8FBC /* NSDate+Beats.swift */; };
		F4F51C031C97508F003B2853 /* digital-7 (mono).ttf in Resources */ = {isa = PBXBuildFile; fileRef = F4F51C021C97508F003B2853 /* digital-7 (mono).ttf */; };
/* End PBXBuildFile section */

/* Begin PBXContainerItemProxy section */
		F46AEE5F1CA174F9005E6728 /* PBXContainerItemProxy */ = {
			isa = PBXContainerItemProxy;
			containerPortal = F4DBE8861C9547EA009B8FBC /* Project object */;
			proxyType = 1;
			remoteGlobalIDString = F4DBE88D1C9547EA009B8FBC;
			remoteInfo = NetTime;
		};
		F4DBE8A31C9547EA009B8FBC /* PBXContainerItemProxy */ = {
			isa = PBXContainerItemProxy;
			containerPortal = F4DBE8861C9547EA009B8FBC /* Project object */;
			proxyType = 1;
			remoteGlobalIDString = F4DBE88D1C9547EA009B8FBC;
			remoteInfo = NetTime;
		};
		F4DBE8C41C95562F009B8FBC /* PBXContainerItemProxy */ = {
			isa = PBXContainerItemProxy;
			containerPortal = F4DBE8861C9547EA009B8FBC /* Project object */;
			proxyType = 1;
			remoteGlobalIDString = F4DBE8C11C95562F009B8FBC;
			remoteInfo = "NetTimeWatch Extension";
		};
		F4DBE8D61C95562F009B8FBC /* PBXContainerItemProxy */ = {
			isa = PBXContainerItemProxy;
			containerPortal = F4DBE8861C9547EA009B8FBC /* Project object */;
			proxyType = 1;
			remoteGlobalIDString = F4DBE8B51C95562F009B8FBC;
			remoteInfo = NetTimeWatch;
		};
		F4DBE8F41C95BC58009B8FBC /* PBXContainerItemProxy */ = {
			isa = PBXContainerItemProxy;
			containerPortal = F4DBE8861C9547EA009B8FBC /* Project object */;
			proxyType = 1;
			remoteGlobalIDString = F4DBE8E91C95BC58009B8FBC;
			remoteInfo = TodayExtension;
		};
/* End PBXContainerItemProxy section */

/* Begin PBXCopyFilesBuildPhase section */
		F4C606221CA5CF72004B4C09 /* Carthage */ = {
			isa = PBXCopyFilesBuildPhase;
			buildActionMask = 2147483647;
			dstPath = "";
			dstSubfolderSpec = 10;
			files = (
				F4C606231CA5CF85004B4C09 /* Nimble.framework in Carthage */,
				F4C606241CA5CF85004B4C09 /* Quick.framework in Carthage */,
			);
			name = Carthage;
			runOnlyForDeploymentPostprocessing = 0;
		};
		F4C606251CA5CF8F004B4C09 /* Carthage */ = {
			isa = PBXCopyFilesBuildPhase;
			buildActionMask = 2147483647;
			dstPath = "";
			dstSubfolderSpec = 10;
			files = (
				F4C606261CA5CFAD004B4C09 /* Nimble.framework in Carthage */,
				F4C606271CA5CFAD004B4C09 /* Quick.framework in Carthage */,
				F4C606281CA5CFAD004B4C09 /* SimulatorStatusMagiciOS.framework in Carthage */,
			);
			name = Carthage;
			runOnlyForDeploymentPostprocessing = 0;
		};
		F4DBE8DC1C95562F009B8FBC /* Embed App Extensions */ = {
			isa = PBXCopyFilesBuildPhase;
			buildActionMask = 2147483647;
			dstPath = "";
			dstSubfolderSpec = 13;
			files = (
				F4DBE8C31C95562F009B8FBC /* NetTimeWatch Extension.appex in Embed App Extensions */,
			);
			name = "Embed App Extensions";
			runOnlyForDeploymentPostprocessing = 0;
		};
		F4DBE8E01C95562F009B8FBC /* Embed Watch Content */ = {
			isa = PBXCopyFilesBuildPhase;
			buildActionMask = 2147483647;
			dstPath = "$(CONTENTS_FOLDER_PATH)/Watch";
			dstSubfolderSpec = 16;
			files = (
				F4DBE8D81C95562F009B8FBC /* NetTimeWatch.app in Embed Watch Content */,
			);
			name = "Embed Watch Content";
			runOnlyForDeploymentPostprocessing = 0;
		};
		F4DBE8FA1C95BC58009B8FBC /* Embed App Extensions */ = {
			isa = PBXCopyFilesBuildPhase;
			buildActionMask = 2147483647;
			dstPath = "";
			dstSubfolderSpec = 13;
			files = (
				F4DBE8F61C95BC58009B8FBC /* TodayExtension.appex in Embed App Extensions */,
			);
			name = "Embed App Extensions";
			runOnlyForDeploymentPostprocessing = 0;
		};
/* End PBXCopyFilesBuildPhase section */

/* Begin PBXFileReference section */
		F425CAE21C95FE9A000430F8 /* FontAwesomeTabBarItem.swift */ = {isa = PBXFileReference; fileEncoding = 4; lastKnownFileType = sourcecode.swift; path = FontAwesomeTabBarItem.swift; sourceTree = "<group>"; };
		F429584B1CA11B6C003D9CAD /* CLKComplicationServer+Reload.swift */ = {isa = PBXFileReference; fileEncoding = 4; lastKnownFileType = sourcecode.swift; path = "CLKComplicationServer+Reload.swift"; sourceTree = "<group>"; };
		F46AEE5A1CA174F9005E6728 /* NetTimeUITests.xctest */ = {isa = PBXFileReference; explicitFileType = wrapper.cfbundle; includeInIndex = 0; path = NetTimeUITests.xctest; sourceTree = BUILT_PRODUCTS_DIR; };
		F46AEE5C1CA174F9005E6728 /* NetTimeUITests.swift */ = {isa = PBXFileReference; lastKnownFileType = sourcecode.swift; path = NetTimeUITests.swift; sourceTree = "<group>"; };
		F46AEE5E1CA174F9005E6728 /* Info.plist */ = {isa = PBXFileReference; lastKnownFileType = text.plist.xml; path = Info.plist; sourceTree = "<group>"; };
		F46AEE641CA176D9005E6728 /* SnapshotHelper.swift */ = {isa = PBXFileReference; fileEncoding = 4; lastKnownFileType = sourcecode.swift; name = SnapshotHelper.swift; path = fastlane/SnapshotHelper.swift; sourceTree = SOURCE_ROOT; };
		F4842F241C9609AA00AB1F38 /* CalculateViewController.swift */ = {isa = PBXFileReference; fileEncoding = 4; lastKnownFileType = sourcecode.swift; path = CalculateViewController.swift; sourceTree = "<group>"; };
		F4C605FD1CA5BDFB004B4C09 /* Eureka.framework */ = {isa = PBXFileReference; lastKnownFileType = wrapper.framework; name = Eureka.framework; path = Carthage/Build/iOS/Eureka.framework; sourceTree = "<group>"; };
		F4C605FE1CA5BDFB004B4C09 /* FontAwesome.framework */ = {isa = PBXFileReference; lastKnownFileType = wrapper.framework; name = FontAwesome.framework; path = Carthage/Build/iOS/FontAwesome.framework; sourceTree = "<group>"; };
		F4C605FF1CA5BDFB004B4C09 /* Nimble.framework */ = {isa = PBXFileReference; lastKnownFileType = wrapper.framework; name = Nimble.framework; path = Carthage/Build/iOS/Nimble.framework; sourceTree = "<group>"; };
		F4C606001CA5BDFB004B4C09 /* Quick.framework */ = {isa = PBXFileReference; lastKnownFileType = wrapper.framework; name = Quick.framework; path = Carthage/Build/iOS/Quick.framework; sourceTree = "<group>"; };
		F4C606011CA5BDFB004B4C09 /* RxSwift.framework */ = {isa = PBXFileReference; lastKnownFileType = wrapper.framework; name = RxSwift.framework; path = Carthage/Build/iOS/RxSwift.framework; sourceTree = "<group>"; };
		F4C606021CA5BDFB004B4C09 /* SwiftDate.framework */ = {isa = PBXFileReference; lastKnownFileType = wrapper.framework; name = SwiftDate.framework; path = Carthage/Build/iOS/SwiftDate.framework; sourceTree = "<group>"; };
		F4C606031CA5BDFB004B4C09 /* SwiftyAcknowledgements.framework */ = {isa = PBXFileReference; lastKnownFileType = wrapper.framework; name = SwiftyAcknowledgements.framework; path = Carthage/Build/iOS/SwiftyAcknowledgements.framework; sourceTree = "<group>"; };
		F4C606101CA5BE62004B4C09 /* RxSwift.framework */ = {isa = PBXFileReference; lastKnownFileType = wrapper.framework; name = RxSwift.framework; path = Carthage/Build/watchOS/RxSwift.framework; sourceTree = "<group>"; };
		F4C606111CA5BE62004B4C09 /* SwiftDate.framework */ = {isa = PBXFileReference; lastKnownFileType = wrapper.framework; name = SwiftDate.framework; path = Carthage/Build/watchOS/SwiftDate.framework; sourceTree = "<group>"; };
		F4C606141CA5BF54004B4C09 /* Fabric.framework */ = {isa = PBXFileReference; lastKnownFileType = wrapper.framework; path = Fabric.framework; sourceTree = "<group>"; };
		F4C606161CA5BFEF004B4C09 /* Crashlytics.framework */ = {isa = PBXFileReference; lastKnownFileType = wrapper.framework; path = Crashlytics.framework; sourceTree = "<group>"; };
		F4C606191CA5C555004B4C09 /* Acknowledgements.plist */ = {isa = PBXFileReference; fileEncoding = 4; lastKnownFileType = text.plist.xml; path = Acknowledgements.plist; sourceTree = "<group>"; };
		F4C6061D1CA5CCFE004B4C09 /* SimulatorStatusMagiciOS.framework */ = {isa = PBXFileReference; lastKnownFileType = wrapper.framework; name = SimulatorStatusMagiciOS.framework; path = Carthage/Build/iOS/SimulatorStatusMagiciOS.framework; sourceTree = "<group>"; };
		F4D611851CA4195700C6C955 /* AboutViewController.swift */ = {isa = PBXFileReference; fileEncoding = 4; lastKnownFileType = sourcecode.swift; path = AboutViewController.swift; sourceTree = "<group>"; };
		F4D6118B1CA42D8400C6C955 /* CreditsViewController.swift */ = {isa = PBXFileReference; fileEncoding = 4; lastKnownFileType = sourcecode.swift; path = CreditsViewController.swift; sourceTree = "<group>"; };
		F4DBE88E1C9547EA009B8FBC /* NetTime.app */ = {isa = PBXFileReference; explicitFileType = wrapper.application; includeInIndex = 0; path = NetTime.app; sourceTree = BUILT_PRODUCTS_DIR; };
		F4DBE8911C9547EA009B8FBC /* AppDelegate.swift */ = {isa = PBXFileReference; lastKnownFileType = sourcecode.swift; path = AppDelegate.swift; sourceTree = "<group>"; };
		F4DBE8931C9547EA009B8FBC /* NowViewController.swift */ = {isa = PBXFileReference; lastKnownFileType = sourcecode.swift; path = NowViewController.swift; sourceTree = "<group>"; };
		F4DBE8961C9547EA009B8FBC /* Base */ = {isa = PBXFileReference; lastKnownFileType = file.storyboard; name = Base; path = Base.lproj/Main.storyboard; sourceTree = "<group>"; };
		F4DBE8981C9547EA009B8FBC /* Assets.xcassets */ = {isa = PBXFileReference; lastKnownFileType = folder.assetcatalog; path = Assets.xcassets; sourceTree = "<group>"; };
		F4DBE89B1C9547EA009B8FBC /* Base */ = {isa = PBXFileReference; lastKnownFileType = file.storyboard; name = Base; path = Base.lproj/LaunchScreen.storyboard; sourceTree = "<group>"; };
		F4DBE89D1C9547EA009B8FBC /* Info.plist */ = {isa = PBXFileReference; lastKnownFileType = text.plist.xml; path = Info.plist; sourceTree = "<group>"; };
		F4DBE8A21C9547EA009B8FBC /* NetTimeTests.xctest */ = {isa = PBXFileReference; explicitFileType = wrapper.cfbundle; includeInIndex = 0; path = NetTimeTests.xctest; sourceTree = BUILT_PRODUCTS_DIR; };
		F4DBE8A61C9547EA009B8FBC /* NetTimeTests.swift */ = {isa = PBXFileReference; lastKnownFileType = sourcecode.swift; path = NetTimeTests.swift; sourceTree = "<group>"; };
		F4DBE8A81C9547EA009B8FBC /* Info.plist */ = {isa = PBXFileReference; lastKnownFileType = text.plist.xml; path = Info.plist; sourceTree = "<group>"; };
		F4DBE8B21C9549C9009B8FBC /* NSDate+Beats.swift */ = {isa = PBXFileReference; fileEncoding = 4; lastKnownFileType = sourcecode.swift; name = "NSDate+Beats.swift"; path = "NetTime/NSDate+Beats.swift"; sourceTree = "<group>"; };
		F4DBE8B61C95562F009B8FBC /* NetTimeWatch.app */ = {isa = PBXFileReference; explicitFileType = wrapper.application; includeInIndex = 0; path = NetTimeWatch.app; sourceTree = BUILT_PRODUCTS_DIR; };
		F4DBE8B91C95562F009B8FBC /* Base */ = {isa = PBXFileReference; lastKnownFileType = file.storyboard; name = Base; path = Base.lproj/Interface.storyboard; sourceTree = "<group>"; };
		F4DBE8BB1C95562F009B8FBC /* Assets.xcassets */ = {isa = PBXFileReference; lastKnownFileType = folder.assetcatalog; path = Assets.xcassets; sourceTree = "<group>"; };
		F4DBE8BD1C95562F009B8FBC /* Info.plist */ = {isa = PBXFileReference; lastKnownFileType = text.plist.xml; path = Info.plist; sourceTree = "<group>"; };
		F4DBE8C21C95562F009B8FBC /* NetTimeWatch Extension.appex */ = {isa = PBXFileReference; explicitFileType = "wrapper.app-extension"; includeInIndex = 0; path = "NetTimeWatch Extension.appex"; sourceTree = BUILT_PRODUCTS_DIR; };
		F4DBE8C91C95562F009B8FBC /* InterfaceController.swift */ = {isa = PBXFileReference; lastKnownFileType = sourcecode.swift; path = InterfaceController.swift; sourceTree = "<group>"; };
		F4DBE8CB1C95562F009B8FBC /* ExtensionDelegate.swift */ = {isa = PBXFileReference; lastKnownFileType = sourcecode.swift; path = ExtensionDelegate.swift; sourceTree = "<group>"; };
		F4DBE8CF1C95562F009B8FBC /* GlanceController.swift */ = {isa = PBXFileReference; lastKnownFileType = sourcecode.swift; path = GlanceController.swift; sourceTree = "<group>"; };
		F4DBE8D11C95562F009B8FBC /* ComplicationController.swift */ = {isa = PBXFileReference; lastKnownFileType = sourcecode.swift; path = ComplicationController.swift; sourceTree = "<group>"; };
		F4DBE8D31C95562F009B8FBC /* Assets.xcassets */ = {isa = PBXFileReference; lastKnownFileType = folder.assetcatalog; path = Assets.xcassets; sourceTree = "<group>"; };
		F4DBE8D51C95562F009B8FBC /* Info.plist */ = {isa = PBXFileReference; lastKnownFileType = text.plist.xml; path = Info.plist; sourceTree = "<group>"; };
		F4DBE8E31C958613009B8FBC /* Int+Beats.swift */ = {isa = PBXFileReference; fileEncoding = 4; lastKnownFileType = sourcecode.swift; name = "Int+Beats.swift"; path = "NetTime/Int+Beats.swift"; sourceTree = "<group>"; };
		F4DBE8EA1C95BC58009B8FBC /* TodayExtension.appex */ = {isa = PBXFileReference; explicitFileType = "wrapper.app-extension"; includeInIndex = 0; path = TodayExtension.appex; sourceTree = BUILT_PRODUCTS_DIR; };
		F4DBE8EB1C95BC58009B8FBC /* NotificationCenter.framework */ = {isa = PBXFileReference; lastKnownFileType = wrapper.framework; name = NotificationCenter.framework; path = System/Library/Frameworks/NotificationCenter.framework; sourceTree = SDKROOT; };
		F4DBE8EE1C95BC58009B8FBC /* TodayViewController.swift */ = {isa = PBXFileReference; lastKnownFileType = sourcecode.swift; path = TodayViewController.swift; sourceTree = "<group>"; };
		F4DBE8F11C95BC58009B8FBC /* Base */ = {isa = PBXFileReference; lastKnownFileType = file.storyboard; name = Base; path = Base.lproj/MainInterface.storyboard; sourceTree = "<group>"; };
		F4DBE8F31C95BC58009B8FBC /* Info.plist */ = {isa = PBXFileReference; lastKnownFileType = text.plist.xml; path = Info.plist; sourceTree = "<group>"; };
		F4DBE9011C95D886009B8FBC /* NetTime-Bridging-Header.h */ = {isa = PBXFileReference; lastKnownFileType = sourcecode.c.h; path = "NetTime-Bridging-Header.h"; sourceTree = "<group>"; };
		F4F51C021C97508F003B2853 /* digital-7 (mono).ttf */ = {isa = PBXFileReference; lastKnownFileType = file; name = "digital-7 (mono).ttf"; path = "Assets/Fonts/digital-7 (mono).ttf"; sourceTree = "<group>"; };
/* End PBXFileReference section */

/* Begin PBXFrameworksBuildPhase section */
		F46AEE571CA174F9005E6728 /* Frameworks */ = {
			isa = PBXFrameworksBuildPhase;
			buildActionMask = 2147483647;
			files = (
				F4C6061F1CA5CD0B004B4C09 /* SimulatorStatusMagiciOS.framework in Frameworks */,
				F4C606071CA5BE09004B4C09 /* Nimble.framework in Frameworks */,
			);
			runOnlyForDeploymentPostprocessing = 0;
		};
		F4DBE88B1C9547EA009B8FBC /* Frameworks */ = {
			isa = PBXFrameworksBuildPhase;
			buildActionMask = 2147483647;
			files = (
				F4C606041CA5BDFF004B4C09 /* Eureka.framework in Frameworks */,
				F4C606051CA5BE01004B4C09 /* FontAwesome.framework in Frameworks */,
				F4C6060A1CA5BE11004B4C09 /* SwiftDate.framework in Frameworks */,
				F4C606091CA5BE0E004B4C09 /* RxSwift.framework in Frameworks */,
				F4C606151CA5BF54004B4C09 /* Fabric.framework in Frameworks */,
				F4C606171CA5BFEF004B4C09 /* Crashlytics.framework in Frameworks */,
				F4C6061B1CA5C5CA004B4C09 /* SwiftyAcknowledgements.framework in Frameworks */,
			);
			runOnlyForDeploymentPostprocessing = 0;
		};
		F4DBE89F1C9547EA009B8FBC /* Frameworks */ = {
			isa = PBXFrameworksBuildPhase;
			buildActionMask = 2147483647;
			files = (
				F4C606081CA5BE0B004B4C09 /* Quick.framework in Frameworks */,
				F4C6060B1CA5BE12004B4C09 /* SwiftDate.framework in Frameworks */,
				F4C606061CA5BE07004B4C09 /* Nimble.framework in Frameworks */,
			);
			runOnlyForDeploymentPostprocessing = 0;
		};
		F4DBE8BF1C95562F009B8FBC /* Frameworks */ = {
			isa = PBXFrameworksBuildPhase;
			buildActionMask = 2147483647;
			files = (
				F4C606131CA5BE62004B4C09 /* SwiftDate.framework in Frameworks */,
				F4C606121CA5BE62004B4C09 /* RxSwift.framework in Frameworks */,
			);
			runOnlyForDeploymentPostprocessing = 0;
		};
		F4DBE8E71C95BC58009B8FBC /* Frameworks */ = {
			isa = PBXFrameworksBuildPhase;
			buildActionMask = 2147483647;
			files = (
				F4C6060C1CA5BE14004B4C09 /* SwiftDate.framework in Frameworks */,
				F4DBE8EC1C95BC58009B8FBC /* NotificationCenter.framework in Frameworks */,
				F4C6060E1CA5BE18004B4C09 /* RxSwift.framework in Frameworks */,
			);
			runOnlyForDeploymentPostprocessing = 0;
		};
/* End PBXFrameworksBuildPhase section */

/* Begin PBXGroup section */
		E6C04CBD0CC4D170AD23B759 /* Frameworks */ = {
			isa = PBXGroup;
			children = (
				F4C605FB1CA5BDC5004B4C09 /* iOS */,
				F4C605FC1CA5BDD1004B4C09 /* watchOS */,
				F4DBE8EB1C95BC58009B8FBC /* NotificationCenter.framework */,
			);
			name = Frameworks;
			sourceTree = "<group>";
		};
		F46AEE5B1CA174F9005E6728 /* NetTimeUITests */ = {
			isa = PBXGroup;
			children = (
				F46AEE5C1CA174F9005E6728 /* NetTimeUITests.swift */,
				F46AEE641CA176D9005E6728 /* SnapshotHelper.swift */,
				F46AEE5E1CA174F9005E6728 /* Info.plist */,
			);
			path = NetTimeUITests;
			sourceTree = "<group>";
		};
		F4C605FB1CA5BDC5004B4C09 /* iOS */ = {
			isa = PBXGroup;
			children = (
				F4C606161CA5BFEF004B4C09 /* Crashlytics.framework */,
				F4C606141CA5BF54004B4C09 /* Fabric.framework */,
				F4C605FD1CA5BDFB004B4C09 /* Eureka.framework */,
				F4C605FE1CA5BDFB004B4C09 /* FontAwesome.framework */,
				F4C605FF1CA5BDFB004B4C09 /* Nimble.framework */,
				F4C606001CA5BDFB004B4C09 /* Quick.framework */,
				F4C606011CA5BDFB004B4C09 /* RxSwift.framework */,
				F4C6061D1CA5CCFE004B4C09 /* SimulatorStatusMagiciOS.framework */,
				F4C606021CA5BDFB004B4C09 /* SwiftDate.framework */,
				F4C606031CA5BDFB004B4C09 /* SwiftyAcknowledgements.framework */,
			);
			name = iOS;
			sourceTree = "<group>";
		};
		F4C605FC1CA5BDD1004B4C09 /* watchOS */ = {
			isa = PBXGroup;
			children = (
				F4C606101CA5BE62004B4C09 /* RxSwift.framework */,
				F4C606111CA5BE62004B4C09 /* SwiftDate.framework */,
			);
			name = watchOS;
			sourceTree = "<group>";
		};
		F4DBE8851C9547EA009B8FBC = {
			isa = PBXGroup;
			children = (
				F4DBE8B11C9549B3009B8FBC /* Shared */,
				F4DBE8901C9547EA009B8FBC /* NetTime */,
				F4DBE8A51C9547EA009B8FBC /* NetTimeTests */,
				F46AEE5B1CA174F9005E6728 /* NetTimeUITests */,
				F4DBE8B71C95562F009B8FBC /* NetTimeWatch */,
				F4DBE8C61C95562F009B8FBC /* NetTimeWatch Extension */,
				F4DBE8ED1C95BC58009B8FBC /* TodayExtension */,
				F4DBE88F1C9547EA009B8FBC /* Products */,
				E6C04CBD0CC4D170AD23B759 /* Frameworks */,
			);
			sourceTree = "<group>";
		};
		F4DBE88F1C9547EA009B8FBC /* Products */ = {
			isa = PBXGroup;
			children = (
				F4DBE88E1C9547EA009B8FBC /* NetTime.app */,
				F4DBE8A21C9547EA009B8FBC /* NetTimeTests.xctest */,
				F4DBE8B61C95562F009B8FBC /* NetTimeWatch.app */,
				F4DBE8C21C95562F009B8FBC /* NetTimeWatch Extension.appex */,
				F4DBE8EA1C95BC58009B8FBC /* TodayExtension.appex */,
				F46AEE5A1CA174F9005E6728 /* NetTimeUITests.xctest */,
			);
			name = Products;
			sourceTree = "<group>";
		};
		F4DBE8901C9547EA009B8FBC /* NetTime */ = {
			isa = PBXGroup;
			children = (
				F4C606191CA5C555004B4C09 /* Acknowledgements.plist */,
				F4D611851CA4195700C6C955 /* AboutViewController.swift */,
				F4DBE8911C9547EA009B8FBC /* AppDelegate.swift */,
				F4842F241C9609AA00AB1F38 /* CalculateViewController.swift */,
				F4D6118B1CA42D8400C6C955 /* CreditsViewController.swift */,
				F425CAE21C95FE9A000430F8 /* FontAwesomeTabBarItem.swift */,
				F4DBE8931C9547EA009B8FBC /* NowViewController.swift */,
				F4DBE8951C9547EA009B8FBC /* Main.storyboard */,
				F4DBE8981C9547EA009B8FBC /* Assets.xcassets */,
				F4DBE89A1C9547EA009B8FBC /* LaunchScreen.storyboard */,
				F4DBE89D1C9547EA009B8FBC /* Info.plist */,
				F4DBE9011C95D886009B8FBC /* NetTime-Bridging-Header.h */,
			);
			path = NetTime;
			sourceTree = "<group>";
		};
		F4DBE8A51C9547EA009B8FBC /* NetTimeTests */ = {
			isa = PBXGroup;
			children = (
				F4DBE8A61C9547EA009B8FBC /* NetTimeTests.swift */,
				F4DBE8A81C9547EA009B8FBC /* Info.plist */,
			);
			path = NetTimeTests;
			sourceTree = "<group>";
		};
		F4DBE8B11C9549B3009B8FBC /* Shared */ = {
			isa = PBXGroup;
			children = (
				F4DBE8B21C9549C9009B8FBC /* NSDate+Beats.swift */,
				F4DBE8E31C958613009B8FBC /* Int+Beats.swift */,
				F4F51C021C97508F003B2853 /* digital-7 (mono).ttf */,
			);
			name = Shared;
			sourceTree = "<group>";
		};
		F4DBE8B71C95562F009B8FBC /* NetTimeWatch */ = {
			isa = PBXGroup;
			children = (
				F4DBE8B81C95562F009B8FBC /* Interface.storyboard */,
				F4DBE8BB1C95562F009B8FBC /* Assets.xcassets */,
				F4DBE8BD1C95562F009B8FBC /* Info.plist */,
			);
			path = NetTimeWatch;
			sourceTree = "<group>";
		};
		F4DBE8C61C95562F009B8FBC /* NetTimeWatch Extension */ = {
			isa = PBXGroup;
			children = (
				F429584B1CA11B6C003D9CAD /* CLKComplicationServer+Reload.swift */,
				F4DBE8D11C95562F009B8FBC /* ComplicationController.swift */,
				F4DBE8CB1C95562F009B8FBC /* ExtensionDelegate.swift */,
				F4DBE8CF1C95562F009B8FBC /* GlanceController.swift */,
				F4DBE8C91C95562F009B8FBC /* InterfaceController.swift */,
				F4DBE8D31C95562F009B8FBC /* Assets.xcassets */,
				F4DBE8D51C95562F009B8FBC /* Info.plist */,
			);
			path = "NetTimeWatch Extension";
			sourceTree = "<group>";
		};
		F4DBE8ED1C95BC58009B8FBC /* TodayExtension */ = {
			isa = PBXGroup;
			children = (
				F4DBE8EE1C95BC58009B8FBC /* TodayViewController.swift */,
				F4DBE8F01C95BC58009B8FBC /* MainInterface.storyboard */,
				F4DBE8F31C95BC58009B8FBC /* Info.plist */,
			);
			path = TodayExtension;
			sourceTree = "<group>";
		};
/* End PBXGroup section */

/* Begin PBXNativeTarget section */
		F46AEE591CA174F9005E6728 /* NetTimeUITests */ = {
			isa = PBXNativeTarget;
			buildConfigurationList = F46AEE631CA174F9005E6728 /* Build configuration list for PBXNativeTarget "NetTimeUITests" */;
			buildPhases = (
				F46AEE561CA174F9005E6728 /* Sources */,
				F46AEE571CA174F9005E6728 /* Frameworks */,
				F46AEE581CA174F9005E6728 /* Resources */,
				F4C606251CA5CF8F004B4C09 /* Carthage */,
			);
			buildRules = (
			);
			dependencies = (
				F46AEE601CA174F9005E6728 /* PBXTargetDependency */,
			);
			name = NetTimeUITests;
			productName = NetTimeUITests;
			productReference = F46AEE5A1CA174F9005E6728 /* NetTimeUITests.xctest */;
			productType = "com.apple.product-type.bundle.ui-testing";
		};
		F4DBE88D1C9547EA009B8FBC /* NetTime */ = {
			isa = PBXNativeTarget;
			buildConfigurationList = F4DBE8AB1C9547EA009B8FBC /* Build configuration list for PBXNativeTarget "NetTime" */;
			buildPhases = (
				F4DBE88A1C9547EA009B8FBC /* Sources */,
				F4C606181CA5C113004B4C09 /* Acknowledgements */,
				F4DBE88B1C9547EA009B8FBC /* Frameworks */,
				F4F51C061C97514D003B2853 /* SwiftLint */,
				F4DBE88C1C9547EA009B8FBC /* Resources */,
				F4DBE8E01C95562F009B8FBC /* Embed Watch Content */,
				F4DBE8FA1C95BC58009B8FBC /* Embed App Extensions */,
				F4C6061C1CA5C64D004B4C09 /* Carthage */,
				F4DBE8FD1C95D633009B8FBC /* Crashlytics */,
			);
			buildRules = (
			);
			dependencies = (
				F4DBE8D71C95562F009B8FBC /* PBXTargetDependency */,
				F4DBE8F51C95BC58009B8FBC /* PBXTargetDependency */,
			);
			name = NetTime;
			productName = NetTime;
			productReference = F4DBE88E1C9547EA009B8FBC /* NetTime.app */;
			productType = "com.apple.product-type.application";
		};
		F4DBE8A11C9547EA009B8FBC /* NetTimeTests */ = {
			isa = PBXNativeTarget;
			buildConfigurationList = F4DBE8AE1C9547EA009B8FBC /* Build configuration list for PBXNativeTarget "NetTimeTests" */;
			buildPhases = (
				F4DBE89E1C9547EA009B8FBC /* Sources */,
				F4DBE89F1C9547EA009B8FBC /* Frameworks */,
				F4DBE8A01C9547EA009B8FBC /* Resources */,
				F4C606221CA5CF72004B4C09 /* Carthage */,
			);
			buildRules = (
			);
			dependencies = (
				F4DBE8A41C9547EA009B8FBC /* PBXTargetDependency */,
			);
			name = NetTimeTests;
			productName = NetTimeTests;
			productReference = F4DBE8A21C9547EA009B8FBC /* NetTimeTests.xctest */;
			productType = "com.apple.product-type.bundle.unit-test";
		};
		F4DBE8B51C95562F009B8FBC /* NetTimeWatch */ = {
			isa = PBXNativeTarget;
			buildConfigurationList = F4DBE8DD1C95562F009B8FBC /* Build configuration list for PBXNativeTarget "NetTimeWatch" */;
			buildPhases = (
				F4DBE8B41C95562F009B8FBC /* Resources */,
				F4DBE8DC1C95562F009B8FBC /* Embed App Extensions */,
			);
			buildRules = (
			);
			dependencies = (
				F4DBE8C51C95562F009B8FBC /* PBXTargetDependency */,
			);
			name = NetTimeWatch;
			productName = NetTimeWatch;
			productReference = F4DBE8B61C95562F009B8FBC /* NetTimeWatch.app */;
			productType = "com.apple.product-type.application.watchapp2";
		};
		F4DBE8C11C95562F009B8FBC /* NetTimeWatch Extension */ = {
			isa = PBXNativeTarget;
			buildConfigurationList = F4DBE8D91C95562F009B8FBC /* Build configuration list for PBXNativeTarget "NetTimeWatch Extension" */;
			buildPhases = (
				F4DBE8BE1C95562F009B8FBC /* Sources */,
				F4DBE8BF1C95562F009B8FBC /* Frameworks */,
				F4DBE8C01C95562F009B8FBC /* Resources */,
				F4C606291CA5D49F004B4C09 /* Carthage */,
			);
			buildRules = (
			);
			dependencies = (
			);
			name = "NetTimeWatch Extension";
			productName = "NetTimeWatch Extension";
			productReference = F4DBE8C21C95562F009B8FBC /* NetTimeWatch Extension.appex */;
			productType = "com.apple.product-type.watchkit2-extension";
		};
		F4DBE8E91C95BC58009B8FBC /* TodayExtension */ = {
			isa = PBXNativeTarget;
			buildConfigurationList = F4DBE8F91C95BC58009B8FBC /* Build configuration list for PBXNativeTarget "TodayExtension" */;
			buildPhases = (
				F4DBE8E61C95BC58009B8FBC /* Sources */,
				F4DBE8E71C95BC58009B8FBC /* Frameworks */,
				F4DBE8E81C95BC58009B8FBC /* Resources */,
			);
			buildRules = (
			);
			dependencies = (
			);
			name = TodayExtension;
			productName = TodayExtension;
			productReference = F4DBE8EA1C95BC58009B8FBC /* TodayExtension.appex */;
			productType = "com.apple.product-type.app-extension";
		};
/* End PBXNativeTarget section */

/* Begin PBXProject section */
		F4DBE8861C9547EA009B8FBC /* Project object */ = {
			isa = PBXProject;
			attributes = {
				LastSwiftUpdateCheck = 0730;
				LastUpgradeCheck = 0720;
				ORGANIZATIONNAME = "Simon Rice";
				TargetAttributes = {
					F46AEE591CA174F9005E6728 = {
						CreatedOnToolsVersion = 7.3;
						TestTargetID = F4DBE88D1C9547EA009B8FBC;
					};
					F4DBE88D1C9547EA009B8FBC = {
						CreatedOnToolsVersion = 7.2.1;
						DevelopmentTeam = DDY5VAFADG;
					};
					F4DBE8A11C9547EA009B8FBC = {
						CreatedOnToolsVersion = 7.2.1;
						TestTargetID = F4DBE88D1C9547EA009B8FBC;
					};
					F4DBE8B51C95562F009B8FBC = {
						CreatedOnToolsVersion = 7.2.1;
						DevelopmentTeam = DDY5VAFADG;
					};
					F4DBE8C11C95562F009B8FBC = {
						CreatedOnToolsVersion = 7.2.1;
						DevelopmentTeam = DDY5VAFADG;
					};
					F4DBE8E91C95BC58009B8FBC = {
						CreatedOnToolsVersion = 7.2.1;
						DevelopmentTeam = DDY5VAFADG;
					};
				};
			};
			buildConfigurationList = F4DBE8891C9547EA009B8FBC /* Build configuration list for PBXProject "NetTime" */;
			compatibilityVersion = "Xcode 3.2";
			developmentRegion = English;
			hasScannedForEncodings = 0;
			knownRegions = (
				en,
				Base,
			);
			mainGroup = F4DBE8851C9547EA009B8FBC;
			productRefGroup = F4DBE88F1C9547EA009B8FBC /* Products */;
			projectDirPath = "";
			projectRoot = "";
			targets = (
				F4DBE88D1C9547EA009B8FBC /* NetTime */,
				F4DBE8A11C9547EA009B8FBC /* NetTimeTests */,
				F4DBE8B51C95562F009B8FBC /* NetTimeWatch */,
				F4DBE8C11C95562F009B8FBC /* NetTimeWatch Extension */,
				F4DBE8E91C95BC58009B8FBC /* TodayExtension */,
				F46AEE591CA174F9005E6728 /* NetTimeUITests */,
			);
		};
/* End PBXProject section */

/* Begin PBXResourcesBuildPhase section */
		F46AEE581CA174F9005E6728 /* Resources */ = {
			isa = PBXResourcesBuildPhase;
			buildActionMask = 2147483647;
			files = (
			);
			runOnlyForDeploymentPostprocessing = 0;
		};
		F4DBE88C1C9547EA009B8FBC /* Resources */ = {
			isa = PBXResourcesBuildPhase;
			buildActionMask = 2147483647;
			files = (
				F4C6061A1CA5C555004B4C09 /* Acknowledgements.plist in Resources */,
				F4F51C031C97508F003B2853 /* digital-7 (mono).ttf in Resources */,
				F4DBE89C1C9547EA009B8FBC /* LaunchScreen.storyboard in Resources */,
				F4DBE8991C9547EA009B8FBC /* Assets.xcassets in Resources */,
				F4DBE8971C9547EA009B8FBC /* Main.storyboard in Resources */,
			);
			runOnlyForDeploymentPostprocessing = 0;
		};
		F4DBE8A01C9547EA009B8FBC /* Resources */ = {
			isa = PBXResourcesBuildPhase;
			buildActionMask = 2147483647;
			files = (
			);
			runOnlyForDeploymentPostprocessing = 0;
		};
		F4DBE8B41C95562F009B8FBC /* Resources */ = {
			isa = PBXResourcesBuildPhase;
			buildActionMask = 2147483647;
			files = (
				F4CEBA641CA59543004B39F1 /* digital-7 (mono).ttf in Resources */,
				F4DBE8BC1C95562F009B8FBC /* Assets.xcassets in Resources */,
				F4DBE8BA1C95562F009B8FBC /* Interface.storyboard in Resources */,
			);
			runOnlyForDeploymentPostprocessing = 0;
		};
		F4DBE8C01C95562F009B8FBC /* Resources */ = {
			isa = PBXResourcesBuildPhase;
			buildActionMask = 2147483647;
			files = (
				F4DBE8D41C95562F009B8FBC /* Assets.xcassets in Resources */,
			);
			runOnlyForDeploymentPostprocessing = 0;
		};
		F4DBE8E81C95BC58009B8FBC /* Resources */ = {
			isa = PBXResourcesBuildPhase;
			buildActionMask = 2147483647;
			files = (
				F4DBE8F21C95BC58009B8FBC /* MainInterface.storyboard in Resources */,
			);
			runOnlyForDeploymentPostprocessing = 0;
		};
/* End PBXResourcesBuildPhase section */

/* Begin PBXShellScriptBuildPhase section */
		F4C606181CA5C113004B4C09 /* Acknowledgements */ = {
			isa = PBXShellScriptBuildPhase;
			buildActionMask = 2147483647;
			files = (
			);
			inputPaths = (
			);
			name = Acknowledgements;
			outputPaths = (
			);
			runOnlyForDeploymentPostprocessing = 0;
			shellPath = /bin/sh;
			shellScript = "${PROJECT_DIR}/NetTime/Scripts/GenerateLicenseFile.swift ${SRCROOT}/Carthage/Checkouts/ ${PROJECT_DIR}/NetTime/Acknowledgements.plist";
		};
		F4C6061C1CA5C64D004B4C09 /* Carthage */ = {
			isa = PBXShellScriptBuildPhase;
			buildActionMask = 2147483647;
			files = (
			);
			inputPaths = (
				"$(SRCROOT)/Carthage/Build/iOS/Eureka.framework",
				"$(SRCROOT)/Carthage/Build/iOS/FontAwesome.framework",
				"$(SRCROOT)/Carthage/Build/iOS/RxSwift.framework",
				"$(SRCROOT)/Carthage/Build/iOS/SwiftDate.framework",
				"$(SRCROOT)/Carthage/Build/iOS/SwiftyAcknowledgements.framework",
			);
			name = Carthage;
			outputPaths = (
			);
			runOnlyForDeploymentPostprocessing = 0;
			shellPath = /bin/sh;
			shellScript = "/usr/local/bin/carthage copy-frameworks";
		};
		F4C606291CA5D49F004B4C09 /* Carthage */ = {
			isa = PBXShellScriptBuildPhase;
			buildActionMask = 2147483647;
			files = (
			);
			inputPaths = (
				"$(SRCROOT)/Carthage/Build/iOS/RxSwift.framework",
				"$(SRCROOT)/Carthage/Build/iOS/SwiftDate.framework",
			);
			name = Carthage;
			outputPaths = (
			);
			runOnlyForDeploymentPostprocessing = 0;
			shellPath = /bin/sh;
			shellScript = "/usr/local/bin/carthage copy-frameworks";
		};
		F4DBE8FD1C95D633009B8FBC /* Crashlytics */ = {
			isa = PBXShellScriptBuildPhase;
			buildActionMask = 2147483647;
			files = (
			);
			inputPaths = (
			);
			name = Crashlytics;
			outputPaths = (
			);
			runOnlyForDeploymentPostprocessing = 0;
			shellPath = /bin/sh;
			shellScript = "./Fabric.framework/run 5f4aee798952d318e32c1d9e93ec424d70f634fe f9e249e1267d0c951408a34232552886b4e1fb9df2072dc7dc90ae36e3386514";
		};
		F4F51C061C97514D003B2853 /* SwiftLint */ = {
			isa = PBXShellScriptBuildPhase;
			buildActionMask = 2147483647;
			files = (
			);
			inputPaths = (
			);
			name = SwiftLint;
			outputPaths = (
			);
			runOnlyForDeploymentPostprocessing = 0;
			shellPath = /bin/sh;
			shellScript = "if which swiftlint >/dev/null; then\nswiftlint\nelse\necho \"warning: SwiftLint not installed, download from https://github.com/realm/SwiftLint\"\nfi\n";
		};
/* End PBXShellScriptBuildPhase section */

/* Begin PBXSourcesBuildPhase section */
		F46AEE561CA174F9005E6728 /* Sources */ = {
			isa = PBXSourcesBuildPhase;
			buildActionMask = 2147483647;
			files = (
				F46AEE5D1CA174F9005E6728 /* NetTimeUITests.swift in Sources */,
				F46AEE651CA176D9005E6728 /* SnapshotHelper.swift in Sources */,
			);
			runOnlyForDeploymentPostprocessing = 0;
		};
		F4DBE88A1C9547EA009B8FBC /* Sources */ = {
			isa = PBXSourcesBuildPhase;
			buildActionMask = 2147483647;
			files = (
				F4DBE8941C9547EA009B8FBC /* NowViewController.swift in Sources */,
				F425CAE31C95FE9A000430F8 /* FontAwesomeTabBarItem.swift in Sources */,
				F4DBE8921C9547EA009B8FBC /* AppDelegate.swift in Sources */,
				F4D6118C1CA42D8400C6C955 /* CreditsViewController.swift in Sources */,
				F4D611861CA4195700C6C955 /* AboutViewController.swift in Sources */,
				F4DBE8B31C9549C9009B8FBC /* NSDate+Beats.swift in Sources */,
				F4DBE8E41C958613009B8FBC /* Int+Beats.swift in Sources */,
				F4842F251C9609AA00AB1F38 /* CalculateViewController.swift in Sources */,
			);
			runOnlyForDeploymentPostprocessing = 0;
		};
		F4DBE89E1C9547EA009B8FBC /* Sources */ = {
			isa = PBXSourcesBuildPhase;
			buildActionMask = 2147483647;
			files = (
				F4DBE8E21C955641009B8FBC /* NSDate+Beats.swift in Sources */,
				F4DBE8A71C9547EA009B8FBC /* NetTimeTests.swift in Sources */,
			);
			runOnlyForDeploymentPostprocessing = 0;
		};
		F4DBE8BE1C95562F009B8FBC /* Sources */ = {
			isa = PBXSourcesBuildPhase;
			buildActionMask = 2147483647;
			files = (
				F4DBE8CC1C95562F009B8FBC /* ExtensionDelegate.swift in Sources */,
				F4DBE8E11C955640009B8FBC /* NSDate+Beats.swift in Sources */,
				F4DBE8D21C95562F009B8FBC /* ComplicationController.swift in Sources */,
				F4DBE8CA1C95562F009B8FBC /* InterfaceController.swift in Sources */,
				F429584C1CA11B6C003D9CAD /* CLKComplicationServer+Reload.swift in Sources */,
				F4DBE8D01C95562F009B8FBC /* GlanceController.swift in Sources */,
				F4DBE8E51C958617009B8FBC /* Int+Beats.swift in Sources */,
			);
			runOnlyForDeploymentPostprocessing = 0;
		};
		F4DBE8E61C95BC58009B8FBC /* Sources */ = {
			isa = PBXSourcesBuildPhase;
			buildActionMask = 2147483647;
			files = (
				F4DBE8FB1C95D280009B8FBC /* NSDate+Beats.swift in Sources */,
				F4DBE8EF1C95BC58009B8FBC /* TodayViewController.swift in Sources */,
			);
			runOnlyForDeploymentPostprocessing = 0;
		};
/* End PBXSourcesBuildPhase section */

/* Begin PBXTargetDependency section */
		F46AEE601CA174F9005E6728 /* PBXTargetDependency */ = {
			isa = PBXTargetDependency;
			target = F4DBE88D1C9547EA009B8FBC /* NetTime */;
			targetProxy = F46AEE5F1CA174F9005E6728 /* PBXContainerItemProxy */;
		};
		F4DBE8A41C9547EA009B8FBC /* PBXTargetDependency */ = {
			isa = PBXTargetDependency;
			target = F4DBE88D1C9547EA009B8FBC /* NetTime */;
			targetProxy = F4DBE8A31C9547EA009B8FBC /* PBXContainerItemProxy */;
		};
		F4DBE8C51C95562F009B8FBC /* PBXTargetDependency */ = {
			isa = PBXTargetDependency;
			target = F4DBE8C11C95562F009B8FBC /* NetTimeWatch Extension */;
			targetProxy = F4DBE8C41C95562F009B8FBC /* PBXContainerItemProxy */;
		};
		F4DBE8D71C95562F009B8FBC /* PBXTargetDependency */ = {
			isa = PBXTargetDependency;
			target = F4DBE8B51C95562F009B8FBC /* NetTimeWatch */;
			targetProxy = F4DBE8D61C95562F009B8FBC /* PBXContainerItemProxy */;
		};
		F4DBE8F51C95BC58009B8FBC /* PBXTargetDependency */ = {
			isa = PBXTargetDependency;
			target = F4DBE8E91C95BC58009B8FBC /* TodayExtension */;
			targetProxy = F4DBE8F41C95BC58009B8FBC /* PBXContainerItemProxy */;
		};
/* End PBXTargetDependency section */

/* Begin PBXVariantGroup section */
		F4DBE8951C9547EA009B8FBC /* Main.storyboard */ = {
			isa = PBXVariantGroup;
			children = (
				F4DBE8961C9547EA009B8FBC /* Base */,
			);
			name = Main.storyboard;
			sourceTree = "<group>";
		};
		F4DBE89A1C9547EA009B8FBC /* LaunchScreen.storyboard */ = {
			isa = PBXVariantGroup;
			children = (
				F4DBE89B1C9547EA009B8FBC /* Base */,
			);
			name = LaunchScreen.storyboard;
			sourceTree = "<group>";
		};
		F4DBE8B81C95562F009B8FBC /* Interface.storyboard */ = {
			isa = PBXVariantGroup;
			children = (
				F4DBE8B91C95562F009B8FBC /* Base */,
			);
			name = Interface.storyboard;
			sourceTree = "<group>";
		};
		F4DBE8F01C95BC58009B8FBC /* MainInterface.storyboard */ = {
			isa = PBXVariantGroup;
			children = (
				F4DBE8F11C95BC58009B8FBC /* Base */,
			);
			name = MainInterface.storyboard;
			sourceTree = "<group>";
		};
/* End PBXVariantGroup section */

/* Begin XCBuildConfiguration section */
		F46AEE611CA174F9005E6728 /* Debug */ = {
			isa = XCBuildConfiguration;
			buildSettings = {
				CLANG_ANALYZER_NONNULL = YES;
				"CODE_SIGN_IDENTITY[sdk=iphoneos*]" = "iPhone Developer";
				FRAMEWORK_SEARCH_PATHS = (
					"$(inherited)",
					"$(PROJECT_DIR)/Carthage/Build/iOS",
				);
				INFOPLIST_FILE = NetTimeUITests/Info.plist;
				IPHONEOS_DEPLOYMENT_TARGET = 9.3;
				LD_RUNPATH_SEARCH_PATHS = "$(inherited) @executable_path/Frameworks @loader_path/Frameworks";
				PRODUCT_BUNDLE_IDENTIFIER = com.simonrice.NetTimeUITests;
				PRODUCT_NAME = "$(TARGET_NAME)";
				TEST_TARGET_NAME = NetTime;
			};
			name = Debug;
		};
		F46AEE621CA174F9005E6728 /* Release */ = {
			isa = XCBuildConfiguration;
			buildSettings = {
				CLANG_ANALYZER_NONNULL = YES;
				FRAMEWORK_SEARCH_PATHS = (
					"$(inherited)",
					"$(PROJECT_DIR)/Carthage/Build/iOS",
				);
				INFOPLIST_FILE = NetTimeUITests/Info.plist;
				IPHONEOS_DEPLOYMENT_TARGET = 9.3;
				LD_RUNPATH_SEARCH_PATHS = "$(inherited) @executable_path/Frameworks @loader_path/Frameworks";
				PRODUCT_BUNDLE_IDENTIFIER = com.simonrice.NetTimeUITests;
				PRODUCT_NAME = "$(TARGET_NAME)";
				TEST_TARGET_NAME = NetTime;
			};
			name = Release;
		};
		F4DBE8A91C9547EA009B8FBC /* Debug */ = {
			isa = XCBuildConfiguration;
			buildSettings = {
				ALWAYS_SEARCH_USER_PATHS = NO;
				CLANG_CXX_LANGUAGE_STANDARD = "gnu++0x";
				CLANG_CXX_LIBRARY = "libc++";
				CLANG_ENABLE_MODULES = YES;
				CLANG_ENABLE_OBJC_ARC = YES;
				CLANG_WARN_BOOL_CONVERSION = YES;
				CLANG_WARN_CONSTANT_CONVERSION = YES;
				CLANG_WARN_DIRECT_OBJC_ISA_USAGE = YES_ERROR;
				CLANG_WARN_EMPTY_BODY = YES;
				CLANG_WARN_ENUM_CONVERSION = YES;
				CLANG_WARN_INT_CONVERSION = YES;
				CLANG_WARN_OBJC_ROOT_CLASS = YES_ERROR;
				CLANG_WARN_UNREACHABLE_CODE = YES;
				CLANG_WARN__DUPLICATE_METHOD_MATCH = YES;
				CODE_SIGN_IDENTITY = "iPhone Developer";
				COPY_PHASE_STRIP = NO;
				DEBUG_INFORMATION_FORMAT = dwarf;
				ENABLE_STRICT_OBJC_MSGSEND = YES;
				ENABLE_TESTABILITY = YES;
				GCC_C_LANGUAGE_STANDARD = gnu99;
				GCC_DYNAMIC_NO_PIC = NO;
				GCC_NO_COMMON_BLOCKS = YES;
				GCC_OPTIMIZATION_LEVEL = 0;
				GCC_PREPROCESSOR_DEFINITIONS = (
					"DEBUG=1",
					"$(inherited)",
				);
				GCC_WARN_64_TO_32_BIT_CONVERSION = YES;
				GCC_WARN_ABOUT_RETURN_TYPE = YES_ERROR;
				GCC_WARN_UNDECLARED_SELECTOR = YES;
				GCC_WARN_UNINITIALIZED_AUTOS = YES_AGGRESSIVE;
				GCC_WARN_UNUSED_FUNCTION = YES;
				GCC_WARN_UNUSED_VARIABLE = YES;
				IPHONEOS_DEPLOYMENT_TARGET = 8.0;
				MTL_ENABLE_DEBUG_INFO = YES;
				ONLY_ACTIVE_ARCH = YES;
				PROVISIONING_PROFILE = "$(sigh_com.simonrice.NetTime_development)";
				SDKROOT = iphoneos;
				SWIFT_OPTIMIZATION_LEVEL = "-Onone";
				TARGETED_DEVICE_FAMILY = "1,2";
			};
			name = Debug;
		};
		F4DBE8AA1C9547EA009B8FBC /* Release */ = {
			isa = XCBuildConfiguration;
			buildSettings = {
				ALWAYS_SEARCH_USER_PATHS = NO;
				CLANG_CXX_LANGUAGE_STANDARD = "gnu++0x";
				CLANG_CXX_LIBRARY = "libc++";
				CLANG_ENABLE_MODULES = YES;
				CLANG_ENABLE_OBJC_ARC = YES;
				CLANG_WARN_BOOL_CONVERSION = YES;
				CLANG_WARN_CONSTANT_CONVERSION = YES;
				CLANG_WARN_DIRECT_OBJC_ISA_USAGE = YES_ERROR;
				CLANG_WARN_EMPTY_BODY = YES;
				CLANG_WARN_ENUM_CONVERSION = YES;
				CLANG_WARN_INT_CONVERSION = YES;
				CLANG_WARN_OBJC_ROOT_CLASS = YES_ERROR;
				CLANG_WARN_UNREACHABLE_CODE = YES;
				CLANG_WARN__DUPLICATE_METHOD_MATCH = YES;
				CODE_SIGN_IDENTITY = "iPhone Distribution";
				COPY_PHASE_STRIP = NO;
				DEBUG_INFORMATION_FORMAT = "dwarf-with-dsym";
				ENABLE_NS_ASSERTIONS = NO;
				ENABLE_STRICT_OBJC_MSGSEND = YES;
				GCC_C_LANGUAGE_STANDARD = gnu99;
				GCC_NO_COMMON_BLOCKS = YES;
				GCC_WARN_64_TO_32_BIT_CONVERSION = YES;
				GCC_WARN_ABOUT_RETURN_TYPE = YES_ERROR;
				GCC_WARN_UNDECLARED_SELECTOR = YES;
				GCC_WARN_UNINITIALIZED_AUTOS = YES_AGGRESSIVE;
				GCC_WARN_UNUSED_FUNCTION = YES;
				GCC_WARN_UNUSED_VARIABLE = YES;
				IPHONEOS_DEPLOYMENT_TARGET = 8.0;
				MTL_ENABLE_DEBUG_INFO = NO;
				PROVISIONING_PROFILE = "$(sigh_com.simonrice.NetTime_appstore)";
				SDKROOT = iphoneos;
				TARGETED_DEVICE_FAMILY = "1,2";
				VALIDATE_PRODUCT = YES;
			};
			name = Release;
		};
		F4DBE8AC1C9547EA009B8FBC /* Debug */ = {
			isa = XCBuildConfiguration;
			buildSettings = {
				ASSETCATALOG_COMPILER_APPICON_NAME = AppIcon;
				CLANG_ENABLE_MODULES = YES;
				CODE_SIGN_IDENTITY = "iPhone Developer";
				EMBEDDED_CONTENT_CONTAINS_SWIFT = YES;
				FRAMEWORK_SEARCH_PATHS = (
					"$(inherited)",
					"$(PROJECT_DIR)/Carthage/Build/iOS",
					"$(PROJECT_DIR)",
				);
				INFOPLIST_FILE = NetTime/Info.plist;
				IPHONEOS_DEPLOYMENT_TARGET = 8.0;
				LD_RUNPATH_SEARCH_PATHS = "$(inherited) @executable_path/Frameworks";
				PRODUCT_BUNDLE_IDENTIFIER = com.simonrice.NetTime;
				PRODUCT_NAME = "$(TARGET_NAME)";
				SWIFT_OBJC_BRIDGING_HEADER = "NetTime/NetTime-Bridging-Header.h";
				SWIFT_OPTIMIZATION_LEVEL = "-Onone";
			};
			name = Debug;
		};
		F4DBE8AD1C9547EA009B8FBC /* Release */ = {
			isa = XCBuildConfiguration;
			buildSettings = {
				ASSETCATALOG_COMPILER_APPICON_NAME = AppIcon;
				CLANG_ENABLE_MODULES = YES;
				CODE_SIGN_IDENTITY = "iPhone Distribution";
				EMBEDDED_CONTENT_CONTAINS_SWIFT = YES;
				FRAMEWORK_SEARCH_PATHS = (
					"$(inherited)",
					"$(PROJECT_DIR)/Carthage/Build/iOS",
					"$(PROJECT_DIR)",
				);
				INFOPLIST_FILE = NetTime/Info.plist;
				IPHONEOS_DEPLOYMENT_TARGET = 8.0;
				LD_RUNPATH_SEARCH_PATHS = "$(inherited) @executable_path/Frameworks";
				PRODUCT_BUNDLE_IDENTIFIER = com.simonrice.NetTime;
				PRODUCT_NAME = "$(TARGET_NAME)";
				SWIFT_OBJC_BRIDGING_HEADER = "NetTime/NetTime-Bridging-Header.h";
			};
			name = Release;
		};
		F4DBE8AF1C9547EA009B8FBC /* Debug */ = {
			isa = XCBuildConfiguration;
			buildSettings = {
				BUNDLE_LOADER = "$(TEST_HOST)";
				FRAMEWORK_SEARCH_PATHS = (
					"$(inherited)",
					"$(PROJECT_DIR)/Carthage/Build/iOS",
				);
				INFOPLIST_FILE = NetTimeTests/Info.plist;
				LD_RUNPATH_SEARCH_PATHS = "$(inherited) @executable_path/Frameworks @loader_path/Frameworks";
				PRODUCT_BUNDLE_IDENTIFIER = com.simonrice.NetTimeTests;
				PRODUCT_NAME = "$(TARGET_NAME)";
				TEST_HOST = "$(BUILT_PRODUCTS_DIR)/NetTime.app/NetTime";
			};
			name = Debug;
		};
		F4DBE8B01C9547EA009B8FBC /* Release */ = {
			isa = XCBuildConfiguration;
			buildSettings = {
				BUNDLE_LOADER = "$(TEST_HOST)";
				FRAMEWORK_SEARCH_PATHS = (
					"$(inherited)",
					"$(PROJECT_DIR)/Carthage/Build/iOS",
				);
				INFOPLIST_FILE = NetTimeTests/Info.plist;
				LD_RUNPATH_SEARCH_PATHS = "$(inherited) @executable_path/Frameworks @loader_path/Frameworks";
				PRODUCT_BUNDLE_IDENTIFIER = com.simonrice.NetTimeTests;
				PRODUCT_NAME = "$(TARGET_NAME)";
				TEST_HOST = "$(BUILT_PRODUCTS_DIR)/NetTime.app/NetTime";
			};
			name = Release;
		};
		F4DBE8DA1C95562F009B8FBC /* Debug */ = {
			isa = XCBuildConfiguration;
			buildSettings = {
				ASSETCATALOG_COMPILER_COMPLICATION_NAME = Complication;
				CODE_SIGN_IDENTITY = "iPhone Developer";
				EMBEDDED_CONTENT_CONTAINS_SWIFT = "$(inherited)";
				FRAMEWORK_SEARCH_PATHS = (
					"$(inherited)",
					"$(PROJECT_DIR)/Carthage/Build/watchOS",
				);
				INFOPLIST_FILE = "NetTimeWatch Extension/Info.plist";
				LD_RUNPATH_SEARCH_PATHS = "$(inherited) @executable_path/Frameworks @executable_path/../../Frameworks";
				PRODUCT_BUNDLE_IDENTIFIER = com.simonrice.NetTime.watchkitapp.watchkitextension;
				PRODUCT_NAME = "${TARGET_NAME}";
				PROVISIONING_PROFILE = "$(sigh_com.simonrice.NetTime.watchkitapp.watchkitextension_development)";
				SDKROOT = watchos;
				SKIP_INSTALL = YES;
				TARGETED_DEVICE_FAMILY = 4;
				WATCHOS_DEPLOYMENT_TARGET = 2.1;
			};
			name = Debug;
		};
		F4DBE8DB1C95562F009B8FBC /* Release */ = {
			isa = XCBuildConfiguration;
			buildSettings = {
				ASSETCATALOG_COMPILER_COMPLICATION_NAME = Complication;
				CODE_SIGN_IDENTITY = "iPhone Distribution";
				EMBEDDED_CONTENT_CONTAINS_SWIFT = "$(inherited)";
				FRAMEWORK_SEARCH_PATHS = (
					"$(inherited)",
					"$(PROJECT_DIR)/Carthage/Build/watchOS",
				);
				INFOPLIST_FILE = "NetTimeWatch Extension/Info.plist";
				LD_RUNPATH_SEARCH_PATHS = "$(inherited) @executable_path/Frameworks @executable_path/../../Frameworks";
				PRODUCT_BUNDLE_IDENTIFIER = com.simonrice.NetTime.watchkitapp.watchkitextension;
				PRODUCT_NAME = "${TARGET_NAME}";
				PROVISIONING_PROFILE = "$(sigh_com.simonrice.NetTime.watchkitapp.watchkitextension_appstore)";
				SDKROOT = watchos;
				SKIP_INSTALL = YES;
				TARGETED_DEVICE_FAMILY = 4;
				WATCHOS_DEPLOYMENT_TARGET = 2.1;
			};
			name = Release;
		};
		F4DBE8DE1C95562F009B8FBC /* Debug */ = {
			isa = XCBuildConfiguration;
			buildSettings = {
				ASSETCATALOG_COMPILER_APPICON_NAME = AppIcon;
				CODE_SIGN_IDENTITY = "iPhone Developer";
				EMBEDDED_CONTENT_CONTAINS_SWIFT = YES;
				IBSC_MODULE = NetTimeWatch_Extension;
				INFOPLIST_FILE = NetTimeWatch/Info.plist;
				PRODUCT_BUNDLE_IDENTIFIER = com.simonrice.NetTime.watchkitapp;
				PRODUCT_NAME = "$(TARGET_NAME)";
				PROVISIONING_PROFILE = "$(sigh_com.simonrice.NetTime.watchkitapp_development)";
				SDKROOT = watchos;
				SKIP_INSTALL = YES;
				TARGETED_DEVICE_FAMILY = 4;
				WATCHOS_DEPLOYMENT_TARGET = 2.1;
			};
			name = Debug;
		};
		F4DBE8DF1C95562F009B8FBC /* Release */ = {
			isa = XCBuildConfiguration;
			buildSettings = {
				ASSETCATALOG_COMPILER_APPICON_NAME = AppIcon;
				CODE_SIGN_IDENTITY = "iPhone Distribution";
				EMBEDDED_CONTENT_CONTAINS_SWIFT = YES;
				IBSC_MODULE = NetTimeWatch_Extension;
				INFOPLIST_FILE = NetTimeWatch/Info.plist;
				PRODUCT_BUNDLE_IDENTIFIER = com.simonrice.NetTime.watchkitapp;
				PRODUCT_NAME = "$(TARGET_NAME)";
				PROVISIONING_PROFILE = "$(sigh_com.simonrice.NetTime.watchkitapp_appstore)";
				SDKROOT = watchos;
				SKIP_INSTALL = YES;
				TARGETED_DEVICE_FAMILY = 4;
				WATCHOS_DEPLOYMENT_TARGET = 2.1;
			};
			name = Release;
		};
		F4DBE8F71C95BC58009B8FBC /* Debug */ = {
			isa = XCBuildConfiguration;
			buildSettings = {
				CODE_SIGN_IDENTITY = "iPhone Developer";
				EMBEDDED_CONTENT_CONTAINS_SWIFT = NO;
				FRAMEWORK_SEARCH_PATHS = (
					"$(inherited)",
					"$(PROJECT_DIR)/Carthage/Build/iOS",
				);
				INFOPLIST_FILE = TodayExtension/Info.plist;
				LD_RUNPATH_SEARCH_PATHS = "$(inherited) @executable_path/Frameworks @executable_path/../../Frameworks";
				PRODUCT_BUNDLE_IDENTIFIER = com.simonrice.NetTime.TodayExtension;
				PRODUCT_NAME = "$(TARGET_NAME)";
				PROVISIONING_PROFILE = "$(sigh_com.simonrice.NetTime.TodayExtension_development)";
				SKIP_INSTALL = YES;
			};
			name = Debug;
		};
		F4DBE8F81C95BC58009B8FBC /* Release */ = {
			isa = XCBuildConfiguration;
			buildSettings = {
				CODE_SIGN_IDENTITY = "iPhone Distribution";
				EMBEDDED_CONTENT_CONTAINS_SWIFT = NO;
				FRAMEWORK_SEARCH_PATHS = (
					"$(inherited)",
					"$(PROJECT_DIR)/Carthage/Build/iOS",
				);
				INFOPLIST_FILE = TodayExtension/Info.plist;
				LD_RUNPATH_SEARCH_PATHS = "$(inherited) @executable_path/Frameworks @executable_path/../../Frameworks";
				PRODUCT_BUNDLE_IDENTIFIER = com.simonrice.NetTime.TodayExtension;
				PRODUCT_NAME = "$(TARGET_NAME)";
				PROVISIONING_PROFILE = "$(sigh_com.simonrice.NetTime.TodayExtension_appstore)";
				SKIP_INSTALL = YES;
			};
			name = Release;
		};
/* End XCBuildConfiguration section */

/* Begin XCConfigurationList section */
		F46AEE631CA174F9005E6728 /* Build configuration list for PBXNativeTarget "NetTimeUITests" */ = {
			isa = XCConfigurationList;
			buildConfigurations = (
				F46AEE611CA174F9005E6728 /* Debug */,
				F46AEE621CA174F9005E6728 /* Release */,
			);
			defaultConfigurationIsVisible = 0;
			defaultConfigurationName = Release;
		};
		F4DBE8891C9547EA009B8FBC /* Build configuration list for PBXProject "NetTime" */ = {
			isa = XCConfigurationList;
			buildConfigurations = (
				F4DBE8A91C9547EA009B8FBC /* Debug */,
				F4DBE8AA1C9547EA009B8FBC /* Release */,
			);
			defaultConfigurationIsVisible = 0;
			defaultConfigurationName = Release;
		};
		F4DBE8AB1C9547EA009B8FBC /* Build configuration list for PBXNativeTarget "NetTime" */ = {
			isa = XCConfigurationList;
			buildConfigurations = (
				F4DBE8AC1C9547EA009B8FBC /* Debug */,
				F4DBE8AD1C9547EA009B8FBC /* Release */,
			);
			defaultConfigurationIsVisible = 0;
			defaultConfigurationName = Release;
		};
		F4DBE8AE1C9547EA009B8FBC /* Build configuration list for PBXNativeTarget "NetTimeTests" */ = {
			isa = XCConfigurationList;
			buildConfigurations = (
				F4DBE8AF1C9547EA009B8FBC /* Debug */,
				F4DBE8B01C9547EA009B8FBC /* Release */,
			);
			defaultConfigurationIsVisible = 0;
			defaultConfigurationName = Release;
		};
		F4DBE8D91C95562F009B8FBC /* Build configuration list for PBXNativeTarget "NetTimeWatch Extension" */ = {
			isa = XCConfigurationList;
			buildConfigurations = (
				F4DBE8DA1C95562F009B8FBC /* Debug */,
				F4DBE8DB1C95562F009B8FBC /* Release */,
			);
			defaultConfigurationIsVisible = 0;
			defaultConfigurationName = Release;
		};
		F4DBE8DD1C95562F009B8FBC /* Build configuration list for PBXNativeTarget "NetTimeWatch" */ = {
			isa = XCConfigurationList;
			buildConfigurations = (
				F4DBE8DE1C95562F009B8FBC /* Debug */,
				F4DBE8DF1C95562F009B8FBC /* Release */,
			);
			defaultConfigurationIsVisible = 0;
			defaultConfigurationName = Release;
		};
		F4DBE8F91C95BC58009B8FBC /* Build configuration list for PBXNativeTarget "TodayExtension" */ = {
			isa = XCConfigurationList;
			buildConfigurations = (
				F4DBE8F71C95BC58009B8FBC /* Debug */,
				F4DBE8F81C95BC58009B8FBC /* Release */,
			);
			defaultConfigurationIsVisible = 0;
			defaultConfigurationName = Release;
		};
/* End XCConfigurationList section */
	};
	rootObject = F4DBE8861C9547EA009B8FBC /* Project object */;
}
