<?xml version="1.0" encoding="UTF-8"?>
<!DOCTYPE plist PUBLIC "-//Apple//DTD PLIST 1.0//EN" "http://www.apple.com/DTDs/PropertyList-1.0.dtd">
<plist version="1.0">
<dict>
	<key>archiveVersion</key>
	<string>1</string>
	<key>classes</key>
	<dict/>
	<key>objectVersion</key>
	<string>46</string>
	<key>objects</key>
	<dict>
		<key>00B21E3F2493C3211356115F</key>
		<dict>
			<key>includeInIndex</key>
			<string>1</string>
			<key>isa</key>
			<string>PBXFileReference</string>
			<key>lastKnownFileType</key>
			<string>text.xcconfig</string>
			<key>name</key>
			<string>Pods-NetTime.debug.xcconfig</string>
			<key>path</key>
			<string>Pods/Target Support Files/Pods-NetTime/Pods-NetTime.debug.xcconfig</string>
			<key>sourceTree</key>
			<string>&lt;group&gt;</string>
		</dict>
		<key>0A12EF285058AA4FCCD48930</key>
		<dict>
			<key>includeInIndex</key>
			<string>1</string>
			<key>isa</key>
			<string>PBXFileReference</string>
			<key>lastKnownFileType</key>
			<string>text.xcconfig</string>
			<key>name</key>
			<string>Pods-NetTimeTests.debug.xcconfig</string>
			<key>path</key>
			<string>Pods/Target Support Files/Pods-NetTimeTests/Pods-NetTimeTests.debug.xcconfig</string>
			<key>sourceTree</key>
			<string>&lt;group&gt;</string>
		</dict>
		<key>1338121F541CA52BAD96F6FF</key>
		<dict>
			<key>explicitFileType</key>
			<string>wrapper.framework</string>
			<key>includeInIndex</key>
			<string>0</string>
			<key>isa</key>
			<string>PBXFileReference</string>
			<key>path</key>
			<string>Pods_TodayExtension.framework</string>
			<key>sourceTree</key>
			<string>BUILT_PRODUCTS_DIR</string>
		</dict>
		<key>1754EF45931159C31DCD79C0</key>
		<dict>
			<key>fileRef</key>
			<string>BA1E100912FA26E850CF3F64</string>
			<key>isa</key>
			<string>PBXBuildFile</string>
		</dict>
		<key>19C3C2DB38D9EE6E020E11EB</key>
		<dict>
			<key>buildActionMask</key>
			<string>2147483647</string>
			<key>files</key>
			<array/>
			<key>inputPaths</key>
			<array/>
			<key>isa</key>
			<string>PBXShellScriptBuildPhase</string>
			<key>name</key>
			<string>Check Pods Manifest.lock</string>
			<key>outputPaths</key>
			<array/>
			<key>runOnlyForDeploymentPostprocessing</key>
			<string>0</string>
			<key>shellPath</key>
			<string>/bin/sh</string>
			<key>shellScript</key>
			<string>diff "${PODS_ROOT}/../Podfile.lock" "${PODS_ROOT}/Manifest.lock" &gt; /dev/null
if [[ $? != 0 ]] ; then
    cat &lt;&lt; EOM
error: The sandbox is not in sync with the Podfile.lock. Run 'pod install' or update your CocoaPods installation.
EOM
    exit 1
fi
</string>
			<key>showEnvVarsInLog</key>
			<string>0</string>
		</dict>
		<key>19D1E18DB9362B0FBDAC09B8</key>
		<dict>
			<key>includeInIndex</key>
			<string>1</string>
			<key>isa</key>
			<string>PBXFileReference</string>
			<key>lastKnownFileType</key>
			<string>text.xcconfig</string>
			<key>name</key>
			<string>Pods-TodayExtension.debug.xcconfig</string>
			<key>path</key>
			<string>Pods/Target Support Files/Pods-TodayExtension/Pods-TodayExtension.debug.xcconfig</string>
			<key>sourceTree</key>
			<string>&lt;group&gt;</string>
		</dict>
		<key>1DD5264C4F8222C450742FB6</key>
		<dict>
			<key>includeInIndex</key>
			<string>1</string>
			<key>isa</key>
			<string>PBXFileReference</string>
			<key>lastKnownFileType</key>
			<string>text.xcconfig</string>
			<key>name</key>
			<string>Pods-TodayExtension.release.xcconfig</string>
			<key>path</key>
			<string>Pods/Target Support Files/Pods-TodayExtension/Pods-TodayExtension.release.xcconfig</string>
			<key>sourceTree</key>
			<string>&lt;group&gt;</string>
		</dict>
		<key>20F0FD47D3F4D3B76AA0E753</key>
		<dict>
			<key>fileRef</key>
			<string>CEB6B8BA97DA2A5E4586B1DB</string>
			<key>isa</key>
			<string>PBXBuildFile</string>
		</dict>
		<key>24B983F892AF3C92A6DCC93C</key>
		<dict>
			<key>includeInIndex</key>
			<string>1</string>
			<key>isa</key>
			<string>PBXFileReference</string>
			<key>lastKnownFileType</key>
			<string>text.xcconfig</string>
			<key>name</key>
			<string>Pods-NetTimeWatch Extension.debug.xcconfig</string>
			<key>path</key>
			<string>Pods/Target Support Files/Pods-NetTimeWatch Extension/Pods-NetTimeWatch Extension.debug.xcconfig</string>
			<key>sourceTree</key>
			<string>&lt;group&gt;</string>
		</dict>
		<key>25E4FB424F9B202F18AADEBB</key>
		<dict>
			<key>buildActionMask</key>
			<string>2147483647</string>
			<key>files</key>
			<array/>
			<key>inputPaths</key>
			<array/>
			<key>isa</key>
			<string>PBXShellScriptBuildPhase</string>
			<key>name</key>
			<string>Check Pods Manifest.lock</string>
			<key>outputPaths</key>
			<array/>
			<key>runOnlyForDeploymentPostprocessing</key>
			<string>0</string>
			<key>shellPath</key>
			<string>/bin/sh</string>
			<key>shellScript</key>
			<string>diff "${PODS_ROOT}/../Podfile.lock" "${PODS_ROOT}/Manifest.lock" &gt; /dev/null
if [[ $? != 0 ]] ; then
    cat &lt;&lt; EOM
error: The sandbox is not in sync with the Podfile.lock. Run 'pod install' or update your CocoaPods installation.
EOM
    exit 1
fi
</string>
			<key>showEnvVarsInLog</key>
			<string>0</string>
		</dict>
		<key>2C3721DBE7382BB2A4C2CC64</key>
		<dict>
			<key>buildActionMask</key>
			<string>2147483647</string>
			<key>files</key>
			<array/>
			<key>inputPaths</key>
			<array/>
			<key>isa</key>
			<string>PBXShellScriptBuildPhase</string>
			<key>name</key>
			<string>Copy Pods Resources</string>
			<key>outputPaths</key>
			<array/>
			<key>runOnlyForDeploymentPostprocessing</key>
			<string>0</string>
			<key>shellPath</key>
			<string>/bin/sh</string>
			<key>shellScript</key>
			<string>"${SRCROOT}/Pods/Target Support Files/Pods-NetTime/Pods-NetTime-resources.sh"
</string>
			<key>showEnvVarsInLog</key>
			<string>0</string>
		</dict>
		<key>2E044808A8738524C439B455</key>
		<dict>
			<key>buildActionMask</key>
			<string>2147483647</string>
			<key>files</key>
			<array/>
			<key>inputPaths</key>
			<array/>
			<key>isa</key>
			<string>PBXShellScriptBuildPhase</string>
			<key>name</key>
			<string>Copy Pods Resources</string>
			<key>outputPaths</key>
			<array/>
			<key>runOnlyForDeploymentPostprocessing</key>
			<string>0</string>
			<key>shellPath</key>
			<string>/bin/sh</string>
			<key>shellScript</key>
			<string>"${SRCROOT}/Pods/Target Support Files/Pods-NetTimeTests/Pods-NetTimeTests-resources.sh"
</string>
			<key>showEnvVarsInLog</key>
			<string>0</string>
		</dict>
		<key>41659B4E1C484B752EE4E7EF</key>
		<dict>
			<key>fileRef</key>
			<string>58FAEE2A83092324E86A5278</string>
			<key>isa</key>
			<string>PBXBuildFile</string>
		</dict>
		<key>5317FD316F8BEA692FB08E2D</key>
		<dict>
			<key>buildActionMask</key>
			<string>2147483647</string>
			<key>files</key>
			<array/>
			<key>inputPaths</key>
			<array/>
			<key>isa</key>
			<string>PBXShellScriptBuildPhase</string>
			<key>name</key>
			<string>Copy Pods Resources</string>
			<key>outputPaths</key>
			<array/>
			<key>runOnlyForDeploymentPostprocessing</key>
			<string>0</string>
			<key>shellPath</key>
			<string>/bin/sh</string>
			<key>shellScript</key>
			<string>"${SRCROOT}/Pods/Target Support Files/Pods-NetTimeUITests/Pods-NetTimeUITests-resources.sh"
</string>
			<key>showEnvVarsInLog</key>
			<string>0</string>
		</dict>
		<key>58FAEE2A83092324E86A5278</key>
		<dict>
			<key>explicitFileType</key>
			<string>wrapper.framework</string>
			<key>includeInIndex</key>
			<string>0</string>
			<key>isa</key>
			<string>PBXFileReference</string>
			<key>path</key>
			<string>Pods_NetTimeTests.framework</string>
			<key>sourceTree</key>
			<string>BUILT_PRODUCTS_DIR</string>
		</dict>
		<key>59152D17C4723AACA0E4106E</key>
		<dict>
			<key>buildActionMask</key>
			<string>2147483647</string>
			<key>files</key>
			<array/>
			<key>inputPaths</key>
			<array/>
			<key>isa</key>
			<string>PBXShellScriptBuildPhase</string>
			<key>name</key>
			<string>Embed Pods Frameworks</string>
			<key>outputPaths</key>
			<array/>
			<key>runOnlyForDeploymentPostprocessing</key>
			<string>0</string>
			<key>shellPath</key>
			<string>/bin/sh</string>
			<key>shellScript</key>
			<string>"${SRCROOT}/Pods/Target Support Files/Pods-NetTime/Pods-NetTime-frameworks.sh"
</string>
			<key>showEnvVarsInLog</key>
			<string>0</string>
		</dict>
		<key>5A8B4E17FD07DFD23EFF039B</key>
		<dict>
			<key>buildActionMask</key>
			<string>2147483647</string>
			<key>files</key>
			<array/>
			<key>inputPaths</key>
			<array/>
			<key>isa</key>
			<string>PBXShellScriptBuildPhase</string>
			<key>name</key>
			<string>Copy Pods Resources</string>
			<key>outputPaths</key>
			<array/>
			<key>runOnlyForDeploymentPostprocessing</key>
			<string>0</string>
			<key>shellPath</key>
			<string>/bin/sh</string>
			<key>shellScript</key>
			<string>"${SRCROOT}/Pods/Target Support Files/Pods-TodayExtension/Pods-TodayExtension-resources.sh"
</string>
			<key>showEnvVarsInLog</key>
			<string>0</string>
		</dict>
		<key>61709CD7899E330F4C190D78</key>
		<dict>
			<key>fileRef</key>
			<string>1338121F541CA52BAD96F6FF</string>
			<key>isa</key>
			<string>PBXBuildFile</string>
		</dict>
		<key>63184C54D1FFC7047281C01D</key>
		<dict>
			<key>includeInIndex</key>
			<string>1</string>
			<key>isa</key>
			<string>PBXFileReference</string>
			<key>lastKnownFileType</key>
			<string>text.xcconfig</string>
			<key>name</key>
			<string>Pods-NetTime.release.xcconfig</string>
			<key>path</key>
			<string>Pods/Target Support Files/Pods-NetTime/Pods-NetTime.release.xcconfig</string>
			<key>sourceTree</key>
			<string>&lt;group&gt;</string>
		</dict>
		<key>6DBD7250B629A70703AE8E22</key>
		<dict>
			<key>children</key>
			<array>
				<string>00B21E3F2493C3211356115F</string>
				<string>63184C54D1FFC7047281C01D</string>
				<string>0A12EF285058AA4FCCD48930</string>
				<string>F6F86821B37DD0920CE28281</string>
				<string>24B983F892AF3C92A6DCC93C</string>
				<string>98BFD209EB423280B3B0CA9E</string>
				<string>19D1E18DB9362B0FBDAC09B8</string>
				<string>1DD5264C4F8222C450742FB6</string>
				<string>A5A0DE4807CDD29BDE6EDDAF</string>
				<string>97103540E8469194014F3ED0</string>
			</array>
			<key>isa</key>
			<string>PBXGroup</string>
			<key>name</key>
			<string>Pods</string>
			<key>sourceTree</key>
			<string>&lt;group&gt;</string>
		</dict>
		<key>73A758F677253924D499C3C7</key>
		<dict>
			<key>buildActionMask</key>
			<string>2147483647</string>
			<key>files</key>
			<array/>
			<key>inputPaths</key>
			<array/>
			<key>isa</key>
			<string>PBXShellScriptBuildPhase</string>
			<key>name</key>
			<string>Embed Pods Frameworks</string>
			<key>outputPaths</key>
			<array/>
			<key>runOnlyForDeploymentPostprocessing</key>
			<string>0</string>
			<key>shellPath</key>
			<string>/bin/sh</string>
			<key>shellScript</key>
			<string>"${SRCROOT}/Pods/Target Support Files/Pods-TodayExtension/Pods-TodayExtension-frameworks.sh"
</string>
			<key>showEnvVarsInLog</key>
			<string>0</string>
		</dict>
		<key>7A03D5A9766123D01A60B579</key>
		<dict>
			<key>buildActionMask</key>
			<string>2147483647</string>
			<key>files</key>
			<array/>
			<key>inputPaths</key>
			<array/>
			<key>isa</key>
			<string>PBXShellScriptBuildPhase</string>
			<key>name</key>
			<string>Check Pods Manifest.lock</string>
			<key>outputPaths</key>
			<array/>
			<key>runOnlyForDeploymentPostprocessing</key>
			<string>0</string>
			<key>shellPath</key>
			<string>/bin/sh</string>
			<key>shellScript</key>
			<string>diff "${PODS_ROOT}/../Podfile.lock" "${PODS_ROOT}/Manifest.lock" &gt; /dev/null
if [[ $? != 0 ]] ; then
    cat &lt;&lt; EOM
error: The sandbox is not in sync with the Podfile.lock. Run 'pod install' or update your CocoaPods installation.
EOM
    exit 1
fi
</string>
			<key>showEnvVarsInLog</key>
			<string>0</string>
		</dict>
		<key>7B620DBA98ADF904D0E6D89F</key>
		<dict>
			<key>buildActionMask</key>
			<string>2147483647</string>
			<key>files</key>
			<array/>
			<key>inputPaths</key>
			<array/>
			<key>isa</key>
			<string>PBXShellScriptBuildPhase</string>
			<key>name</key>
			<string>Copy Pods Resources</string>
			<key>outputPaths</key>
			<array/>
			<key>runOnlyForDeploymentPostprocessing</key>
			<string>0</string>
			<key>shellPath</key>
			<string>/bin/sh</string>
			<key>shellScript</key>
			<string>"${SRCROOT}/Pods/Target Support Files/Pods-NetTimeWatch Extension/Pods-NetTimeWatch Extension-resources.sh"
</string>
			<key>showEnvVarsInLog</key>
			<string>0</string>
		</dict>
		<key>822C86D117004024D39BC22F</key>
		<dict>
			<key>buildActionMask</key>
			<string>2147483647</string>
			<key>files</key>
			<array/>
			<key>inputPaths</key>
			<array/>
			<key>isa</key>
			<string>PBXShellScriptBuildPhase</string>
			<key>name</key>
			<string>Embed Pods Frameworks</string>
			<key>outputPaths</key>
			<array/>
			<key>runOnlyForDeploymentPostprocessing</key>
			<string>0</string>
			<key>shellPath</key>
			<string>/bin/sh</string>
			<key>shellScript</key>
			<string>"${SRCROOT}/Pods/Target Support Files/Pods-NetTimeWatch Extension/Pods-NetTimeWatch Extension-frameworks.sh"
</string>
			<key>showEnvVarsInLog</key>
			<string>0</string>
		</dict>
		<key>97103540E8469194014F3ED0</key>
		<dict>
			<key>includeInIndex</key>
			<string>1</string>
			<key>isa</key>
			<string>PBXFileReference</string>
			<key>lastKnownFileType</key>
			<string>text.xcconfig</string>
			<key>name</key>
			<string>Pods-NetTimeUITests.release.xcconfig</string>
			<key>path</key>
			<string>Pods/Target Support Files/Pods-NetTimeUITests/Pods-NetTimeUITests.release.xcconfig</string>
			<key>sourceTree</key>
			<string>&lt;group&gt;</string>
		</dict>
		<key>98BFD209EB423280B3B0CA9E</key>
		<dict>
			<key>includeInIndex</key>
			<string>1</string>
			<key>isa</key>
			<string>PBXFileReference</string>
			<key>lastKnownFileType</key>
			<string>text.xcconfig</string>
			<key>name</key>
			<string>Pods-NetTimeWatch Extension.release.xcconfig</string>
			<key>path</key>
			<string>Pods/Target Support Files/Pods-NetTimeWatch Extension/Pods-NetTimeWatch Extension.release.xcconfig</string>
			<key>sourceTree</key>
			<string>&lt;group&gt;</string>
		</dict>
		<key>A5A0DE4807CDD29BDE6EDDAF</key>
		<dict>
			<key>includeInIndex</key>
			<string>1</string>
			<key>isa</key>
			<string>PBXFileReference</string>
			<key>lastKnownFileType</key>
			<string>text.xcconfig</string>
			<key>name</key>
			<string>Pods-NetTimeUITests.debug.xcconfig</string>
			<key>path</key>
			<string>Pods/Target Support Files/Pods-NetTimeUITests/Pods-NetTimeUITests.debug.xcconfig</string>
			<key>sourceTree</key>
			<string>&lt;group&gt;</string>
		</dict>
		<key>A5B34C6CAC059C5D7243FEC4</key>
		<dict>
			<key>buildActionMask</key>
			<string>2147483647</string>
			<key>files</key>
			<array/>
			<key>inputPaths</key>
			<array/>
			<key>isa</key>
			<string>PBXShellScriptBuildPhase</string>
			<key>name</key>
			<string>Embed Pods Frameworks</string>
			<key>outputPaths</key>
			<array/>
			<key>runOnlyForDeploymentPostprocessing</key>
			<string>0</string>
			<key>shellPath</key>
			<string>/bin/sh</string>
			<key>shellScript</key>
			<string>"${SRCROOT}/Pods/Target Support Files/Pods-NetTimeTests/Pods-NetTimeTests-frameworks.sh"
</string>
			<key>showEnvVarsInLog</key>
			<string>0</string>
		</dict>
		<key>BA1E100912FA26E850CF3F64</key>
		<dict>
			<key>explicitFileType</key>
			<string>wrapper.framework</string>
			<key>includeInIndex</key>
			<string>0</string>
			<key>isa</key>
			<string>PBXFileReference</string>
			<key>path</key>
			<string>Pods_NetTimeWatch_Extension.framework</string>
			<key>sourceTree</key>
			<string>BUILT_PRODUCTS_DIR</string>
		</dict>
		<key>C02A659F1613E3427AF3A593</key>
		<dict>
			<key>buildActionMask</key>
			<string>2147483647</string>
			<key>files</key>
			<array/>
			<key>inputPaths</key>
			<array/>
			<key>isa</key>
			<string>PBXShellScriptBuildPhase</string>
			<key>name</key>
			<string>Check Pods Manifest.lock</string>
			<key>outputPaths</key>
			<array/>
			<key>runOnlyForDeploymentPostprocessing</key>
			<string>0</string>
			<key>shellPath</key>
			<string>/bin/sh</string>
			<key>shellScript</key>
			<string>diff "${PODS_ROOT}/../Podfile.lock" "${PODS_ROOT}/Manifest.lock" &gt; /dev/null
if [[ $? != 0 ]] ; then
    cat &lt;&lt; EOM
error: The sandbox is not in sync with the Podfile.lock. Run 'pod install' or update your CocoaPods installation.
EOM
    exit 1
fi
</string>
			<key>showEnvVarsInLog</key>
			<string>0</string>
		</dict>
		<key>CEB6B8BA97DA2A5E4586B1DB</key>
		<dict>
			<key>explicitFileType</key>
			<string>wrapper.framework</string>
			<key>includeInIndex</key>
			<string>0</string>
			<key>isa</key>
			<string>PBXFileReference</string>
			<key>path</key>
			<string>Pods_NetTime.framework</string>
			<key>sourceTree</key>
			<string>BUILT_PRODUCTS_DIR</string>
		</dict>
		<key>D58292A4349DAE8F52DD4B05</key>
		<dict>
			<key>explicitFileType</key>
			<string>wrapper.framework</string>
			<key>includeInIndex</key>
			<string>0</string>
			<key>isa</key>
			<string>PBXFileReference</string>
			<key>path</key>
			<string>Pods_NetTimeUITests.framework</string>
			<key>sourceTree</key>
			<string>BUILT_PRODUCTS_DIR</string>
		</dict>
		<key>E6C04CBD0CC4D170AD23B759</key>
		<dict>
			<key>children</key>
			<array>
				<string>CEB6B8BA97DA2A5E4586B1DB</string>
				<string>58FAEE2A83092324E86A5278</string>
				<string>BA1E100912FA26E850CF3F64</string>
				<string>F4DBE8EB1C95BC58009B8FBC</string>
				<string>1338121F541CA52BAD96F6FF</string>
				<string>D58292A4349DAE8F52DD4B05</string>
			</array>
			<key>isa</key>
			<string>PBXGroup</string>
			<key>name</key>
			<string>Frameworks</string>
			<key>sourceTree</key>
			<string>&lt;group&gt;</string>
		</dict>
		<key>E90BD9E837385F244ED30034</key>
		<dict>
			<key>buildActionMask</key>
			<string>2147483647</string>
			<key>files</key>
			<array/>
			<key>inputPaths</key>
			<array/>
			<key>isa</key>
			<string>PBXShellScriptBuildPhase</string>
			<key>name</key>
			<string>Check Pods Manifest.lock</string>
			<key>outputPaths</key>
			<array/>
			<key>runOnlyForDeploymentPostprocessing</key>
			<string>0</string>
			<key>shellPath</key>
			<string>/bin/sh</string>
			<key>shellScript</key>
			<string>diff "${PODS_ROOT}/../Podfile.lock" "${PODS_ROOT}/Manifest.lock" &gt; /dev/null
if [[ $? != 0 ]] ; then
    cat &lt;&lt; EOM
error: The sandbox is not in sync with the Podfile.lock. Run 'pod install' or update your CocoaPods installation.
EOM
    exit 1
fi
</string>
			<key>showEnvVarsInLog</key>
			<string>0</string>
		</dict>
		<key>F4247CE81CA3C1DA009E7957</key>
		<dict>
			<key>fileEncoding</key>
			<string>4</string>
			<key>isa</key>
			<string>PBXFileReference</string>
			<key>lastKnownFileType</key>
			<string>sourcecode.swift</string>
			<key>path</key>
			<string>NetTimeSnapshotter.swift</string>
			<key>sourceTree</key>
			<string>&lt;group&gt;</string>
		</dict>
		<key>F4247CE91CA3C1DA009E7957</key>
		<dict>
			<key>fileRef</key>
			<string>F4247CE81CA3C1DA009E7957</string>
			<key>isa</key>
			<string>PBXBuildFile</string>
		</dict>
		<key>F425CAE21C95FE9A000430F8</key>
		<dict>
			<key>fileEncoding</key>
			<string>4</string>
			<key>isa</key>
			<string>PBXFileReference</string>
			<key>lastKnownFileType</key>
			<string>sourcecode.swift</string>
			<key>path</key>
			<string>FontAwesomeTabBarItem.swift</string>
			<key>sourceTree</key>
			<string>&lt;group&gt;</string>
		</dict>
		<key>F425CAE31C95FE9A000430F8</key>
		<dict>
			<key>fileRef</key>
			<string>F425CAE21C95FE9A000430F8</string>
			<key>isa</key>
			<string>PBXBuildFile</string>
		</dict>
		<key>F429584B1CA11B6C003D9CAD</key>
		<dict>
			<key>fileEncoding</key>
			<string>4</string>
			<key>isa</key>
			<string>PBXFileReference</string>
			<key>lastKnownFileType</key>
			<string>sourcecode.swift</string>
			<key>path</key>
			<string>CLKComplicationServer+Reload.swift</string>
			<key>sourceTree</key>
			<string>&lt;group&gt;</string>
		</dict>
		<key>F429584C1CA11B6C003D9CAD</key>
		<dict>
			<key>fileRef</key>
			<string>F429584B1CA11B6C003D9CAD</string>
			<key>isa</key>
			<string>PBXBuildFile</string>
		</dict>
		<key>F46AEE561CA174F9005E6728</key>
		<dict>
			<key>buildActionMask</key>
			<string>2147483647</string>
			<key>files</key>
			<array>
				<string>F46AEE5D1CA174F9005E6728</string>
				<string>F46AEE651CA176D9005E6728</string>
				<string>F4247CE91CA3C1DA009E7957</string>
			</array>
			<key>isa</key>
			<string>PBXSourcesBuildPhase</string>
			<key>runOnlyForDeploymentPostprocessing</key>
			<string>0</string>
		</dict>
		<key>F46AEE571CA174F9005E6728</key>
		<dict>
			<key>buildActionMask</key>
			<string>2147483647</string>
			<key>files</key>
			<array>
				<string>FB50E7F90AB0984F4F05E8A9</string>
			</array>
			<key>isa</key>
			<string>PBXFrameworksBuildPhase</string>
			<key>runOnlyForDeploymentPostprocessing</key>
			<string>0</string>
		</dict>
		<key>F46AEE581CA174F9005E6728</key>
		<dict>
			<key>buildActionMask</key>
			<string>2147483647</string>
			<key>files</key>
			<array/>
			<key>isa</key>
			<string>PBXResourcesBuildPhase</string>
			<key>runOnlyForDeploymentPostprocessing</key>
			<string>0</string>
		</dict>
		<key>F46AEE591CA174F9005E6728</key>
		<dict>
			<key>buildConfigurationList</key>
			<string>F46AEE631CA174F9005E6728</string>
			<key>buildPhases</key>
			<array>
				<string>19C3C2DB38D9EE6E020E11EB</string>
				<string>F46AEE561CA174F9005E6728</string>
				<string>F46AEE571CA174F9005E6728</string>
				<string>F46AEE581CA174F9005E6728</string>
				<string>5317FD316F8BEA692FB08E2D</string>
			</array>
			<key>buildRules</key>
			<array/>
			<key>dependencies</key>
			<array>
				<string>F46AEE601CA174F9005E6728</string>
			</array>
			<key>isa</key>
			<string>PBXNativeTarget</string>
			<key>name</key>
			<string>NetTimeUITests</string>
			<key>productName</key>
			<string>NetTimeUITests</string>
			<key>productReference</key>
			<string>F46AEE5A1CA174F9005E6728</string>
			<key>productType</key>
			<string>com.apple.product-type.bundle.ui-testing</string>
		</dict>
		<key>F46AEE5A1CA174F9005E6728</key>
		<dict>
			<key>explicitFileType</key>
			<string>wrapper.cfbundle</string>
			<key>includeInIndex</key>
			<string>0</string>
			<key>isa</key>
			<string>PBXFileReference</string>
			<key>path</key>
			<string>NetTimeUITests.xctest</string>
			<key>sourceTree</key>
			<string>BUILT_PRODUCTS_DIR</string>
		</dict>
		<key>F46AEE5B1CA174F9005E6728</key>
		<dict>
			<key>children</key>
			<array>
				<string>F46AEE5C1CA174F9005E6728</string>
				<string>F46AEE641CA176D9005E6728</string>
				<string>F46AEE5E1CA174F9005E6728</string>
				<string>F4247CE81CA3C1DA009E7957</string>
			</array>
			<key>isa</key>
			<string>PBXGroup</string>
			<key>path</key>
			<string>NetTimeUITests</string>
			<key>sourceTree</key>
			<string>&lt;group&gt;</string>
		</dict>
		<key>F46AEE5C1CA174F9005E6728</key>
		<dict>
			<key>isa</key>
			<string>PBXFileReference</string>
			<key>lastKnownFileType</key>
			<string>sourcecode.swift</string>
			<key>path</key>
			<string>NetTimeUITests.swift</string>
			<key>sourceTree</key>
			<string>&lt;group&gt;</string>
		</dict>
		<key>F46AEE5D1CA174F9005E6728</key>
		<dict>
			<key>fileRef</key>
			<string>F46AEE5C1CA174F9005E6728</string>
			<key>isa</key>
			<string>PBXBuildFile</string>
		</dict>
		<key>F46AEE5E1CA174F9005E6728</key>
		<dict>
			<key>isa</key>
			<string>PBXFileReference</string>
			<key>lastKnownFileType</key>
			<string>text.plist.xml</string>
			<key>path</key>
			<string>Info.plist</string>
			<key>sourceTree</key>
			<string>&lt;group&gt;</string>
		</dict>
		<key>F46AEE5F1CA174F9005E6728</key>
		<dict>
			<key>containerPortal</key>
			<string>F4DBE8861C9547EA009B8FBC</string>
			<key>isa</key>
			<string>PBXContainerItemProxy</string>
			<key>proxyType</key>
			<string>1</string>
			<key>remoteGlobalIDString</key>
			<string>F4DBE88D1C9547EA009B8FBC</string>
			<key>remoteInfo</key>
			<string>NetTime</string>
		</dict>
		<key>F46AEE601CA174F9005E6728</key>
		<dict>
			<key>isa</key>
			<string>PBXTargetDependency</string>
			<key>target</key>
			<string>F4DBE88D1C9547EA009B8FBC</string>
			<key>targetProxy</key>
			<string>F46AEE5F1CA174F9005E6728</string>
		</dict>
		<key>F46AEE611CA174F9005E6728</key>
		<dict>
			<key>baseConfigurationReference</key>
			<string>A5A0DE4807CDD29BDE6EDDAF</string>
			<key>buildSettings</key>
			<dict>
				<key>CLANG_ANALYZER_NONNULL</key>
				<string>YES</string>
				<key>CODE_SIGN_IDENTITY[sdk=iphoneos*]</key>
				<string>iPhone Developer</string>
				<key>INFOPLIST_FILE</key>
				<string>NetTimeUITests/Info.plist</string>
				<key>IPHONEOS_DEPLOYMENT_TARGET</key>
				<string>9.3</string>
				<key>LD_RUNPATH_SEARCH_PATHS</key>
				<string>$(inherited) @executable_path/Frameworks @loader_path/Frameworks</string>
				<key>PRODUCT_BUNDLE_IDENTIFIER</key>
				<string>com.simonrice.NetTimeUITests</string>
				<key>PRODUCT_NAME</key>
				<string>$(TARGET_NAME)</string>
				<key>TEST_TARGET_NAME</key>
				<string>NetTime</string>
			</dict>
			<key>isa</key>
			<string>XCBuildConfiguration</string>
			<key>name</key>
			<string>Debug</string>
		</dict>
		<key>F46AEE621CA174F9005E6728</key>
		<dict>
			<key>baseConfigurationReference</key>
			<string>97103540E8469194014F3ED0</string>
			<key>buildSettings</key>
			<dict>
				<key>CLANG_ANALYZER_NONNULL</key>
				<string>YES</string>
				<key>INFOPLIST_FILE</key>
				<string>NetTimeUITests/Info.plist</string>
				<key>IPHONEOS_DEPLOYMENT_TARGET</key>
				<string>9.3</string>
				<key>LD_RUNPATH_SEARCH_PATHS</key>
				<string>$(inherited) @executable_path/Frameworks @loader_path/Frameworks</string>
				<key>PRODUCT_BUNDLE_IDENTIFIER</key>
				<string>com.simonrice.NetTimeUITests</string>
				<key>PRODUCT_NAME</key>
				<string>$(TARGET_NAME)</string>
				<key>TEST_TARGET_NAME</key>
				<string>NetTime</string>
			</dict>
			<key>isa</key>
			<string>XCBuildConfiguration</string>
			<key>name</key>
			<string>Release</string>
		</dict>
		<key>F46AEE631CA174F9005E6728</key>
		<dict>
			<key>buildConfigurations</key>
			<array>
				<string>F46AEE611CA174F9005E6728</string>
				<string>F46AEE621CA174F9005E6728</string>
			</array>
			<key>defaultConfigurationIsVisible</key>
			<string>0</string>
			<key>defaultConfigurationName</key>
			<string>Release</string>
			<key>isa</key>
			<string>XCConfigurationList</string>
		</dict>
		<key>F46AEE641CA176D9005E6728</key>
		<dict>
			<key>fileEncoding</key>
			<string>4</string>
			<key>isa</key>
			<string>PBXFileReference</string>
			<key>lastKnownFileType</key>
			<string>sourcecode.swift</string>
			<key>name</key>
			<string>SnapshotHelper.swift</string>
			<key>path</key>
			<string>fastlane/SnapshotHelper.swift</string>
			<key>sourceTree</key>
			<string>SOURCE_ROOT</string>
		</dict>
		<key>F46AEE651CA176D9005E6728</key>
		<dict>
			<key>fileRef</key>
			<string>F46AEE641CA176D9005E6728</string>
			<key>isa</key>
			<string>PBXBuildFile</string>
		</dict>
		<key>F4842F241C9609AA00AB1F38</key>
		<dict>
			<key>fileEncoding</key>
			<string>4</string>
			<key>isa</key>
			<string>PBXFileReference</string>
			<key>lastKnownFileType</key>
			<string>sourcecode.swift</string>
			<key>path</key>
			<string>CalculateViewController.swift</string>
			<key>sourceTree</key>
			<string>&lt;group&gt;</string>
		</dict>
		<key>F4842F251C9609AA00AB1F38</key>
		<dict>
			<key>fileRef</key>
			<string>F4842F241C9609AA00AB1F38</string>
			<key>isa</key>
			<string>PBXBuildFile</string>
		</dict>
		<key>F4DBE8851C9547EA009B8FBC</key>
		<dict>
			<key>children</key>
			<array>
				<string>F4DBE8B11C9549B3009B8FBC</string>
				<string>F4DBE8901C9547EA009B8FBC</string>
				<string>F4DBE8A51C9547EA009B8FBC</string>
				<string>F46AEE5B1CA174F9005E6728</string>
				<string>F4DBE8B71C95562F009B8FBC</string>
				<string>F4DBE8C61C95562F009B8FBC</string>
				<string>F4DBE8ED1C95BC58009B8FBC</string>
				<string>F4DBE88F1C9547EA009B8FBC</string>
				<string>6DBD7250B629A70703AE8E22</string>
				<string>E6C04CBD0CC4D170AD23B759</string>
			</array>
			<key>isa</key>
			<string>PBXGroup</string>
			<key>sourceTree</key>
			<string>&lt;group&gt;</string>
		</dict>
		<key>F4DBE8861C9547EA009B8FBC</key>
		<dict>
			<key>attributes</key>
			<dict>
				<key>LastSwiftUpdateCheck</key>
				<string>0730</string>
				<key>LastUpgradeCheck</key>
				<string>0720</string>
				<key>ORGANIZATIONNAME</key>
				<string>Simon Rice</string>
				<key>TargetAttributes</key>
				<dict>
					<key>F46AEE591CA174F9005E6728</key>
					<dict>
						<key>CreatedOnToolsVersion</key>
						<string>7.3</string>
						<key>TestTargetID</key>
						<string>F4DBE88D1C9547EA009B8FBC</string>
					</dict>
					<key>F4DBE88D1C9547EA009B8FBC</key>
					<dict>
						<key>CreatedOnToolsVersion</key>
						<string>7.2.1</string>
						<key>DevelopmentTeam</key>
						<string>DDY5VAFADG</string>
					</dict>
					<key>F4DBE8A11C9547EA009B8FBC</key>
					<dict>
						<key>CreatedOnToolsVersion</key>
						<string>7.2.1</string>
						<key>TestTargetID</key>
						<string>F4DBE88D1C9547EA009B8FBC</string>
					</dict>
					<key>F4DBE8B51C95562F009B8FBC</key>
					<dict>
						<key>CreatedOnToolsVersion</key>
						<string>7.2.1</string>
						<key>DevelopmentTeam</key>
						<string>DDY5VAFADG</string>
					</dict>
					<key>F4DBE8C11C95562F009B8FBC</key>
					<dict>
						<key>CreatedOnToolsVersion</key>
						<string>7.2.1</string>
						<key>DevelopmentTeam</key>
						<string>DDY5VAFADG</string>
					</dict>
					<key>F4DBE8E91C95BC58009B8FBC</key>
					<dict>
						<key>CreatedOnToolsVersion</key>
						<string>7.2.1</string>
						<key>DevelopmentTeam</key>
						<string>DDY5VAFADG</string>
					</dict>
				</dict>
			</dict>
			<key>buildConfigurationList</key>
			<string>F4DBE8891C9547EA009B8FBC</string>
			<key>compatibilityVersion</key>
			<string>Xcode 3.2</string>
			<key>developmentRegion</key>
			<string>English</string>
			<key>hasScannedForEncodings</key>
			<string>0</string>
			<key>isa</key>
			<string>PBXProject</string>
			<key>knownRegions</key>
			<array>
				<string>en</string>
				<string>Base</string>
			</array>
			<key>mainGroup</key>
			<string>F4DBE8851C9547EA009B8FBC</string>
			<key>productRefGroup</key>
			<string>F4DBE88F1C9547EA009B8FBC</string>
			<key>projectDirPath</key>
			<string></string>
			<key>projectReferences</key>
			<array/>
			<key>projectRoot</key>
			<string></string>
			<key>targets</key>
			<array>
				<string>F4DBE88D1C9547EA009B8FBC</string>
				<string>F4DBE8A11C9547EA009B8FBC</string>
				<string>F4DBE8B51C95562F009B8FBC</string>
				<string>F4DBE8C11C95562F009B8FBC</string>
				<string>F4DBE8E91C95BC58009B8FBC</string>
				<string>F46AEE591CA174F9005E6728</string>
			</array>
		</dict>
		<key>F4DBE8891C9547EA009B8FBC</key>
		<dict>
			<key>buildConfigurations</key>
			<array>
				<string>F4DBE8A91C9547EA009B8FBC</string>
				<string>F4DBE8AA1C9547EA009B8FBC</string>
			</array>
			<key>defaultConfigurationIsVisible</key>
			<string>0</string>
			<key>defaultConfigurationName</key>
			<string>Release</string>
			<key>isa</key>
			<string>XCConfigurationList</string>
		</dict>
		<key>F4DBE88A1C9547EA009B8FBC</key>
		<dict>
			<key>buildActionMask</key>
			<string>2147483647</string>
			<key>files</key>
			<array>
				<string>F4DBE8941C9547EA009B8FBC</string>
				<string>F425CAE31C95FE9A000430F8</string>
				<string>F4DBE8921C9547EA009B8FBC</string>
				<string>F4DBE8B31C9549C9009B8FBC</string>
				<string>F4DBE8E41C958613009B8FBC</string>
				<string>F4842F251C9609AA00AB1F38</string>
			</array>
			<key>isa</key>
			<string>PBXSourcesBuildPhase</string>
			<key>runOnlyForDeploymentPostprocessing</key>
			<string>0</string>
		</dict>
		<key>F4DBE88B1C9547EA009B8FBC</key>
		<dict>
			<key>buildActionMask</key>
			<string>2147483647</string>
			<key>files</key>
			<array>
				<string>20F0FD47D3F4D3B76AA0E753</string>
			</array>
			<key>isa</key>
			<string>PBXFrameworksBuildPhase</string>
			<key>runOnlyForDeploymentPostprocessing</key>
			<string>0</string>
		</dict>
		<key>F4DBE88C1C9547EA009B8FBC</key>
		<dict>
			<key>buildActionMask</key>
			<string>2147483647</string>
			<key>files</key>
			<array>
				<string>F4F51C031C97508F003B2853</string>
				<string>F4DBE89C1C9547EA009B8FBC</string>
				<string>F4DBE8991C9547EA009B8FBC</string>
				<string>F4DBE8971C9547EA009B8FBC</string>
			</array>
			<key>isa</key>
			<string>PBXResourcesBuildPhase</string>
			<key>runOnlyForDeploymentPostprocessing</key>
			<string>0</string>
		</dict>
		<key>F4DBE88D1C9547EA009B8FBC</key>
		<dict>
			<key>buildConfigurationList</key>
			<string>F4DBE8AB1C9547EA009B8FBC</string>
			<key>buildPhases</key>
			<array>
				<string>25E4FB424F9B202F18AADEBB</string>
				<string>F4DBE88A1C9547EA009B8FBC</string>
				<string>F4DBE88B1C9547EA009B8FBC</string>
				<string>F4F51C061C97514D003B2853</string>
				<string>F4DBE88C1C9547EA009B8FBC</string>
				<string>59152D17C4723AACA0E4106E</string>
				<string>2C3721DBE7382BB2A4C2CC64</string>
				<string>F4DBE8E01C95562F009B8FBC</string>
				<string>F4DBE8FA1C95BC58009B8FBC</string>
				<string>F4DBE8FD1C95D633009B8FBC</string>
			</array>
			<key>buildRules</key>
			<array/>
			<key>dependencies</key>
			<array>
				<string>F4DBE8D71C95562F009B8FBC</string>
				<string>F4DBE8F51C95BC58009B8FBC</string>
			</array>
			<key>isa</key>
			<string>PBXNativeTarget</string>
			<key>name</key>
			<string>NetTime</string>
			<key>productName</key>
			<string>NetTime</string>
			<key>productReference</key>
			<string>F4DBE88E1C9547EA009B8FBC</string>
			<key>productType</key>
			<string>com.apple.product-type.application</string>
		</dict>
		<key>F4DBE88E1C9547EA009B8FBC</key>
		<dict>
			<key>explicitFileType</key>
			<string>wrapper.application</string>
			<key>includeInIndex</key>
			<string>0</string>
			<key>isa</key>
			<string>PBXFileReference</string>
			<key>path</key>
			<string>NetTime.app</string>
			<key>sourceTree</key>
			<string>BUILT_PRODUCTS_DIR</string>
		</dict>
		<key>F4DBE88F1C9547EA009B8FBC</key>
		<dict>
			<key>children</key>
			<array>
				<string>F4DBE88E1C9547EA009B8FBC</string>
				<string>F4DBE8A21C9547EA009B8FBC</string>
				<string>F4DBE8B61C95562F009B8FBC</string>
				<string>F4DBE8C21C95562F009B8FBC</string>
				<string>F4DBE8EA1C95BC58009B8FBC</string>
				<string>F46AEE5A1CA174F9005E6728</string>
			</array>
			<key>isa</key>
			<string>PBXGroup</string>
			<key>name</key>
			<string>Products</string>
			<key>sourceTree</key>
			<string>&lt;group&gt;</string>
		</dict>
		<key>F4DBE8901C9547EA009B8FBC</key>
		<dict>
			<key>children</key>
			<array>
				<string>F4DBE8911C9547EA009B8FBC</string>
				<string>F4842F241C9609AA00AB1F38</string>
				<string>F425CAE21C95FE9A000430F8</string>
				<string>F4DBE8931C9547EA009B8FBC</string>
				<string>F4DBE8951C9547EA009B8FBC</string>
				<string>F4DBE8981C9547EA009B8FBC</string>
				<string>F4DBE89A1C9547EA009B8FBC</string>
				<string>F4DBE89D1C9547EA009B8FBC</string>
				<string>F4DBE9011C95D886009B8FBC</string>
			</array>
			<key>isa</key>
			<string>PBXGroup</string>
			<key>path</key>
			<string>NetTime</string>
			<key>sourceTree</key>
			<string>&lt;group&gt;</string>
		</dict>
		<key>F4DBE8911C9547EA009B8FBC</key>
		<dict>
			<key>isa</key>
			<string>PBXFileReference</string>
			<key>lastKnownFileType</key>
			<string>sourcecode.swift</string>
			<key>path</key>
			<string>AppDelegate.swift</string>
			<key>sourceTree</key>
			<string>&lt;group&gt;</string>
		</dict>
		<key>F4DBE8921C9547EA009B8FBC</key>
		<dict>
			<key>fileRef</key>
			<string>F4DBE8911C9547EA009B8FBC</string>
			<key>isa</key>
			<string>PBXBuildFile</string>
		</dict>
		<key>F4DBE8931C9547EA009B8FBC</key>
		<dict>
			<key>isa</key>
			<string>PBXFileReference</string>
			<key>lastKnownFileType</key>
			<string>sourcecode.swift</string>
			<key>path</key>
			<string>NowViewController.swift</string>
			<key>sourceTree</key>
			<string>&lt;group&gt;</string>
		</dict>
		<key>F4DBE8941C9547EA009B8FBC</key>
		<dict>
			<key>fileRef</key>
			<string>F4DBE8931C9547EA009B8FBC</string>
			<key>isa</key>
			<string>PBXBuildFile</string>
		</dict>
		<key>F4DBE8951C9547EA009B8FBC</key>
		<dict>
			<key>children</key>
			<array>
				<string>F4DBE8961C9547EA009B8FBC</string>
			</array>
			<key>isa</key>
			<string>PBXVariantGroup</string>
			<key>name</key>
			<string>Main.storyboard</string>
			<key>sourceTree</key>
			<string>&lt;group&gt;</string>
		</dict>
		<key>F4DBE8961C9547EA009B8FBC</key>
		<dict>
			<key>isa</key>
			<string>PBXFileReference</string>
			<key>lastKnownFileType</key>
			<string>file.storyboard</string>
			<key>name</key>
			<string>Base</string>
			<key>path</key>
			<string>Base.lproj/Main.storyboard</string>
			<key>sourceTree</key>
			<string>&lt;group&gt;</string>
		</dict>
		<key>F4DBE8971C9547EA009B8FBC</key>
		<dict>
			<key>fileRef</key>
			<string>F4DBE8951C9547EA009B8FBC</string>
			<key>isa</key>
			<string>PBXBuildFile</string>
		</dict>
		<key>F4DBE8981C9547EA009B8FBC</key>
		<dict>
			<key>isa</key>
			<string>PBXFileReference</string>
			<key>lastKnownFileType</key>
			<string>folder.assetcatalog</string>
			<key>path</key>
			<string>Assets.xcassets</string>
			<key>sourceTree</key>
			<string>&lt;group&gt;</string>
		</dict>
		<key>F4DBE8991C9547EA009B8FBC</key>
		<dict>
			<key>fileRef</key>
			<string>F4DBE8981C9547EA009B8FBC</string>
			<key>isa</key>
			<string>PBXBuildFile</string>
		</dict>
		<key>F4DBE89A1C9547EA009B8FBC</key>
		<dict>
			<key>children</key>
			<array>
				<string>F4DBE89B1C9547EA009B8FBC</string>
			</array>
			<key>isa</key>
			<string>PBXVariantGroup</string>
			<key>name</key>
			<string>LaunchScreen.storyboard</string>
			<key>sourceTree</key>
			<string>&lt;group&gt;</string>
		</dict>
		<key>F4DBE89B1C9547EA009B8FBC</key>
		<dict>
			<key>isa</key>
			<string>PBXFileReference</string>
			<key>lastKnownFileType</key>
			<string>file.storyboard</string>
			<key>name</key>
			<string>Base</string>
			<key>path</key>
			<string>Base.lproj/LaunchScreen.storyboard</string>
			<key>sourceTree</key>
			<string>&lt;group&gt;</string>
		</dict>
		<key>F4DBE89C1C9547EA009B8FBC</key>
		<dict>
			<key>fileRef</key>
			<string>F4DBE89A1C9547EA009B8FBC</string>
			<key>isa</key>
			<string>PBXBuildFile</string>
		</dict>
		<key>F4DBE89D1C9547EA009B8FBC</key>
		<dict>
			<key>isa</key>
			<string>PBXFileReference</string>
			<key>lastKnownFileType</key>
			<string>text.plist.xml</string>
			<key>path</key>
			<string>Info.plist</string>
			<key>sourceTree</key>
			<string>&lt;group&gt;</string>
		</dict>
		<key>F4DBE89E1C9547EA009B8FBC</key>
		<dict>
			<key>buildActionMask</key>
			<string>2147483647</string>
			<key>files</key>
			<array>
				<string>F4DBE8E21C955641009B8FBC</string>
				<string>F4DBE8A71C9547EA009B8FBC</string>
			</array>
			<key>isa</key>
			<string>PBXSourcesBuildPhase</string>
			<key>runOnlyForDeploymentPostprocessing</key>
			<string>0</string>
		</dict>
		<key>F4DBE89F1C9547EA009B8FBC</key>
		<dict>
			<key>buildActionMask</key>
			<string>2147483647</string>
			<key>files</key>
			<array>
				<string>41659B4E1C484B752EE4E7EF</string>
			</array>
			<key>isa</key>
			<string>PBXFrameworksBuildPhase</string>
			<key>runOnlyForDeploymentPostprocessing</key>
			<string>0</string>
		</dict>
		<key>F4DBE8A01C9547EA009B8FBC</key>
		<dict>
			<key>buildActionMask</key>
			<string>2147483647</string>
			<key>files</key>
			<array/>
			<key>isa</key>
			<string>PBXResourcesBuildPhase</string>
			<key>runOnlyForDeploymentPostprocessing</key>
			<string>0</string>
		</dict>
		<key>F4DBE8A11C9547EA009B8FBC</key>
		<dict>
			<key>buildConfigurationList</key>
			<string>F4DBE8AE1C9547EA009B8FBC</string>
			<key>buildPhases</key>
			<array>
				<string>7A03D5A9766123D01A60B579</string>
				<string>F4DBE89E1C9547EA009B8FBC</string>
				<string>F4DBE89F1C9547EA009B8FBC</string>
				<string>F4DBE8A01C9547EA009B8FBC</string>
				<string>A5B34C6CAC059C5D7243FEC4</string>
				<string>2E044808A8738524C439B455</string>
			</array>
			<key>buildRules</key>
			<array/>
			<key>dependencies</key>
			<array>
				<string>F4DBE8A41C9547EA009B8FBC</string>
			</array>
			<key>isa</key>
			<string>PBXNativeTarget</string>
			<key>name</key>
			<string>NetTimeTests</string>
			<key>productName</key>
			<string>NetTimeTests</string>
			<key>productReference</key>
			<string>F4DBE8A21C9547EA009B8FBC</string>
			<key>productType</key>
			<string>com.apple.product-type.bundle.unit-test</string>
		</dict>
		<key>F4DBE8A21C9547EA009B8FBC</key>
		<dict>
			<key>explicitFileType</key>
			<string>wrapper.cfbundle</string>
			<key>includeInIndex</key>
			<string>0</string>
			<key>isa</key>
			<string>PBXFileReference</string>
			<key>path</key>
			<string>NetTimeTests.xctest</string>
			<key>sourceTree</key>
			<string>BUILT_PRODUCTS_DIR</string>
		</dict>
		<key>F4DBE8A31C9547EA009B8FBC</key>
		<dict>
			<key>containerPortal</key>
			<string>F4DBE8861C9547EA009B8FBC</string>
			<key>isa</key>
			<string>PBXContainerItemProxy</string>
			<key>proxyType</key>
			<string>1</string>
			<key>remoteGlobalIDString</key>
			<string>F4DBE88D1C9547EA009B8FBC</string>
			<key>remoteInfo</key>
			<string>NetTime</string>
		</dict>
		<key>F4DBE8A41C9547EA009B8FBC</key>
		<dict>
			<key>isa</key>
			<string>PBXTargetDependency</string>
			<key>target</key>
			<string>F4DBE88D1C9547EA009B8FBC</string>
			<key>targetProxy</key>
			<string>F4DBE8A31C9547EA009B8FBC</string>
		</dict>
		<key>F4DBE8A51C9547EA009B8FBC</key>
		<dict>
			<key>children</key>
			<array>
				<string>F4DBE8A61C9547EA009B8FBC</string>
				<string>F4DBE8A81C9547EA009B8FBC</string>
			</array>
			<key>isa</key>
			<string>PBXGroup</string>
			<key>path</key>
			<string>NetTimeTests</string>
			<key>sourceTree</key>
			<string>&lt;group&gt;</string>
		</dict>
		<key>F4DBE8A61C9547EA009B8FBC</key>
		<dict>
			<key>isa</key>
			<string>PBXFileReference</string>
			<key>lastKnownFileType</key>
			<string>sourcecode.swift</string>
			<key>path</key>
			<string>NetTimeTests.swift</string>
			<key>sourceTree</key>
			<string>&lt;group&gt;</string>
		</dict>
		<key>F4DBE8A71C9547EA009B8FBC</key>
		<dict>
			<key>fileRef</key>
			<string>F4DBE8A61C9547EA009B8FBC</string>
			<key>isa</key>
			<string>PBXBuildFile</string>
		</dict>
		<key>F4DBE8A81C9547EA009B8FBC</key>
		<dict>
			<key>isa</key>
			<string>PBXFileReference</string>
			<key>lastKnownFileType</key>
			<string>text.plist.xml</string>
			<key>path</key>
			<string>Info.plist</string>
			<key>sourceTree</key>
			<string>&lt;group&gt;</string>
		</dict>
		<key>F4DBE8A91C9547EA009B8FBC</key>
		<dict>
			<key>buildSettings</key>
			<dict>
				<key>ALWAYS_SEARCH_USER_PATHS</key>
				<string>NO</string>
				<key>CLANG_CXX_LANGUAGE_STANDARD</key>
				<string>gnu++0x</string>
				<key>CLANG_CXX_LIBRARY</key>
				<string>libc++</string>
				<key>CLANG_ENABLE_MODULES</key>
				<string>YES</string>
				<key>CLANG_ENABLE_OBJC_ARC</key>
				<string>YES</string>
				<key>CLANG_WARN_BOOL_CONVERSION</key>
				<string>YES</string>
				<key>CLANG_WARN_CONSTANT_CONVERSION</key>
				<string>YES</string>
				<key>CLANG_WARN_DIRECT_OBJC_ISA_USAGE</key>
				<string>YES_ERROR</string>
				<key>CLANG_WARN_EMPTY_BODY</key>
				<string>YES</string>
				<key>CLANG_WARN_ENUM_CONVERSION</key>
				<string>YES</string>
				<key>CLANG_WARN_INT_CONVERSION</key>
				<string>YES</string>
				<key>CLANG_WARN_OBJC_ROOT_CLASS</key>
				<string>YES_ERROR</string>
				<key>CLANG_WARN_UNREACHABLE_CODE</key>
				<string>YES</string>
				<key>CLANG_WARN__DUPLICATE_METHOD_MATCH</key>
				<string>YES</string>
				<key>CODE_SIGN_IDENTITY</key>
				<string>iPhone Developer</string>
				<key>COPY_PHASE_STRIP</key>
				<string>NO</string>
				<key>DEBUG_INFORMATION_FORMAT</key>
				<string>dwarf</string>
				<key>ENABLE_STRICT_OBJC_MSGSEND</key>
				<string>YES</string>
				<key>ENABLE_TESTABILITY</key>
				<string>YES</string>
				<key>GCC_C_LANGUAGE_STANDARD</key>
				<string>gnu99</string>
				<key>GCC_DYNAMIC_NO_PIC</key>
				<string>NO</string>
				<key>GCC_NO_COMMON_BLOCKS</key>
				<string>YES</string>
				<key>GCC_OPTIMIZATION_LEVEL</key>
				<string>0</string>
				<key>GCC_PREPROCESSOR_DEFINITIONS</key>
				<array>
					<string>DEBUG=1</string>
					<string>$(inherited)</string>
				</array>
				<key>GCC_WARN_64_TO_32_BIT_CONVERSION</key>
				<string>YES</string>
				<key>GCC_WARN_ABOUT_RETURN_TYPE</key>
				<string>YES_ERROR</string>
				<key>GCC_WARN_UNDECLARED_SELECTOR</key>
				<string>YES</string>
				<key>GCC_WARN_UNINITIALIZED_AUTOS</key>
				<string>YES_AGGRESSIVE</string>
				<key>GCC_WARN_UNUSED_FUNCTION</key>
				<string>YES</string>
				<key>GCC_WARN_UNUSED_VARIABLE</key>
				<string>YES</string>
				<key>IPHONEOS_DEPLOYMENT_TARGET</key>
				<string>9.2</string>
				<key>MTL_ENABLE_DEBUG_INFO</key>
				<string>YES</string>
				<key>ONLY_ACTIVE_ARCH</key>
				<string>YES</string>
				<key>PROVISIONING_PROFILE</key>
				<string>$(sigh_com.simonrice.NetTime_development)</string>
				<key>SDKROOT</key>
				<string>iphoneos</string>
				<key>SWIFT_OPTIMIZATION_LEVEL</key>
				<string>-Onone</string>
				<key>TARGETED_DEVICE_FAMILY</key>
				<string>1,2</string>
			</dict>
			<key>isa</key>
			<string>XCBuildConfiguration</string>
			<key>name</key>
			<string>Debug</string>
		</dict>
		<key>F4DBE8AA1C9547EA009B8FBC</key>
		<dict>
			<key>buildSettings</key>
			<dict>
				<key>ALWAYS_SEARCH_USER_PATHS</key>
				<string>NO</string>
				<key>CLANG_CXX_LANGUAGE_STANDARD</key>
				<string>gnu++0x</string>
				<key>CLANG_CXX_LIBRARY</key>
				<string>libc++</string>
				<key>CLANG_ENABLE_MODULES</key>
				<string>YES</string>
				<key>CLANG_ENABLE_OBJC_ARC</key>
				<string>YES</string>
				<key>CLANG_WARN_BOOL_CONVERSION</key>
				<string>YES</string>
				<key>CLANG_WARN_CONSTANT_CONVERSION</key>
				<string>YES</string>
				<key>CLANG_WARN_DIRECT_OBJC_ISA_USAGE</key>
				<string>YES_ERROR</string>
				<key>CLANG_WARN_EMPTY_BODY</key>
				<string>YES</string>
				<key>CLANG_WARN_ENUM_CONVERSION</key>
				<string>YES</string>
				<key>CLANG_WARN_INT_CONVERSION</key>
				<string>YES</string>
				<key>CLANG_WARN_OBJC_ROOT_CLASS</key>
				<string>YES_ERROR</string>
				<key>CLANG_WARN_UNREACHABLE_CODE</key>
				<string>YES</string>
				<key>CLANG_WARN__DUPLICATE_METHOD_MATCH</key>
				<string>YES</string>
				<key>CODE_SIGN_IDENTITY[sdk=iphoneos*]</key>
				<string>iPhone Developer</string>
				<key>COPY_PHASE_STRIP</key>
				<string>NO</string>
				<key>DEBUG_INFORMATION_FORMAT</key>
				<string>dwarf-with-dsym</string>
				<key>ENABLE_NS_ASSERTIONS</key>
				<string>NO</string>
				<key>ENABLE_STRICT_OBJC_MSGSEND</key>
				<string>YES</string>
				<key>GCC_C_LANGUAGE_STANDARD</key>
				<string>gnu99</string>
				<key>GCC_NO_COMMON_BLOCKS</key>
				<string>YES</string>
				<key>GCC_WARN_64_TO_32_BIT_CONVERSION</key>
				<string>YES</string>
				<key>GCC_WARN_ABOUT_RETURN_TYPE</key>
				<string>YES_ERROR</string>
				<key>GCC_WARN_UNDECLARED_SELECTOR</key>
				<string>YES</string>
				<key>GCC_WARN_UNINITIALIZED_AUTOS</key>
				<string>YES_AGGRESSIVE</string>
				<key>GCC_WARN_UNUSED_FUNCTION</key>
				<string>YES</string>
				<key>GCC_WARN_UNUSED_VARIABLE</key>
				<string>YES</string>
				<key>IPHONEOS_DEPLOYMENT_TARGET</key>
				<string>9.2</string>
				<key>MTL_ENABLE_DEBUG_INFO</key>
				<string>NO</string>
				<key>SDKROOT</key>
				<string>iphoneos</string>
				<key>TARGETED_DEVICE_FAMILY</key>
				<string>1,2</string>
				<key>VALIDATE_PRODUCT</key>
				<string>YES</string>
			</dict>
			<key>isa</key>
			<string>XCBuildConfiguration</string>
			<key>name</key>
			<string>Release</string>
		</dict>
		<key>F4DBE8AB1C9547EA009B8FBC</key>
		<dict>
			<key>buildConfigurations</key>
			<array>
				<string>F4DBE8AC1C9547EA009B8FBC</string>
				<string>F4DBE8AD1C9547EA009B8FBC</string>
			</array>
			<key>defaultConfigurationIsVisible</key>
			<string>0</string>
			<key>defaultConfigurationName</key>
			<string>Release</string>
			<key>isa</key>
			<string>XCConfigurationList</string>
		</dict>
		<key>F4DBE8AC1C9547EA009B8FBC</key>
		<dict>
			<key>baseConfigurationReference</key>
			<string>00B21E3F2493C3211356115F</string>
			<key>buildSettings</key>
			<dict>
				<key>ASSETCATALOG_COMPILER_APPICON_NAME</key>
				<string>AppIcon</string>
				<key>CLANG_ENABLE_MODULES</key>
				<string>YES</string>
				<key>CODE_SIGN_IDENTITY</key>
				<string>iPhone Developer</string>
				<key>EMBEDDED_CONTENT_CONTAINS_SWIFT</key>
				<string>YES</string>
				<key>INFOPLIST_FILE</key>
				<string>NetTime/Info.plist</string>
				<key>LD_RUNPATH_SEARCH_PATHS</key>
				<string>$(inherited) @executable_path/Frameworks</string>
				<key>PRODUCT_BUNDLE_IDENTIFIER</key>
				<string>com.simonrice.NetTime</string>
				<key>PRODUCT_NAME</key>
				<string>$(TARGET_NAME)</string>
				<key>SWIFT_OBJC_BRIDGING_HEADER</key>
				<string>NetTime/NetTime-Bridging-Header.h</string>
				<key>SWIFT_OPTIMIZATION_LEVEL</key>
				<string>-Onone</string>
			</dict>
			<key>isa</key>
			<string>XCBuildConfiguration</string>
			<key>name</key>
			<string>Debug</string>
		</dict>
		<key>F4DBE8AD1C9547EA009B8FBC</key>
		<dict>
			<key>baseConfigurationReference</key>
			<string>63184C54D1FFC7047281C01D</string>
			<key>buildSettings</key>
			<dict>
				<key>ASSETCATALOG_COMPILER_APPICON_NAME</key>
				<string>AppIcon</string>
				<key>CLANG_ENABLE_MODULES</key>
				<string>YES</string>
				<key>CODE_SIGN_IDENTITY</key>
				<string>iPhone Developer</string>
				<key>EMBEDDED_CONTENT_CONTAINS_SWIFT</key>
				<string>YES</string>
				<key>INFOPLIST_FILE</key>
				<string>NetTime/Info.plist</string>
				<key>LD_RUNPATH_SEARCH_PATHS</key>
				<string>$(inherited) @executable_path/Frameworks</string>
				<key>PRODUCT_BUNDLE_IDENTIFIER</key>
				<string>com.simonrice.NetTime</string>
				<key>PRODUCT_NAME</key>
				<string>$(TARGET_NAME)</string>
				<key>SWIFT_OBJC_BRIDGING_HEADER</key>
				<string>NetTime/NetTime-Bridging-Header.h</string>
			</dict>
			<key>isa</key>
			<string>XCBuildConfiguration</string>
			<key>name</key>
			<string>Release</string>
		</dict>
		<key>F4DBE8AE1C9547EA009B8FBC</key>
		<dict>
			<key>buildConfigurations</key>
			<array>
				<string>F4DBE8AF1C9547EA009B8FBC</string>
				<string>F4DBE8B01C9547EA009B8FBC</string>
			</array>
			<key>defaultConfigurationIsVisible</key>
			<string>0</string>
			<key>defaultConfigurationName</key>
			<string>Release</string>
			<key>isa</key>
			<string>XCConfigurationList</string>
		</dict>
		<key>F4DBE8AF1C9547EA009B8FBC</key>
		<dict>
			<key>baseConfigurationReference</key>
			<string>0A12EF285058AA4FCCD48930</string>
			<key>buildSettings</key>
			<dict>
				<key>BUNDLE_LOADER</key>
				<string>$(TEST_HOST)</string>
				<key>INFOPLIST_FILE</key>
				<string>NetTimeTests/Info.plist</string>
				<key>LD_RUNPATH_SEARCH_PATHS</key>
				<string>$(inherited) @executable_path/Frameworks @loader_path/Frameworks</string>
				<key>PRODUCT_BUNDLE_IDENTIFIER</key>
				<string>com.simonrice.NetTimeTests</string>
				<key>PRODUCT_NAME</key>
				<string>$(TARGET_NAME)</string>
				<key>TEST_HOST</key>
				<string>$(BUILT_PRODUCTS_DIR)/NetTime.app/NetTime</string>
			</dict>
			<key>isa</key>
			<string>XCBuildConfiguration</string>
			<key>name</key>
			<string>Debug</string>
		</dict>
		<key>F4DBE8B01C9547EA009B8FBC</key>
		<dict>
			<key>baseConfigurationReference</key>
			<string>F6F86821B37DD0920CE28281</string>
			<key>buildSettings</key>
			<dict>
				<key>BUNDLE_LOADER</key>
				<string>$(TEST_HOST)</string>
				<key>INFOPLIST_FILE</key>
				<string>NetTimeTests/Info.plist</string>
				<key>LD_RUNPATH_SEARCH_PATHS</key>
				<string>$(inherited) @executable_path/Frameworks @loader_path/Frameworks</string>
				<key>PRODUCT_BUNDLE_IDENTIFIER</key>
				<string>com.simonrice.NetTimeTests</string>
				<key>PRODUCT_NAME</key>
				<string>$(TARGET_NAME)</string>
				<key>TEST_HOST</key>
				<string>$(BUILT_PRODUCTS_DIR)/NetTime.app/NetTime</string>
			</dict>
			<key>isa</key>
			<string>XCBuildConfiguration</string>
			<key>name</key>
			<string>Release</string>
		</dict>
		<key>F4DBE8B11C9549B3009B8FBC</key>
		<dict>
			<key>children</key>
			<array>
				<string>F4DBE8B21C9549C9009B8FBC</string>
				<string>F4DBE8E31C958613009B8FBC</string>
				<string>F4F51C021C97508F003B2853</string>
			</array>
			<key>isa</key>
			<string>PBXGroup</string>
			<key>name</key>
			<string>Shared</string>
			<key>sourceTree</key>
			<string>&lt;group&gt;</string>
		</dict>
		<key>F4DBE8B21C9549C9009B8FBC</key>
		<dict>
			<key>fileEncoding</key>
			<string>4</string>
			<key>isa</key>
			<string>PBXFileReference</string>
			<key>lastKnownFileType</key>
			<string>sourcecode.swift</string>
			<key>name</key>
			<string>NSDate+Beats.swift</string>
			<key>path</key>
			<string>NetTime/NSDate+Beats.swift</string>
			<key>sourceTree</key>
			<string>&lt;group&gt;</string>
		</dict>
		<key>F4DBE8B31C9549C9009B8FBC</key>
		<dict>
			<key>fileRef</key>
			<string>F4DBE8B21C9549C9009B8FBC</string>
			<key>isa</key>
			<string>PBXBuildFile</string>
		</dict>
		<key>F4DBE8B41C95562F009B8FBC</key>
		<dict>
			<key>buildActionMask</key>
			<string>2147483647</string>
			<key>files</key>
			<array>
				<string>F4F51C041C97508F003B2853</string>
				<string>F4DBE8BC1C95562F009B8FBC</string>
				<string>F4DBE8BA1C95562F009B8FBC</string>
			</array>
			<key>isa</key>
			<string>PBXResourcesBuildPhase</string>
			<key>runOnlyForDeploymentPostprocessing</key>
			<string>0</string>
		</dict>
		<key>F4DBE8B51C95562F009B8FBC</key>
		<dict>
			<key>buildConfigurationList</key>
			<string>F4DBE8DD1C95562F009B8FBC</string>
			<key>buildPhases</key>
			<array>
				<string>F4DBE8B41C95562F009B8FBC</string>
				<string>F4DBE8DC1C95562F009B8FBC</string>
			</array>
			<key>buildRules</key>
			<array/>
			<key>dependencies</key>
			<array>
				<string>F4DBE8C51C95562F009B8FBC</string>
			</array>
			<key>isa</key>
			<string>PBXNativeTarget</string>
			<key>name</key>
			<string>NetTimeWatch</string>
			<key>productName</key>
			<string>NetTimeWatch</string>
			<key>productReference</key>
			<string>F4DBE8B61C95562F009B8FBC</string>
			<key>productType</key>
			<string>com.apple.product-type.application.watchapp2</string>
		</dict>
		<key>F4DBE8B61C95562F009B8FBC</key>
		<dict>
			<key>explicitFileType</key>
			<string>wrapper.application</string>
			<key>includeInIndex</key>
			<string>0</string>
			<key>isa</key>
			<string>PBXFileReference</string>
			<key>path</key>
			<string>NetTimeWatch.app</string>
			<key>sourceTree</key>
			<string>BUILT_PRODUCTS_DIR</string>
		</dict>
		<key>F4DBE8B71C95562F009B8FBC</key>
		<dict>
			<key>children</key>
			<array>
				<string>F4DBE8B81C95562F009B8FBC</string>
				<string>F4DBE8BB1C95562F009B8FBC</string>
				<string>F4DBE8BD1C95562F009B8FBC</string>
			</array>
			<key>isa</key>
			<string>PBXGroup</string>
			<key>path</key>
			<string>NetTimeWatch</string>
			<key>sourceTree</key>
			<string>&lt;group&gt;</string>
		</dict>
		<key>F4DBE8B81C95562F009B8FBC</key>
		<dict>
			<key>children</key>
			<array>
				<string>F4DBE8B91C95562F009B8FBC</string>
			</array>
			<key>isa</key>
			<string>PBXVariantGroup</string>
			<key>name</key>
			<string>Interface.storyboard</string>
			<key>sourceTree</key>
			<string>&lt;group&gt;</string>
		</dict>
		<key>F4DBE8B91C95562F009B8FBC</key>
		<dict>
			<key>isa</key>
			<string>PBXFileReference</string>
			<key>lastKnownFileType</key>
			<string>file.storyboard</string>
			<key>name</key>
			<string>Base</string>
			<key>path</key>
			<string>Base.lproj/Interface.storyboard</string>
			<key>sourceTree</key>
			<string>&lt;group&gt;</string>
		</dict>
		<key>F4DBE8BA1C95562F009B8FBC</key>
		<dict>
			<key>fileRef</key>
			<string>F4DBE8B81C95562F009B8FBC</string>
			<key>isa</key>
			<string>PBXBuildFile</string>
		</dict>
		<key>F4DBE8BB1C95562F009B8FBC</key>
		<dict>
			<key>isa</key>
			<string>PBXFileReference</string>
			<key>lastKnownFileType</key>
			<string>folder.assetcatalog</string>
			<key>path</key>
			<string>Assets.xcassets</string>
			<key>sourceTree</key>
			<string>&lt;group&gt;</string>
		</dict>
		<key>F4DBE8BC1C95562F009B8FBC</key>
		<dict>
			<key>fileRef</key>
			<string>F4DBE8BB1C95562F009B8FBC</string>
			<key>isa</key>
			<string>PBXBuildFile</string>
		</dict>
		<key>F4DBE8BD1C95562F009B8FBC</key>
		<dict>
			<key>isa</key>
			<string>PBXFileReference</string>
			<key>lastKnownFileType</key>
			<string>text.plist.xml</string>
			<key>path</key>
			<string>Info.plist</string>
			<key>sourceTree</key>
			<string>&lt;group&gt;</string>
		</dict>
		<key>F4DBE8BE1C95562F009B8FBC</key>
		<dict>
			<key>buildActionMask</key>
			<string>2147483647</string>
			<key>files</key>
			<array>
				<string>F4DBE8CC1C95562F009B8FBC</string>
				<string>F4DBE8E11C955640009B8FBC</string>
				<string>F4DBE8D21C95562F009B8FBC</string>
				<string>F4DBE8CA1C95562F009B8FBC</string>
				<string>F429584C1CA11B6C003D9CAD</string>
				<string>F4DBE8D01C95562F009B8FBC</string>
				<string>F4DBE8E51C958617009B8FBC</string>
			</array>
			<key>isa</key>
			<string>PBXSourcesBuildPhase</string>
			<key>runOnlyForDeploymentPostprocessing</key>
			<string>0</string>
		</dict>
		<key>F4DBE8BF1C95562F009B8FBC</key>
		<dict>
			<key>buildActionMask</key>
			<string>2147483647</string>
			<key>files</key>
			<array>
				<string>1754EF45931159C31DCD79C0</string>
			</array>
			<key>isa</key>
			<string>PBXFrameworksBuildPhase</string>
			<key>runOnlyForDeploymentPostprocessing</key>
			<string>0</string>
		</dict>
		<key>F4DBE8C01C95562F009B8FBC</key>
		<dict>
			<key>buildActionMask</key>
			<string>2147483647</string>
			<key>files</key>
			<array>
				<string>F4F51C051C97508F003B2853</string>
				<string>F4DBE8D41C95562F009B8FBC</string>
			</array>
			<key>isa</key>
			<string>PBXResourcesBuildPhase</string>
			<key>runOnlyForDeploymentPostprocessing</key>
			<string>0</string>
		</dict>
		<key>F4DBE8C11C95562F009B8FBC</key>
		<dict>
			<key>buildConfigurationList</key>
			<string>F4DBE8D91C95562F009B8FBC</string>
			<key>buildPhases</key>
			<array>
				<string>E90BD9E837385F244ED30034</string>
				<string>F4DBE8BE1C95562F009B8FBC</string>
				<string>F4DBE8BF1C95562F009B8FBC</string>
				<string>F4DBE8C01C95562F009B8FBC</string>
				<string>822C86D117004024D39BC22F</string>
				<string>7B620DBA98ADF904D0E6D89F</string>
			</array>
			<key>buildRules</key>
			<array/>
			<key>dependencies</key>
			<array/>
			<key>isa</key>
			<string>PBXNativeTarget</string>
			<key>name</key>
			<string>NetTimeWatch Extension</string>
			<key>productName</key>
			<string>NetTimeWatch Extension</string>
			<key>productReference</key>
			<string>F4DBE8C21C95562F009B8FBC</string>
			<key>productType</key>
			<string>com.apple.product-type.watchkit2-extension</string>
		</dict>
		<key>F4DBE8C21C95562F009B8FBC</key>
		<dict>
			<key>explicitFileType</key>
			<string>wrapper.app-extension</string>
			<key>includeInIndex</key>
			<string>0</string>
			<key>isa</key>
			<string>PBXFileReference</string>
			<key>path</key>
			<string>NetTimeWatch Extension.appex</string>
			<key>sourceTree</key>
			<string>BUILT_PRODUCTS_DIR</string>
		</dict>
		<key>F4DBE8C31C95562F009B8FBC</key>
		<dict>
			<key>fileRef</key>
			<string>F4DBE8C21C95562F009B8FBC</string>
			<key>isa</key>
			<string>PBXBuildFile</string>
			<key>settings</key>
			<dict>
				<key>ATTRIBUTES</key>
				<array>
					<string>RemoveHeadersOnCopy</string>
				</array>
			</dict>
		</dict>
		<key>F4DBE8C41C95562F009B8FBC</key>
		<dict>
			<key>containerPortal</key>
			<string>F4DBE8861C9547EA009B8FBC</string>
			<key>isa</key>
			<string>PBXContainerItemProxy</string>
			<key>proxyType</key>
			<string>1</string>
			<key>remoteGlobalIDString</key>
			<string>F4DBE8C11C95562F009B8FBC</string>
			<key>remoteInfo</key>
			<string>NetTimeWatch Extension</string>
		</dict>
		<key>F4DBE8C51C95562F009B8FBC</key>
		<dict>
			<key>isa</key>
			<string>PBXTargetDependency</string>
			<key>target</key>
			<string>F4DBE8C11C95562F009B8FBC</string>
			<key>targetProxy</key>
			<string>F4DBE8C41C95562F009B8FBC</string>
		</dict>
		<key>F4DBE8C61C95562F009B8FBC</key>
		<dict>
			<key>children</key>
			<array>
				<string>F429584B1CA11B6C003D9CAD</string>
				<string>F4DBE8D11C95562F009B8FBC</string>
				<string>F4DBE8CB1C95562F009B8FBC</string>
				<string>F4DBE8CF1C95562F009B8FBC</string>
				<string>F4DBE8C91C95562F009B8FBC</string>
				<string>F4DBE8D31C95562F009B8FBC</string>
				<string>F4DBE8D51C95562F009B8FBC</string>
			</array>
			<key>isa</key>
			<string>PBXGroup</string>
			<key>path</key>
			<string>NetTimeWatch Extension</string>
			<key>sourceTree</key>
			<string>&lt;group&gt;</string>
		</dict>
		<key>F4DBE8C91C95562F009B8FBC</key>
		<dict>
			<key>isa</key>
			<string>PBXFileReference</string>
			<key>lastKnownFileType</key>
			<string>sourcecode.swift</string>
			<key>path</key>
			<string>InterfaceController.swift</string>
			<key>sourceTree</key>
			<string>&lt;group&gt;</string>
		</dict>
		<key>F4DBE8CA1C95562F009B8FBC</key>
		<dict>
			<key>fileRef</key>
			<string>F4DBE8C91C95562F009B8FBC</string>
			<key>isa</key>
			<string>PBXBuildFile</string>
		</dict>
		<key>F4DBE8CB1C95562F009B8FBC</key>
		<dict>
			<key>isa</key>
			<string>PBXFileReference</string>
			<key>lastKnownFileType</key>
			<string>sourcecode.swift</string>
			<key>path</key>
			<string>ExtensionDelegate.swift</string>
			<key>sourceTree</key>
			<string>&lt;group&gt;</string>
		</dict>
		<key>F4DBE8CC1C95562F009B8FBC</key>
		<dict>
			<key>fileRef</key>
			<string>F4DBE8CB1C95562F009B8FBC</string>
			<key>isa</key>
			<string>PBXBuildFile</string>
		</dict>
		<key>F4DBE8CF1C95562F009B8FBC</key>
		<dict>
			<key>isa</key>
			<string>PBXFileReference</string>
			<key>lastKnownFileType</key>
			<string>sourcecode.swift</string>
			<key>path</key>
			<string>GlanceController.swift</string>
			<key>sourceTree</key>
			<string>&lt;group&gt;</string>
		</dict>
		<key>F4DBE8D01C95562F009B8FBC</key>
		<dict>
			<key>fileRef</key>
			<string>F4DBE8CF1C95562F009B8FBC</string>
			<key>isa</key>
			<string>PBXBuildFile</string>
		</dict>
		<key>F4DBE8D11C95562F009B8FBC</key>
		<dict>
			<key>isa</key>
			<string>PBXFileReference</string>
			<key>lastKnownFileType</key>
			<string>sourcecode.swift</string>
			<key>path</key>
			<string>ComplicationController.swift</string>
			<key>sourceTree</key>
			<string>&lt;group&gt;</string>
		</dict>
		<key>F4DBE8D21C95562F009B8FBC</key>
		<dict>
			<key>fileRef</key>
			<string>F4DBE8D11C95562F009B8FBC</string>
			<key>isa</key>
			<string>PBXBuildFile</string>
		</dict>
		<key>F4DBE8D31C95562F009B8FBC</key>
		<dict>
			<key>isa</key>
			<string>PBXFileReference</string>
			<key>lastKnownFileType</key>
			<string>folder.assetcatalog</string>
			<key>path</key>
			<string>Assets.xcassets</string>
			<key>sourceTree</key>
			<string>&lt;group&gt;</string>
		</dict>
		<key>F4DBE8D41C95562F009B8FBC</key>
		<dict>
			<key>fileRef</key>
			<string>F4DBE8D31C95562F009B8FBC</string>
			<key>isa</key>
			<string>PBXBuildFile</string>
		</dict>
		<key>F4DBE8D51C95562F009B8FBC</key>
		<dict>
			<key>isa</key>
			<string>PBXFileReference</string>
			<key>lastKnownFileType</key>
			<string>text.plist.xml</string>
			<key>path</key>
			<string>Info.plist</string>
			<key>sourceTree</key>
			<string>&lt;group&gt;</string>
		</dict>
		<key>F4DBE8D61C95562F009B8FBC</key>
		<dict>
			<key>containerPortal</key>
			<string>F4DBE8861C9547EA009B8FBC</string>
			<key>isa</key>
			<string>PBXContainerItemProxy</string>
			<key>proxyType</key>
			<string>1</string>
			<key>remoteGlobalIDString</key>
			<string>F4DBE8B51C95562F009B8FBC</string>
			<key>remoteInfo</key>
			<string>NetTimeWatch</string>
		</dict>
		<key>F4DBE8D71C95562F009B8FBC</key>
		<dict>
			<key>isa</key>
			<string>PBXTargetDependency</string>
			<key>target</key>
			<string>F4DBE8B51C95562F009B8FBC</string>
			<key>targetProxy</key>
			<string>F4DBE8D61C95562F009B8FBC</string>
		</dict>
		<key>F4DBE8D81C95562F009B8FBC</key>
		<dict>
			<key>fileRef</key>
			<string>F4DBE8B61C95562F009B8FBC</string>
			<key>isa</key>
			<string>PBXBuildFile</string>
		</dict>
		<key>F4DBE8D91C95562F009B8FBC</key>
		<dict>
			<key>buildConfigurations</key>
			<array>
				<string>F4DBE8DA1C95562F009B8FBC</string>
				<string>F4DBE8DB1C95562F009B8FBC</string>
			</array>
			<key>defaultConfigurationIsVisible</key>
			<string>0</string>
			<key>defaultConfigurationName</key>
			<string>Release</string>
			<key>isa</key>
			<string>XCConfigurationList</string>
		</dict>
		<key>F4DBE8DA1C95562F009B8FBC</key>
		<dict>
			<key>baseConfigurationReference</key>
			<string>24B983F892AF3C92A6DCC93C</string>
			<key>buildSettings</key>
			<dict>
				<key>ASSETCATALOG_COMPILER_COMPLICATION_NAME</key>
				<string>Complication</string>
				<key>CODE_SIGN_IDENTITY</key>
				<string>iPhone Developer</string>
				<key>INFOPLIST_FILE</key>
				<string>NetTimeWatch Extension/Info.plist</string>
				<key>LD_RUNPATH_SEARCH_PATHS</key>
				<string>$(inherited) @executable_path/Frameworks @executable_path/../../Frameworks</string>
				<key>PRODUCT_BUNDLE_IDENTIFIER</key>
				<string>com.simonrice.NetTime.watchkitapp.watchkitextension</string>
				<key>PRODUCT_NAME</key>
				<string>${TARGET_NAME}</string>
				<key>PROVISIONING_PROFILE</key>
				<string>$(sigh_com.simonrice.NetTime.watchkitapp.watchkitextension_development)</string>
				<key>SDKROOT</key>
				<string>watchos</string>
				<key>SKIP_INSTALL</key>
				<string>YES</string>
				<key>TARGETED_DEVICE_FAMILY</key>
				<string>4</string>
				<key>WATCHOS_DEPLOYMENT_TARGET</key>
				<string>2.1</string>
			</dict>
			<key>isa</key>
			<string>XCBuildConfiguration</string>
			<key>name</key>
			<string>Debug</string>
		</dict>
		<key>F4DBE8DB1C95562F009B8FBC</key>
		<dict>
			<key>baseConfigurationReference</key>
			<string>98BFD209EB423280B3B0CA9E</string>
			<key>buildSettings</key>
			<dict>
				<key>ASSETCATALOG_COMPILER_COMPLICATION_NAME</key>
				<string>Complication</string>
				<key>CODE_SIGN_IDENTITY</key>
				<string>iPhone Developer</string>
				<key>INFOPLIST_FILE</key>
				<string>NetTimeWatch Extension/Info.plist</string>
				<key>LD_RUNPATH_SEARCH_PATHS</key>
				<string>$(inherited) @executable_path/Frameworks @executable_path/../../Frameworks</string>
				<key>PRODUCT_BUNDLE_IDENTIFIER</key>
				<string>com.simonrice.NetTime.watchkitapp.watchkitextension</string>
				<key>PRODUCT_NAME</key>
				<string>${TARGET_NAME}</string>
				<key>SDKROOT</key>
				<string>watchos</string>
				<key>SKIP_INSTALL</key>
				<string>YES</string>
				<key>TARGETED_DEVICE_FAMILY</key>
				<string>4</string>
				<key>WATCHOS_DEPLOYMENT_TARGET</key>
				<string>2.1</string>
			</dict>
			<key>isa</key>
			<string>XCBuildConfiguration</string>
			<key>name</key>
			<string>Release</string>
		</dict>
		<key>F4DBE8DC1C95562F009B8FBC</key>
		<dict>
			<key>buildActionMask</key>
			<string>2147483647</string>
			<key>dstPath</key>
			<string></string>
			<key>dstSubfolderSpec</key>
			<string>13</string>
			<key>files</key>
			<array>
				<string>F4DBE8C31C95562F009B8FBC</string>
			</array>
			<key>isa</key>
			<string>PBXCopyFilesBuildPhase</string>
			<key>name</key>
			<string>Embed App Extensions</string>
			<key>runOnlyForDeploymentPostprocessing</key>
			<string>0</string>
		</dict>
		<key>F4DBE8DD1C95562F009B8FBC</key>
		<dict>
			<key>buildConfigurations</key>
			<array>
				<string>F4DBE8DE1C95562F009B8FBC</string>
				<string>F4DBE8DF1C95562F009B8FBC</string>
			</array>
			<key>defaultConfigurationIsVisible</key>
			<string>0</string>
			<key>defaultConfigurationName</key>
			<string>Release</string>
			<key>isa</key>
			<string>XCConfigurationList</string>
		</dict>
		<key>F4DBE8DE1C95562F009B8FBC</key>
		<dict>
			<key>buildSettings</key>
			<dict>
				<key>ASSETCATALOG_COMPILER_APPICON_NAME</key>
				<string>AppIcon</string>
				<key>CODE_SIGN_IDENTITY</key>
				<string>iPhone Developer</string>
				<key>EMBEDDED_CONTENT_CONTAINS_SWIFT</key>
				<string>YES</string>
				<key>IBSC_MODULE</key>
				<string>NetTimeWatch_Extension</string>
				<key>INFOPLIST_FILE</key>
				<string>NetTimeWatch/Info.plist</string>
				<key>PRODUCT_BUNDLE_IDENTIFIER</key>
				<string>com.simonrice.NetTime.watchkitapp</string>
				<key>PRODUCT_NAME</key>
				<string>$(TARGET_NAME)</string>
				<key>PROVISIONING_PROFILE</key>
				<string>$(sigh_com.simonrice.NetTime.watchkitapp_development)</string>
				<key>SDKROOT</key>
				<string>watchos</string>
				<key>SKIP_INSTALL</key>
				<string>YES</string>
				<key>TARGETED_DEVICE_FAMILY</key>
				<string>4</string>
				<key>WATCHOS_DEPLOYMENT_TARGET</key>
				<string>2.1</string>
			</dict>
			<key>isa</key>
			<string>XCBuildConfiguration</string>
			<key>name</key>
			<string>Debug</string>
		</dict>
		<key>F4DBE8DF1C95562F009B8FBC</key>
		<dict>
			<key>buildSettings</key>
			<dict>
				<key>ASSETCATALOG_COMPILER_APPICON_NAME</key>
				<string>AppIcon</string>
				<key>CODE_SIGN_IDENTITY</key>
				<string>iPhone Developer</string>
				<key>EMBEDDED_CONTENT_CONTAINS_SWIFT</key>
				<string>YES</string>
				<key>IBSC_MODULE</key>
				<string>NetTimeWatch_Extension</string>
				<key>INFOPLIST_FILE</key>
				<string>NetTimeWatch/Info.plist</string>
				<key>PRODUCT_BUNDLE_IDENTIFIER</key>
				<string>com.simonrice.NetTime.watchkitapp</string>
				<key>PRODUCT_NAME</key>
				<string>$(TARGET_NAME)</string>
				<key>SDKROOT</key>
				<string>watchos</string>
				<key>SKIP_INSTALL</key>
				<string>YES</string>
				<key>TARGETED_DEVICE_FAMILY</key>
				<string>4</string>
				<key>WATCHOS_DEPLOYMENT_TARGET</key>
				<string>2.1</string>
			</dict>
			<key>isa</key>
			<string>XCBuildConfiguration</string>
			<key>name</key>
			<string>Release</string>
		</dict>
		<key>F4DBE8E01C95562F009B8FBC</key>
		<dict>
			<key>buildActionMask</key>
			<string>2147483647</string>
			<key>dstPath</key>
			<string>$(CONTENTS_FOLDER_PATH)/Watch</string>
			<key>dstSubfolderSpec</key>
			<string>16</string>
			<key>files</key>
			<array>
				<string>F4DBE8D81C95562F009B8FBC</string>
			</array>
			<key>isa</key>
			<string>PBXCopyFilesBuildPhase</string>
			<key>name</key>
			<string>Embed Watch Content</string>
			<key>runOnlyForDeploymentPostprocessing</key>
			<string>0</string>
		</dict>
		<key>F4DBE8E11C955640009B8FBC</key>
		<dict>
			<key>fileRef</key>
			<string>F4DBE8B21C9549C9009B8FBC</string>
			<key>isa</key>
			<string>PBXBuildFile</string>
		</dict>
		<key>F4DBE8E21C955641009B8FBC</key>
		<dict>
			<key>fileRef</key>
			<string>F4DBE8B21C9549C9009B8FBC</string>
			<key>isa</key>
			<string>PBXBuildFile</string>
		</dict>
		<key>F4DBE8E31C958613009B8FBC</key>
		<dict>
			<key>fileEncoding</key>
			<string>4</string>
			<key>isa</key>
			<string>PBXFileReference</string>
			<key>lastKnownFileType</key>
			<string>sourcecode.swift</string>
			<key>name</key>
			<string>Int+Beats.swift</string>
			<key>path</key>
			<string>NetTime/Int+Beats.swift</string>
			<key>sourceTree</key>
			<string>&lt;group&gt;</string>
		</dict>
		<key>F4DBE8E41C958613009B8FBC</key>
		<dict>
			<key>fileRef</key>
			<string>F4DBE8E31C958613009B8FBC</string>
			<key>isa</key>
			<string>PBXBuildFile</string>
		</dict>
		<key>F4DBE8E51C958617009B8FBC</key>
		<dict>
			<key>fileRef</key>
			<string>F4DBE8E31C958613009B8FBC</string>
			<key>isa</key>
			<string>PBXBuildFile</string>
		</dict>
		<key>F4DBE8E61C95BC58009B8FBC</key>
		<dict>
			<key>buildActionMask</key>
			<string>2147483647</string>
			<key>files</key>
			<array>
				<string>F4DBE8FB1C95D280009B8FBC</string>
				<string>F4DBE8EF1C95BC58009B8FBC</string>
			</array>
			<key>isa</key>
			<string>PBXSourcesBuildPhase</string>
			<key>runOnlyForDeploymentPostprocessing</key>
			<string>0</string>
		</dict>
		<key>F4DBE8E71C95BC58009B8FBC</key>
		<dict>
			<key>buildActionMask</key>
			<string>2147483647</string>
			<key>files</key>
			<array>
				<string>F4DBE8EC1C95BC58009B8FBC</string>
				<string>61709CD7899E330F4C190D78</string>
			</array>
			<key>isa</key>
			<string>PBXFrameworksBuildPhase</string>
			<key>runOnlyForDeploymentPostprocessing</key>
			<string>0</string>
		</dict>
		<key>F4DBE8E81C95BC58009B8FBC</key>
		<dict>
			<key>buildActionMask</key>
			<string>2147483647</string>
			<key>files</key>
			<array>
				<string>F4DBE8F21C95BC58009B8FBC</string>
			</array>
			<key>isa</key>
			<string>PBXResourcesBuildPhase</string>
			<key>runOnlyForDeploymentPostprocessing</key>
			<string>0</string>
		</dict>
		<key>F4DBE8E91C95BC58009B8FBC</key>
		<dict>
			<key>buildConfigurationList</key>
			<string>F4DBE8F91C95BC58009B8FBC</string>
			<key>buildPhases</key>
			<array>
				<string>C02A659F1613E3427AF3A593</string>
				<string>F4DBE8E61C95BC58009B8FBC</string>
				<string>F4DBE8E71C95BC58009B8FBC</string>
				<string>F4DBE8E81C95BC58009B8FBC</string>
				<string>73A758F677253924D499C3C7</string>
				<string>5A8B4E17FD07DFD23EFF039B</string>
			</array>
			<key>buildRules</key>
			<array/>
			<key>dependencies</key>
			<array/>
			<key>isa</key>
			<string>PBXNativeTarget</string>
			<key>name</key>
			<string>TodayExtension</string>
			<key>productName</key>
			<string>TodayExtension</string>
			<key>productReference</key>
			<string>F4DBE8EA1C95BC58009B8FBC</string>
			<key>productType</key>
			<string>com.apple.product-type.app-extension</string>
		</dict>
		<key>F4DBE8EA1C95BC58009B8FBC</key>
		<dict>
			<key>explicitFileType</key>
			<string>wrapper.app-extension</string>
			<key>includeInIndex</key>
			<string>0</string>
			<key>isa</key>
			<string>PBXFileReference</string>
			<key>path</key>
			<string>TodayExtension.appex</string>
			<key>sourceTree</key>
			<string>BUILT_PRODUCTS_DIR</string>
		</dict>
		<key>F4DBE8EB1C95BC58009B8FBC</key>
		<dict>
			<key>isa</key>
			<string>PBXFileReference</string>
			<key>lastKnownFileType</key>
			<string>wrapper.framework</string>
			<key>name</key>
			<string>NotificationCenter.framework</string>
			<key>path</key>
			<string>System/Library/Frameworks/NotificationCenter.framework</string>
			<key>sourceTree</key>
			<string>SDKROOT</string>
		</dict>
		<key>F4DBE8EC1C95BC58009B8FBC</key>
		<dict>
			<key>fileRef</key>
			<string>F4DBE8EB1C95BC58009B8FBC</string>
			<key>isa</key>
			<string>PBXBuildFile</string>
		</dict>
		<key>F4DBE8ED1C95BC58009B8FBC</key>
		<dict>
			<key>children</key>
			<array>
				<string>F4DBE8EE1C95BC58009B8FBC</string>
				<string>F4DBE8F01C95BC58009B8FBC</string>
				<string>F4DBE8F31C95BC58009B8FBC</string>
			</array>
			<key>isa</key>
			<string>PBXGroup</string>
			<key>path</key>
			<string>TodayExtension</string>
			<key>sourceTree</key>
			<string>&lt;group&gt;</string>
		</dict>
		<key>F4DBE8EE1C95BC58009B8FBC</key>
		<dict>
			<key>isa</key>
			<string>PBXFileReference</string>
			<key>lastKnownFileType</key>
			<string>sourcecode.swift</string>
			<key>path</key>
			<string>TodayViewController.swift</string>
			<key>sourceTree</key>
			<string>&lt;group&gt;</string>
		</dict>
		<key>F4DBE8EF1C95BC58009B8FBC</key>
		<dict>
			<key>fileRef</key>
			<string>F4DBE8EE1C95BC58009B8FBC</string>
			<key>isa</key>
			<string>PBXBuildFile</string>
		</dict>
		<key>F4DBE8F01C95BC58009B8FBC</key>
		<dict>
			<key>children</key>
			<array>
				<string>F4DBE8F11C95BC58009B8FBC</string>
			</array>
			<key>isa</key>
			<string>PBXVariantGroup</string>
			<key>name</key>
			<string>MainInterface.storyboard</string>
			<key>sourceTree</key>
			<string>&lt;group&gt;</string>
		</dict>
		<key>F4DBE8F11C95BC58009B8FBC</key>
		<dict>
			<key>isa</key>
			<string>PBXFileReference</string>
			<key>lastKnownFileType</key>
			<string>file.storyboard</string>
			<key>name</key>
			<string>Base</string>
			<key>path</key>
			<string>Base.lproj/MainInterface.storyboard</string>
			<key>sourceTree</key>
			<string>&lt;group&gt;</string>
		</dict>
		<key>F4DBE8F21C95BC58009B8FBC</key>
		<dict>
			<key>fileRef</key>
			<string>F4DBE8F01C95BC58009B8FBC</string>
			<key>isa</key>
			<string>PBXBuildFile</string>
		</dict>
		<key>F4DBE8F31C95BC58009B8FBC</key>
		<dict>
			<key>isa</key>
			<string>PBXFileReference</string>
			<key>lastKnownFileType</key>
			<string>text.plist.xml</string>
			<key>path</key>
			<string>Info.plist</string>
			<key>sourceTree</key>
			<string>&lt;group&gt;</string>
		</dict>
		<key>F4DBE8F41C95BC58009B8FBC</key>
		<dict>
			<key>containerPortal</key>
			<string>F4DBE8861C9547EA009B8FBC</string>
			<key>isa</key>
			<string>PBXContainerItemProxy</string>
			<key>proxyType</key>
			<string>1</string>
			<key>remoteGlobalIDString</key>
			<string>F4DBE8E91C95BC58009B8FBC</string>
			<key>remoteInfo</key>
			<string>TodayExtension</string>
		</dict>
		<key>F4DBE8F51C95BC58009B8FBC</key>
		<dict>
			<key>isa</key>
			<string>PBXTargetDependency</string>
			<key>target</key>
			<string>F4DBE8E91C95BC58009B8FBC</string>
			<key>targetProxy</key>
			<string>F4DBE8F41C95BC58009B8FBC</string>
		</dict>
		<key>F4DBE8F61C95BC58009B8FBC</key>
		<dict>
			<key>fileRef</key>
			<string>F4DBE8EA1C95BC58009B8FBC</string>
			<key>isa</key>
			<string>PBXBuildFile</string>
			<key>settings</key>
			<dict>
				<key>ATTRIBUTES</key>
				<array>
					<string>RemoveHeadersOnCopy</string>
				</array>
			</dict>
		</dict>
		<key>F4DBE8F71C95BC58009B8FBC</key>
		<dict>
			<key>baseConfigurationReference</key>
			<string>19D1E18DB9362B0FBDAC09B8</string>
			<key>buildSettings</key>
			<dict>
				<key>CODE_SIGN_IDENTITY</key>
				<string>iPhone Developer</string>
				<key>INFOPLIST_FILE</key>
				<string>TodayExtension/Info.plist</string>
				<key>LD_RUNPATH_SEARCH_PATHS</key>
				<string>$(inherited) @executable_path/Frameworks @executable_path/../../Frameworks</string>
				<key>PRODUCT_BUNDLE_IDENTIFIER</key>
				<string>com.simonrice.NetTime.TodayExtension</string>
				<key>PRODUCT_NAME</key>
				<string>$(TARGET_NAME)</string>
				<key>PROVISIONING_PROFILE</key>
				<string>$(sigh_com.simonrice.NetTime.TodayExtension_development)</string>
				<key>SKIP_INSTALL</key>
				<string>YES</string>
			</dict>
			<key>isa</key>
			<string>XCBuildConfiguration</string>
			<key>name</key>
			<string>Debug</string>
		</dict>
		<key>F4DBE8F81C95BC58009B8FBC</key>
		<dict>
			<key>baseConfigurationReference</key>
			<string>1DD5264C4F8222C450742FB6</string>
			<key>buildSettings</key>
			<dict>
				<key>CODE_SIGN_IDENTITY</key>
				<string>iPhone Developer</string>
				<key>INFOPLIST_FILE</key>
				<string>TodayExtension/Info.plist</string>
				<key>LD_RUNPATH_SEARCH_PATHS</key>
				<string>$(inherited) @executable_path/Frameworks @executable_path/../../Frameworks</string>
				<key>PRODUCT_BUNDLE_IDENTIFIER</key>
				<string>com.simonrice.NetTime.TodayExtension</string>
				<key>PRODUCT_NAME</key>
				<string>$(TARGET_NAME)</string>
				<key>SKIP_INSTALL</key>
				<string>YES</string>
			</dict>
			<key>isa</key>
			<string>XCBuildConfiguration</string>
			<key>name</key>
			<string>Release</string>
		</dict>
		<key>F4DBE8F91C95BC58009B8FBC</key>
		<dict>
			<key>buildConfigurations</key>
			<array>
				<string>F4DBE8F71C95BC58009B8FBC</string>
				<string>F4DBE8F81C95BC58009B8FBC</string>
			</array>
			<key>defaultConfigurationIsVisible</key>
			<string>0</string>
			<key>defaultConfigurationName</key>
			<string>Release</string>
			<key>isa</key>
			<string>XCConfigurationList</string>
		</dict>
		<key>F4DBE8FA1C95BC58009B8FBC</key>
		<dict>
			<key>buildActionMask</key>
			<string>2147483647</string>
			<key>dstPath</key>
			<string></string>
			<key>dstSubfolderSpec</key>
			<string>13</string>
			<key>files</key>
			<array>
				<string>F4DBE8F61C95BC58009B8FBC</string>
			</array>
			<key>isa</key>
			<string>PBXCopyFilesBuildPhase</string>
			<key>name</key>
			<string>Embed App Extensions</string>
			<key>runOnlyForDeploymentPostprocessing</key>
			<string>0</string>
		</dict>
		<key>F4DBE8FB1C95D280009B8FBC</key>
		<dict>
			<key>fileRef</key>
			<string>F4DBE8B21C9549C9009B8FBC</string>
			<key>isa</key>
			<string>PBXBuildFile</string>
		</dict>
		<key>F4DBE8FD1C95D633009B8FBC</key>
		<dict>
			<key>buildActionMask</key>
			<string>2147483647</string>
			<key>files</key>
			<array/>
			<key>inputPaths</key>
			<array/>
			<key>isa</key>
			<string>PBXShellScriptBuildPhase</string>
			<key>name</key>
			<string>Crashlytics</string>
			<key>outputPaths</key>
			<array/>
			<key>runOnlyForDeploymentPostprocessing</key>
			<string>0</string>
			<key>shellPath</key>
			<string>/bin/sh</string>
			<key>shellScript</key>
			<string>"${PODS_ROOT}/Fabric/run" 5f4aee798952d318e32c1d9e93ec424d70f634fe f9e249e1267d0c951408a34232552886b4e1fb9df2072dc7dc90ae36e3386514</string>
		</dict>
		<key>F4DBE9011C95D886009B8FBC</key>
		<dict>
			<key>isa</key>
			<string>PBXFileReference</string>
			<key>lastKnownFileType</key>
			<string>sourcecode.c.h</string>
			<key>path</key>
			<string>NetTime-Bridging-Header.h</string>
			<key>sourceTree</key>
			<string>&lt;group&gt;</string>
		</dict>
		<key>F4F51C021C97508F003B2853</key>
		<dict>
			<key>isa</key>
			<string>PBXFileReference</string>
			<key>lastKnownFileType</key>
			<string>file</string>
			<key>name</key>
			<string>digital-7 (mono).ttf</string>
			<key>path</key>
			<string>Assets/Fonts/digital-7 (mono).ttf</string>
			<key>sourceTree</key>
			<string>&lt;group&gt;</string>
		</dict>
		<key>F4F51C031C97508F003B2853</key>
		<dict>
			<key>fileRef</key>
			<string>F4F51C021C97508F003B2853</string>
			<key>isa</key>
			<string>PBXBuildFile</string>
		</dict>
		<key>F4F51C041C97508F003B2853</key>
		<dict>
			<key>fileRef</key>
			<string>F4F51C021C97508F003B2853</string>
			<key>isa</key>
			<string>PBXBuildFile</string>
		</dict>
		<key>F4F51C051C97508F003B2853</key>
		<dict>
			<key>fileRef</key>
			<string>F4F51C021C97508F003B2853</string>
			<key>isa</key>
			<string>PBXBuildFile</string>
		</dict>
		<key>F4F51C061C97514D003B2853</key>
		<dict>
			<key>buildActionMask</key>
			<string>2147483647</string>
			<key>files</key>
			<array/>
			<key>inputPaths</key>
			<array/>
			<key>isa</key>
			<string>PBXShellScriptBuildPhase</string>
			<key>name</key>
			<string>SwiftLint</string>
			<key>outputPaths</key>
			<array/>
			<key>runOnlyForDeploymentPostprocessing</key>
			<string>0</string>
			<key>shellPath</key>
			<string>/bin/sh</string>
			<key>shellScript</key>
			<string>if which swiftlint &gt;/dev/null; then
swiftlint
else
echo "warning: SwiftLint not installed, download from https://github.com/realm/SwiftLint"
fi
</string>
		</dict>
		<key>F6F86821B37DD0920CE28281</key>
		<dict>
			<key>includeInIndex</key>
			<string>1</string>
			<key>isa</key>
			<string>PBXFileReference</string>
			<key>lastKnownFileType</key>
			<string>text.xcconfig</string>
			<key>name</key>
			<string>Pods-NetTimeTests.release.xcconfig</string>
			<key>path</key>
			<string>Pods/Target Support Files/Pods-NetTimeTests/Pods-NetTimeTests.release.xcconfig</string>
			<key>sourceTree</key>
			<string>&lt;group&gt;</string>
		</dict>
		<key>FB50E7F90AB0984F4F05E8A9</key>
		<dict>
			<key>fileRef</key>
			<string>D58292A4349DAE8F52DD4B05</string>
			<key>isa</key>
			<string>PBXBuildFile</string>
		</dict>
	</dict>
	<key>rootObject</key>
	<string>F4DBE8861C9547EA009B8FBC</string>
</dict>
</plist>
