// !$*UTF8*$!
{
	archiveVersion = 1;
	classes = {
	};
	objectVersion = 46;
	objects = {

/* Begin PBXBuildFile section */
		1754EF45931159C31DCD79C0 /* Pods_NetTimeWatch_Extension.framework in Frameworks */ = {isa = PBXBuildFile; fileRef = BA1E100912FA26E850CF3F64 /* Pods_NetTimeWatch_Extension.framework */; };
		20F0FD47D3F4D3B76AA0E753 /* Pods_NetTime.framework in Frameworks */ = {isa = PBXBuildFile; fileRef = CEB6B8BA97DA2A5E4586B1DB /* Pods_NetTime.framework */; };
		41659B4E1C484B752EE4E7EF /* Pods_NetTimeTests.framework in Frameworks */ = {isa = PBXBuildFile; fileRef = 58FAEE2A83092324E86A5278 /* Pods_NetTimeTests.framework */; };
		61709CD7899E330F4C190D78 /* Pods_TodayExtension.framework in Frameworks */ = {isa = PBXBuildFile; fileRef = 1338121F541CA52BAD96F6FF /* Pods_TodayExtension.framework */; };
		F425CAE31C95FE9A000430F8 /* FontAwesomeTabBarItem.swift in Sources */ = {isa = PBXBuildFile; fileRef = F425CAE21C95FE9A000430F8 /* FontAwesomeTabBarItem.swift */; };
		F4842F251C9609AA00AB1F38 /* CalculateViewController.swift in Sources */ = {isa = PBXBuildFile; fileRef = F4842F241C9609AA00AB1F38 /* CalculateViewController.swift */; };
		F4DBE8921C9547EA009B8FBC /* AppDelegate.swift in Sources */ = {isa = PBXBuildFile; fileRef = F4DBE8911C9547EA009B8FBC /* AppDelegate.swift */; };
		F4DBE8941C9547EA009B8FBC /* NowViewController.swift in Sources */ = {isa = PBXBuildFile; fileRef = F4DBE8931C9547EA009B8FBC /* NowViewController.swift */; };
		F4DBE8971C9547EA009B8FBC /* Main.storyboard in Resources */ = {isa = PBXBuildFile; fileRef = F4DBE8951C9547EA009B8FBC /* Main.storyboard */; };
		F4DBE8991C9547EA009B8FBC /* Assets.xcassets in Resources */ = {isa = PBXBuildFile; fileRef = F4DBE8981C9547EA009B8FBC /* Assets.xcassets */; };
		F4DBE89C1C9547EA009B8FBC /* LaunchScreen.storyboard in Resources */ = {isa = PBXBuildFile; fileRef = F4DBE89A1C9547EA009B8FBC /* LaunchScreen.storyboard */; };
		F4DBE8A71C9547EA009B8FBC /* NetTimeTests.swift in Sources */ = {isa = PBXBuildFile; fileRef = F4DBE8A61C9547EA009B8FBC /* NetTimeTests.swift */; };
		F4DBE8B31C9549C9009B8FBC /* NSDate+Beats.swift in Sources */ = {isa = PBXBuildFile; fileRef = F4DBE8B21C9549C9009B8FBC /* NSDate+Beats.swift */; };
		F4DBE8BA1C95562F009B8FBC /* Interface.storyboard in Resources */ = {isa = PBXBuildFile; fileRef = F4DBE8B81C95562F009B8FBC /* Interface.storyboard */; };
		F4DBE8BC1C95562F009B8FBC /* Assets.xcassets in Resources */ = {isa = PBXBuildFile; fileRef = F4DBE8BB1C95562F009B8FBC /* Assets.xcassets */; };
		F4DBE8C31C95562F009B8FBC /* NetTimeWatch Extension.appex in Embed App Extensions */ = {isa = PBXBuildFile; fileRef = F4DBE8C21C95562F009B8FBC /* NetTimeWatch Extension.appex */; settings = {ATTRIBUTES = (RemoveHeadersOnCopy, ); }; };
		F4DBE8CA1C95562F009B8FBC /* InterfaceController.swift in Sources */ = {isa = PBXBuildFile; fileRef = F4DBE8C91C95562F009B8FBC /* InterfaceController.swift */; };
		F4DBE8CC1C95562F009B8FBC /* ExtensionDelegate.swift in Sources */ = {isa = PBXBuildFile; fileRef = F4DBE8CB1C95562F009B8FBC /* ExtensionDelegate.swift */; };
		F4DBE8D01C95562F009B8FBC /* GlanceController.swift in Sources */ = {isa = PBXBuildFile; fileRef = F4DBE8CF1C95562F009B8FBC /* GlanceController.swift */; };
		F4DBE8D21C95562F009B8FBC /* ComplicationController.swift in Sources */ = {isa = PBXBuildFile; fileRef = F4DBE8D11C95562F009B8FBC /* ComplicationController.swift */; };
		F4DBE8D41C95562F009B8FBC /* Assets.xcassets in Resources */ = {isa = PBXBuildFile; fileRef = F4DBE8D31C95562F009B8FBC /* Assets.xcassets */; };
		F4DBE8D81C95562F009B8FBC /* NetTimeWatch.app in Embed Watch Content */ = {isa = PBXBuildFile; fileRef = F4DBE8B61C95562F009B8FBC /* NetTimeWatch.app */; };
		F4DBE8E11C955640009B8FBC /* NSDate+Beats.swift in Sources */ = {isa = PBXBuildFile; fileRef = F4DBE8B21C9549C9009B8FBC /* NSDate+Beats.swift */; };
		F4DBE8E21C955641009B8FBC /* NSDate+Beats.swift in Sources */ = {isa = PBXBuildFile; fileRef = F4DBE8B21C9549C9009B8FBC /* NSDate+Beats.swift */; };
		F4DBE8E41C958613009B8FBC /* Int+Beats.swift in Sources */ = {isa = PBXBuildFile; fileRef = F4DBE8E31C958613009B8FBC /* Int+Beats.swift */; };
		F4DBE8E51C958617009B8FBC /* Int+Beats.swift in Sources */ = {isa = PBXBuildFile; fileRef = F4DBE8E31C958613009B8FBC /* Int+Beats.swift */; };
		F4DBE8EC1C95BC58009B8FBC /* NotificationCenter.framework in Frameworks */ = {isa = PBXBuildFile; fileRef = F4DBE8EB1C95BC58009B8FBC /* NotificationCenter.framework */; };
		F4DBE8EF1C95BC58009B8FBC /* TodayViewController.swift in Sources */ = {isa = PBXBuildFile; fileRef = F4DBE8EE1C95BC58009B8FBC /* TodayViewController.swift */; };
		F4DBE8F21C95BC58009B8FBC /* MainInterface.storyboard in Resources */ = {isa = PBXBuildFile; fileRef = F4DBE8F01C95BC58009B8FBC /* MainInterface.storyboard */; };
		F4DBE8F61C95BC58009B8FBC /* TodayExtension.appex in Embed App Extensions */ = {isa = PBXBuildFile; fileRef = F4DBE8EA1C95BC58009B8FBC /* TodayExtension.appex */; settings = {ATTRIBUTES = (RemoveHeadersOnCopy, ); }; };
		F4DBE8FB1C95D280009B8FBC /* NSDate+Beats.swift in Sources */ = {isa = PBXBuildFile; fileRef = F4DBE8B21C9549C9009B8FBC /* NSDate+Beats.swift */; };
		F4F51BFF1C97327F003B2853 /* digital-7 (mono).ttf in Resources */ = {isa = PBXBuildFile; fileRef = F4F51BFE1C97327F003B2853 /* digital-7 (mono).ttf */; };
		F4F51C001C97327F003B2853 /* digital-7 (mono).ttf in Resources */ = {isa = PBXBuildFile; fileRef = F4F51BFE1C97327F003B2853 /* digital-7 (mono).ttf */; };
		F4F51C011C97327F003B2853 /* digital-7 (mono).ttf in Resources */ = {isa = PBXBuildFile; fileRef = F4F51BFE1C97327F003B2853 /* digital-7 (mono).ttf */; };
/* End PBXBuildFile section */

/* Begin PBXContainerItemProxy section */
		F4DBE8A31C9547EA009B8FBC /* PBXContainerItemProxy */ = {
			isa = PBXContainerItemProxy;
			containerPortal = F4DBE8861C9547EA009B8FBC /* Project object */;
			proxyType = 1;
			remoteGlobalIDString = F4DBE88D1C9547EA009B8FBC;
			remoteInfo = NetTime;
		};
		F4DBE8C41C95562F009B8FBC /* PBXContainerItemProxy */ = {
			isa = PBXContainerItemProxy;
			containerPortal = F4DBE8861C9547EA009B8FBC /* Project object */;
			proxyType = 1;
			remoteGlobalIDString = F4DBE8C11C95562F009B8FBC;
			remoteInfo = "NetTimeWatch Extension";
		};
		F4DBE8D61C95562F009B8FBC /* PBXContainerItemProxy */ = {
			isa = PBXContainerItemProxy;
			containerPortal = F4DBE8861C9547EA009B8FBC /* Project object */;
			proxyType = 1;
			remoteGlobalIDString = F4DBE8B51C95562F009B8FBC;
			remoteInfo = NetTimeWatch;
		};
		F4DBE8F41C95BC58009B8FBC /* PBXContainerItemProxy */ = {
			isa = PBXContainerItemProxy;
			containerPortal = F4DBE8861C9547EA009B8FBC /* Project object */;
			proxyType = 1;
			remoteGlobalIDString = F4DBE8E91C95BC58009B8FBC;
			remoteInfo = TodayExtension;
		};
/* End PBXContainerItemProxy section */

/* Begin PBXCopyFilesBuildPhase section */
		F4DBE8DC1C95562F009B8FBC /* Embed App Extensions */ = {
			isa = PBXCopyFilesBuildPhase;
			buildActionMask = 2147483647;
			dstPath = "";
			dstSubfolderSpec = 13;
			files = (
				F4DBE8C31C95562F009B8FBC /* NetTimeWatch Extension.appex in Embed App Extensions */,
			);
			name = "Embed App Extensions";
			runOnlyForDeploymentPostprocessing = 0;
		};
		F4DBE8E01C95562F009B8FBC /* Embed Watch Content */ = {
			isa = PBXCopyFilesBuildPhase;
			buildActionMask = 2147483647;
			dstPath = "$(CONTENTS_FOLDER_PATH)/Watch";
			dstSubfolderSpec = 16;
			files = (
				F4DBE8D81C95562F009B8FBC /* NetTimeWatch.app in Embed Watch Content */,
			);
			name = "Embed Watch Content";
			runOnlyForDeploymentPostprocessing = 0;
		};
		F4DBE8FA1C95BC58009B8FBC /* Embed App Extensions */ = {
			isa = PBXCopyFilesBuildPhase;
			buildActionMask = 2147483647;
			dstPath = "";
			dstSubfolderSpec = 13;
			files = (
				F4DBE8F61C95BC58009B8FBC /* TodayExtension.appex in Embed App Extensions */,
			);
			name = "Embed App Extensions";
			runOnlyForDeploymentPostprocessing = 0;
		};
/* End PBXCopyFilesBuildPhase section */

/* Begin PBXFileReference section */
		00B21E3F2493C3211356115F /* Pods-NetTime.debug.xcconfig */ = {isa = PBXFileReference; includeInIndex = 1; lastKnownFileType = text.xcconfig; name = "Pods-NetTime.debug.xcconfig"; path = "Pods/Target Support Files/Pods-NetTime/Pods-NetTime.debug.xcconfig"; sourceTree = "<group>"; };
		0A12EF285058AA4FCCD48930 /* Pods-NetTimeTests.debug.xcconfig */ = {isa = PBXFileReference; includeInIndex = 1; lastKnownFileType = text.xcconfig; name = "Pods-NetTimeTests.debug.xcconfig"; path = "Pods/Target Support Files/Pods-NetTimeTests/Pods-NetTimeTests.debug.xcconfig"; sourceTree = "<group>"; };
		1338121F541CA52BAD96F6FF /* Pods_TodayExtension.framework */ = {isa = PBXFileReference; explicitFileType = wrapper.framework; includeInIndex = 0; path = Pods_TodayExtension.framework; sourceTree = BUILT_PRODUCTS_DIR; };
		19D1E18DB9362B0FBDAC09B8 /* Pods-TodayExtension.debug.xcconfig */ = {isa = PBXFileReference; includeInIndex = 1; lastKnownFileType = text.xcconfig; name = "Pods-TodayExtension.debug.xcconfig"; path = "Pods/Target Support Files/Pods-TodayExtension/Pods-TodayExtension.debug.xcconfig"; sourceTree = "<group>"; };
		1DD5264C4F8222C450742FB6 /* Pods-TodayExtension.release.xcconfig */ = {isa = PBXFileReference; includeInIndex = 1; lastKnownFileType = text.xcconfig; name = "Pods-TodayExtension.release.xcconfig"; path = "Pods/Target Support Files/Pods-TodayExtension/Pods-TodayExtension.release.xcconfig"; sourceTree = "<group>"; };
		24B983F892AF3C92A6DCC93C /* Pods-NetTimeWatch Extension.debug.xcconfig */ = {isa = PBXFileReference; includeInIndex = 1; lastKnownFileType = text.xcconfig; name = "Pods-NetTimeWatch Extension.debug.xcconfig"; path = "Pods/Target Support Files/Pods-NetTimeWatch Extension/Pods-NetTimeWatch Extension.debug.xcconfig"; sourceTree = "<group>"; };
		58FAEE2A83092324E86A5278 /* Pods_NetTimeTests.framework */ = {isa = PBXFileReference; explicitFileType = wrapper.framework; includeInIndex = 0; path = Pods_NetTimeTests.framework; sourceTree = BUILT_PRODUCTS_DIR; };
		63184C54D1FFC7047281C01D /* Pods-NetTime.release.xcconfig */ = {isa = PBXFileReference; includeInIndex = 1; lastKnownFileType = text.xcconfig; name = "Pods-NetTime.release.xcconfig"; path = "Pods/Target Support Files/Pods-NetTime/Pods-NetTime.release.xcconfig"; sourceTree = "<group>"; };
		98BFD209EB423280B3B0CA9E /* Pods-NetTimeWatch Extension.release.xcconfig */ = {isa = PBXFileReference; includeInIndex = 1; lastKnownFileType = text.xcconfig; name = "Pods-NetTimeWatch Extension.release.xcconfig"; path = "Pods/Target Support Files/Pods-NetTimeWatch Extension/Pods-NetTimeWatch Extension.release.xcconfig"; sourceTree = "<group>"; };
		BA1E100912FA26E850CF3F64 /* Pods_NetTimeWatch_Extension.framework */ = {isa = PBXFileReference; explicitFileType = wrapper.framework; includeInIndex = 0; path = Pods_NetTimeWatch_Extension.framework; sourceTree = BUILT_PRODUCTS_DIR; };
		CEB6B8BA97DA2A5E4586B1DB /* Pods_NetTime.framework */ = {isa = PBXFileReference; explicitFileType = wrapper.framework; includeInIndex = 0; path = Pods_NetTime.framework; sourceTree = BUILT_PRODUCTS_DIR; };
		F425CAE21C95FE9A000430F8 /* FontAwesomeTabBarItem.swift */ = {isa = PBXFileReference; fileEncoding = 4; lastKnownFileType = sourcecode.swift; path = FontAwesomeTabBarItem.swift; sourceTree = "<group>"; };
		F4842F241C9609AA00AB1F38 /* CalculateViewController.swift */ = {isa = PBXFileReference; fileEncoding = 4; lastKnownFileType = sourcecode.swift; path = CalculateViewController.swift; sourceTree = "<group>"; };
		F4DBE88E1C9547EA009B8FBC /* NetTime.app */ = {isa = PBXFileReference; explicitFileType = wrapper.application; includeInIndex = 0; path = NetTime.app; sourceTree = BUILT_PRODUCTS_DIR; };
		F4DBE8911C9547EA009B8FBC /* AppDelegate.swift */ = {isa = PBXFileReference; lastKnownFileType = sourcecode.swift; path = AppDelegate.swift; sourceTree = "<group>"; };
		F4DBE8931C9547EA009B8FBC /* NowViewController.swift */ = {isa = PBXFileReference; lastKnownFileType = sourcecode.swift; path = NowViewController.swift; sourceTree = "<group>"; };
		F4DBE8961C9547EA009B8FBC /* Base */ = {isa = PBXFileReference; lastKnownFileType = file.storyboard; name = Base; path = Base.lproj/Main.storyboard; sourceTree = "<group>"; };
		F4DBE8981C9547EA009B8FBC /* Assets.xcassets */ = {isa = PBXFileReference; lastKnownFileType = folder.assetcatalog; path = Assets.xcassets; sourceTree = "<group>"; };
		F4DBE89B1C9547EA009B8FBC /* Base */ = {isa = PBXFileReference; lastKnownFileType = file.storyboard; name = Base; path = Base.lproj/LaunchScreen.storyboard; sourceTree = "<group>"; };
		F4DBE89D1C9547EA009B8FBC /* Info.plist */ = {isa = PBXFileReference; lastKnownFileType = text.plist.xml; path = Info.plist; sourceTree = "<group>"; };
		F4DBE8A21C9547EA009B8FBC /* NetTimeTests.xctest */ = {isa = PBXFileReference; explicitFileType = wrapper.cfbundle; includeInIndex = 0; path = NetTimeTests.xctest; sourceTree = BUILT_PRODUCTS_DIR; };
		F4DBE8A61C9547EA009B8FBC /* NetTimeTests.swift */ = {isa = PBXFileReference; lastKnownFileType = sourcecode.swift; path = NetTimeTests.swift; sourceTree = "<group>"; };
		F4DBE8A81C9547EA009B8FBC /* Info.plist */ = {isa = PBXFileReference; lastKnownFileType = text.plist.xml; path = Info.plist; sourceTree = "<group>"; };
		F4DBE8B21C9549C9009B8FBC /* NSDate+Beats.swift */ = {isa = PBXFileReference; fileEncoding = 4; lastKnownFileType = sourcecode.swift; name = "NSDate+Beats.swift"; path = "NetTime/NSDate+Beats.swift"; sourceTree = "<group>"; };
		F4DBE8B61C95562F009B8FBC /* NetTimeWatch.app */ = {isa = PBXFileReference; explicitFileType = wrapper.application; includeInIndex = 0; path = NetTimeWatch.app; sourceTree = BUILT_PRODUCTS_DIR; };
		F4DBE8B91C95562F009B8FBC /* Base */ = {isa = PBXFileReference; lastKnownFileType = file.storyboard; name = Base; path = Base.lproj/Interface.storyboard; sourceTree = "<group>"; };
		F4DBE8BB1C95562F009B8FBC /* Assets.xcassets */ = {isa = PBXFileReference; lastKnownFileType = folder.assetcatalog; path = Assets.xcassets; sourceTree = "<group>"; };
		F4DBE8BD1C95562F009B8FBC /* Info.plist */ = {isa = PBXFileReference; lastKnownFileType = text.plist.xml; path = Info.plist; sourceTree = "<group>"; };
		F4DBE8C21C95562F009B8FBC /* NetTimeWatch Extension.appex */ = {isa = PBXFileReference; explicitFileType = "wrapper.app-extension"; includeInIndex = 0; path = "NetTimeWatch Extension.appex"; sourceTree = BUILT_PRODUCTS_DIR; };
		F4DBE8C91C95562F009B8FBC /* InterfaceController.swift */ = {isa = PBXFileReference; lastKnownFileType = sourcecode.swift; path = InterfaceController.swift; sourceTree = "<group>"; };
		F4DBE8CB1C95562F009B8FBC /* ExtensionDelegate.swift */ = {isa = PBXFileReference; lastKnownFileType = sourcecode.swift; path = ExtensionDelegate.swift; sourceTree = "<group>"; };
		F4DBE8CF1C95562F009B8FBC /* GlanceController.swift */ = {isa = PBXFileReference; lastKnownFileType = sourcecode.swift; path = GlanceController.swift; sourceTree = "<group>"; };
		F4DBE8D11C95562F009B8FBC /* ComplicationController.swift */ = {isa = PBXFileReference; lastKnownFileType = sourcecode.swift; path = ComplicationController.swift; sourceTree = "<group>"; };
		F4DBE8D31C95562F009B8FBC /* Assets.xcassets */ = {isa = PBXFileReference; lastKnownFileType = folder.assetcatalog; path = Assets.xcassets; sourceTree = "<group>"; };
		F4DBE8D51C95562F009B8FBC /* Info.plist */ = {isa = PBXFileReference; lastKnownFileType = text.plist.xml; path = Info.plist; sourceTree = "<group>"; };
		F4DBE8E31C958613009B8FBC /* Int+Beats.swift */ = {isa = PBXFileReference; fileEncoding = 4; lastKnownFileType = sourcecode.swift; name = "Int+Beats.swift"; path = "NetTime/Int+Beats.swift"; sourceTree = "<group>"; };
		F4DBE8EA1C95BC58009B8FBC /* TodayExtension.appex */ = {isa = PBXFileReference; explicitFileType = "wrapper.app-extension"; includeInIndex = 0; path = TodayExtension.appex; sourceTree = BUILT_PRODUCTS_DIR; };
		F4DBE8EB1C95BC58009B8FBC /* NotificationCenter.framework */ = {isa = PBXFileReference; lastKnownFileType = wrapper.framework; name = NotificationCenter.framework; path = System/Library/Frameworks/NotificationCenter.framework; sourceTree = SDKROOT; };
		F4DBE8EE1C95BC58009B8FBC /* TodayViewController.swift */ = {isa = PBXFileReference; lastKnownFileType = sourcecode.swift; path = TodayViewController.swift; sourceTree = "<group>"; };
		F4DBE8F11C95BC58009B8FBC /* Base */ = {isa = PBXFileReference; lastKnownFileType = file.storyboard; name = Base; path = Base.lproj/MainInterface.storyboard; sourceTree = "<group>"; };
		F4DBE8F31C95BC58009B8FBC /* Info.plist */ = {isa = PBXFileReference; lastKnownFileType = text.plist.xml; path = Info.plist; sourceTree = "<group>"; };
		F4DBE9011C95D886009B8FBC /* NetTime-Bridging-Header.h */ = {isa = PBXFileReference; lastKnownFileType = sourcecode.c.h; path = "NetTime-Bridging-Header.h"; sourceTree = "<group>"; };
		F4F51BFE1C97327F003B2853 /* digital-7 (mono).ttf */ = {isa = PBXFileReference; lastKnownFileType = file; path = "digital-7 (mono).ttf"; sourceTree = "<group>"; };
		F6F86821B37DD0920CE28281 /* Pods-NetTimeTests.release.xcconfig */ = {isa = PBXFileReference; includeInIndex = 1; lastKnownFileType = text.xcconfig; name = "Pods-NetTimeTests.release.xcconfig"; path = "Pods/Target Support Files/Pods-NetTimeTests/Pods-NetTimeTests.release.xcconfig"; sourceTree = "<group>"; };
/* End PBXFileReference section */

/* Begin PBXFrameworksBuildPhase section */
		F4DBE88B1C9547EA009B8FBC /* Frameworks */ = {
			isa = PBXFrameworksBuildPhase;
			buildActionMask = 2147483647;
			files = (
				20F0FD47D3F4D3B76AA0E753 /* Pods_NetTime.framework in Frameworks */,
			);
			runOnlyForDeploymentPostprocessing = 0;
		};
		F4DBE89F1C9547EA009B8FBC /* Frameworks */ = {
			isa = PBXFrameworksBuildPhase;
			buildActionMask = 2147483647;
			files = (
				41659B4E1C484B752EE4E7EF /* Pods_NetTimeTests.framework in Frameworks */,
			);
			runOnlyForDeploymentPostprocessing = 0;
		};
		F4DBE8BF1C95562F009B8FBC /* Frameworks */ = {
			isa = PBXFrameworksBuildPhase;
			buildActionMask = 2147483647;
			files = (
				1754EF45931159C31DCD79C0 /* Pods_NetTimeWatch_Extension.framework in Frameworks */,
			);
			runOnlyForDeploymentPostprocessing = 0;
		};
		F4DBE8E71C95BC58009B8FBC /* Frameworks */ = {
			isa = PBXFrameworksBuildPhase;
			buildActionMask = 2147483647;
			files = (
				F4DBE8EC1C95BC58009B8FBC /* NotificationCenter.framework in Frameworks */,
				61709CD7899E330F4C190D78 /* Pods_TodayExtension.framework in Frameworks */,
			);
			runOnlyForDeploymentPostprocessing = 0;
		};
/* End PBXFrameworksBuildPhase section */

/* Begin PBXGroup section */
		6DBD7250B629A70703AE8E22 /* Pods */ = {
			isa = PBXGroup;
			children = (
				00B21E3F2493C3211356115F /* Pods-NetTime.debug.xcconfig */,
				63184C54D1FFC7047281C01D /* Pods-NetTime.release.xcconfig */,
				0A12EF285058AA4FCCD48930 /* Pods-NetTimeTests.debug.xcconfig */,
				F6F86821B37DD0920CE28281 /* Pods-NetTimeTests.release.xcconfig */,
				24B983F892AF3C92A6DCC93C /* Pods-NetTimeWatch Extension.debug.xcconfig */,
				98BFD209EB423280B3B0CA9E /* Pods-NetTimeWatch Extension.release.xcconfig */,
				19D1E18DB9362B0FBDAC09B8 /* Pods-TodayExtension.debug.xcconfig */,
				1DD5264C4F8222C450742FB6 /* Pods-TodayExtension.release.xcconfig */,
			);
			name = Pods;
			sourceTree = "<group>";
		};
		E6C04CBD0CC4D170AD23B759 /* Frameworks */ = {
			isa = PBXGroup;
			children = (
				CEB6B8BA97DA2A5E4586B1DB /* Pods_NetTime.framework */,
				58FAEE2A83092324E86A5278 /* Pods_NetTimeTests.framework */,
				BA1E100912FA26E850CF3F64 /* Pods_NetTimeWatch_Extension.framework */,
				F4DBE8EB1C95BC58009B8FBC /* NotificationCenter.framework */,
				1338121F541CA52BAD96F6FF /* Pods_TodayExtension.framework */,
			);
			name = Frameworks;
			sourceTree = "<group>";
		};
		F4DBE8851C9547EA009B8FBC = {
			isa = PBXGroup;
			children = (
				F4DBE8B11C9549B3009B8FBC /* Shared */,
				F4DBE8901C9547EA009B8FBC /* NetTime */,
				F4DBE8A51C9547EA009B8FBC /* NetTimeTests */,
				F4DBE8B71C95562F009B8FBC /* NetTimeWatch */,
				F4DBE8C61C95562F009B8FBC /* NetTimeWatch Extension */,
				F4DBE8ED1C95BC58009B8FBC /* TodayExtension */,
				F4DBE88F1C9547EA009B8FBC /* Products */,
				6DBD7250B629A70703AE8E22 /* Pods */,
				E6C04CBD0CC4D170AD23B759 /* Frameworks */,
			);
			sourceTree = "<group>";
		};
		F4DBE88F1C9547EA009B8FBC /* Products */ = {
			isa = PBXGroup;
			children = (
				F4DBE88E1C9547EA009B8FBC /* NetTime.app */,
				F4DBE8A21C9547EA009B8FBC /* NetTimeTests.xctest */,
				F4DBE8B61C95562F009B8FBC /* NetTimeWatch.app */,
				F4DBE8C21C95562F009B8FBC /* NetTimeWatch Extension.appex */,
				F4DBE8EA1C95BC58009B8FBC /* TodayExtension.appex */,
			);
			name = Products;
			sourceTree = "<group>";
		};
		F4DBE8901C9547EA009B8FBC /* NetTime */ = {
			isa = PBXGroup;
			children = (
				F4DBE8911C9547EA009B8FBC /* AppDelegate.swift */,
				F4842F241C9609AA00AB1F38 /* CalculateViewController.swift */,
				F425CAE21C95FE9A000430F8 /* FontAwesomeTabBarItem.swift */,
				F4DBE8931C9547EA009B8FBC /* NowViewController.swift */,
				F4DBE8951C9547EA009B8FBC /* Main.storyboard */,
				F4DBE8981C9547EA009B8FBC /* Assets.xcassets */,
				F4DBE89A1C9547EA009B8FBC /* LaunchScreen.storyboard */,
				F4DBE89D1C9547EA009B8FBC /* Info.plist */,
				F4DBE9011C95D886009B8FBC /* NetTime-Bridging-Header.h */,
			);
			path = NetTime;
			sourceTree = "<group>";
		};
		F4DBE8A51C9547EA009B8FBC /* NetTimeTests */ = {
			isa = PBXGroup;
			children = (
				F4DBE8A61C9547EA009B8FBC /* NetTimeTests.swift */,
				F4DBE8A81C9547EA009B8FBC /* Info.plist */,
			);
			path = NetTimeTests;
			sourceTree = "<group>";
		};
		F4DBE8B11C9549B3009B8FBC /* Shared */ = {
			isa = PBXGroup;
			children = (
				F4DBE8B21C9549C9009B8FBC /* NSDate+Beats.swift */,
				F4DBE8E31C958613009B8FBC /* Int+Beats.swift */,
				F4F51BFE1C97327F003B2853 /* digital-7 (mono).ttf */,
			);
			name = Shared;
			sourceTree = "<group>";
		};
		F4DBE8B71C95562F009B8FBC /* NetTimeWatch */ = {
			isa = PBXGroup;
			children = (
				F4DBE8B81C95562F009B8FBC /* Interface.storyboard */,
				F4DBE8BB1C95562F009B8FBC /* Assets.xcassets */,
				F4DBE8BD1C95562F009B8FBC /* Info.plist */,
			);
			path = NetTimeWatch;
			sourceTree = "<group>";
		};
		F4DBE8C61C95562F009B8FBC /* NetTimeWatch Extension */ = {
			isa = PBXGroup;
			children = (
				F4DBE8C91C95562F009B8FBC /* InterfaceController.swift */,
				F4DBE8CB1C95562F009B8FBC /* ExtensionDelegate.swift */,
				F4DBE8CF1C95562F009B8FBC /* GlanceController.swift */,
				F4DBE8D11C95562F009B8FBC /* ComplicationController.swift */,
				F4DBE8D31C95562F009B8FBC /* Assets.xcassets */,
				F4DBE8D51C95562F009B8FBC /* Info.plist */,
			);
			path = "NetTimeWatch Extension";
			sourceTree = "<group>";
		};
		F4DBE8ED1C95BC58009B8FBC /* TodayExtension */ = {
			isa = PBXGroup;
			children = (
				F4DBE8EE1C95BC58009B8FBC /* TodayViewController.swift */,
				F4DBE8F01C95BC58009B8FBC /* MainInterface.storyboard */,
				F4DBE8F31C95BC58009B8FBC /* Info.plist */,
			);
			path = TodayExtension;
			sourceTree = "<group>";
		};
/* End PBXGroup section */

/* Begin PBXNativeTarget section */
		F4DBE88D1C9547EA009B8FBC /* NetTime */ = {
			isa = PBXNativeTarget;
			buildConfigurationList = F4DBE8AB1C9547EA009B8FBC /* Build configuration list for PBXNativeTarget "NetTime" */;
			buildPhases = (
				25E4FB424F9B202F18AADEBB /* Check Pods Manifest.lock */,
				F4DBE88A1C9547EA009B8FBC /* Sources */,
				F4DBE88B1C9547EA009B8FBC /* Frameworks */,
				F4DBE88C1C9547EA009B8FBC /* Resources */,
				59152D17C4723AACA0E4106E /* Embed Pods Frameworks */,
				2C3721DBE7382BB2A4C2CC64 /* Copy Pods Resources */,
				F4DBE8E01C95562F009B8FBC /* Embed Watch Content */,
				F4DBE8FA1C95BC58009B8FBC /* Embed App Extensions */,
				F4DBE8FD1C95D633009B8FBC /* Crashlytics */,
			);
			buildRules = (
			);
			dependencies = (
				F4DBE8D71C95562F009B8FBC /* PBXTargetDependency */,
				F4DBE8F51C95BC58009B8FBC /* PBXTargetDependency */,
			);
			name = NetTime;
			productName = NetTime;
			productReference = F4DBE88E1C9547EA009B8FBC /* NetTime.app */;
			productType = "com.apple.product-type.application";
		};
		F4DBE8A11C9547EA009B8FBC /* NetTimeTests */ = {
			isa = PBXNativeTarget;
			buildConfigurationList = F4DBE8AE1C9547EA009B8FBC /* Build configuration list for PBXNativeTarget "NetTimeTests" */;
			buildPhases = (
				7A03D5A9766123D01A60B579 /* Check Pods Manifest.lock */,
				F4DBE89E1C9547EA009B8FBC /* Sources */,
				F4DBE89F1C9547EA009B8FBC /* Frameworks */,
				F4DBE8A01C9547EA009B8FBC /* Resources */,
				A5B34C6CAC059C5D7243FEC4 /* Embed Pods Frameworks */,
				2E044808A8738524C439B455 /* Copy Pods Resources */,
			);
			buildRules = (
			);
			dependencies = (
				F4DBE8A41C9547EA009B8FBC /* PBXTargetDependency */,
			);
			name = NetTimeTests;
			productName = NetTimeTests;
			productReference = F4DBE8A21C9547EA009B8FBC /* NetTimeTests.xctest */;
			productType = "com.apple.product-type.bundle.unit-test";
		};
		F4DBE8B51C95562F009B8FBC /* NetTimeWatch */ = {
			isa = PBXNativeTarget;
			buildConfigurationList = F4DBE8DD1C95562F009B8FBC /* Build configuration list for PBXNativeTarget "NetTimeWatch" */;
			buildPhases = (
				F4DBE8B41C95562F009B8FBC /* Resources */,
				F4DBE8DC1C95562F009B8FBC /* Embed App Extensions */,
			);
			buildRules = (
			);
			dependencies = (
				F4DBE8C51C95562F009B8FBC /* PBXTargetDependency */,
			);
			name = NetTimeWatch;
			productName = NetTimeWatch;
			productReference = F4DBE8B61C95562F009B8FBC /* NetTimeWatch.app */;
			productType = "com.apple.product-type.application.watchapp2";
		};
		F4DBE8C11C95562F009B8FBC /* NetTimeWatch Extension */ = {
			isa = PBXNativeTarget;
			buildConfigurationList = F4DBE8D91C95562F009B8FBC /* Build configuration list for PBXNativeTarget "NetTimeWatch Extension" */;
			buildPhases = (
				E90BD9E837385F244ED30034 /* Check Pods Manifest.lock */,
				F4DBE8BE1C95562F009B8FBC /* Sources */,
				F4DBE8BF1C95562F009B8FBC /* Frameworks */,
				F4DBE8C01C95562F009B8FBC /* Resources */,
				822C86D117004024D39BC22F /* Embed Pods Frameworks */,
				7B620DBA98ADF904D0E6D89F /* Copy Pods Resources */,
			);
			buildRules = (
			);
			dependencies = (
			);
			name = "NetTimeWatch Extension";
			productName = "NetTimeWatch Extension";
			productReference = F4DBE8C21C95562F009B8FBC /* NetTimeWatch Extension.appex */;
			productType = "com.apple.product-type.watchkit2-extension";
		};
		F4DBE8E91C95BC58009B8FBC /* TodayExtension */ = {
			isa = PBXNativeTarget;
			buildConfigurationList = F4DBE8F91C95BC58009B8FBC /* Build configuration list for PBXNativeTarget "TodayExtension" */;
			buildPhases = (
				C02A659F1613E3427AF3A593 /* Check Pods Manifest.lock */,
				F4DBE8E61C95BC58009B8FBC /* Sources */,
				F4DBE8E71C95BC58009B8FBC /* Frameworks */,
				F4DBE8E81C95BC58009B8FBC /* Resources */,
				73A758F677253924D499C3C7 /* Embed Pods Frameworks */,
				5A8B4E17FD07DFD23EFF039B /* Copy Pods Resources */,
			);
			buildRules = (
			);
			dependencies = (
			);
			name = TodayExtension;
			productName = TodayExtension;
			productReference = F4DBE8EA1C95BC58009B8FBC /* TodayExtension.appex */;
			productType = "com.apple.product-type.app-extension";
		};
/* End PBXNativeTarget section */

/* Begin PBXProject section */
		F4DBE8861C9547EA009B8FBC /* Project object */ = {
			isa = PBXProject;
			attributes = {
				LastSwiftUpdateCheck = 0720;
				LastUpgradeCheck = 0720;
				ORGANIZATIONNAME = "Simon Rice";
				TargetAttributes = {
					F4DBE88D1C9547EA009B8FBC = {
						CreatedOnToolsVersion = 7.2.1;
					};
					F4DBE8A11C9547EA009B8FBC = {
						CreatedOnToolsVersion = 7.2.1;
						TestTargetID = F4DBE88D1C9547EA009B8FBC;
					};
					F4DBE8B51C95562F009B8FBC = {
						CreatedOnToolsVersion = 7.2.1;
					};
					F4DBE8C11C95562F009B8FBC = {
						CreatedOnToolsVersion = 7.2.1;
					};
					F4DBE8E91C95BC58009B8FBC = {
						CreatedOnToolsVersion = 7.2.1;
					};
				};
			};
			buildConfigurationList = F4DBE8891C9547EA009B8FBC /* Build configuration list for PBXProject "NetTime" */;
			compatibilityVersion = "Xcode 3.2";
			developmentRegion = English;
			hasScannedForEncodings = 0;
			knownRegions = (
				en,
				Base,
			);
			mainGroup = F4DBE8851C9547EA009B8FBC;
			productRefGroup = F4DBE88F1C9547EA009B8FBC /* Products */;
			projectDirPath = "";
			projectRoot = "";
			targets = (
				F4DBE88D1C9547EA009B8FBC /* NetTime */,
				F4DBE8A11C9547EA009B8FBC /* NetTimeTests */,
				F4DBE8B51C95562F009B8FBC /* NetTimeWatch */,
				F4DBE8C11C95562F009B8FBC /* NetTimeWatch Extension */,
				F4DBE8E91C95BC58009B8FBC /* TodayExtension */,
			);
		};
/* End PBXProject section */

/* Begin PBXResourcesBuildPhase section */
		F4DBE88C1C9547EA009B8FBC /* Resources */ = {
			isa = PBXResourcesBuildPhase;
			buildActionMask = 2147483647;
			files = (
				F4F51BFF1C97327F003B2853 /* digital-7 (mono).ttf in Resources */,
				F4DBE89C1C9547EA009B8FBC /* LaunchScreen.storyboard in Resources */,
				F4DBE8991C9547EA009B8FBC /* Assets.xcassets in Resources */,
				F4DBE8971C9547EA009B8FBC /* Main.storyboard in Resources */,
			);
			runOnlyForDeploymentPostprocessing = 0;
		};
		F4DBE8A01C9547EA009B8FBC /* Resources */ = {
			isa = PBXResourcesBuildPhase;
			buildActionMask = 2147483647;
			files = (
			);
			runOnlyForDeploymentPostprocessing = 0;
		};
		F4DBE8B41C95562F009B8FBC /* Resources */ = {
			isa = PBXResourcesBuildPhase;
			buildActionMask = 2147483647;
			files = (
				F4F51C001C97327F003B2853 /* digital-7 (mono).ttf in Resources */,
				F4DBE8BC1C95562F009B8FBC /* Assets.xcassets in Resources */,
				F4DBE8BA1C95562F009B8FBC /* Interface.storyboard in Resources */,
			);
			runOnlyForDeploymentPostprocessing = 0;
		};
		F4DBE8C01C95562F009B8FBC /* Resources */ = {
			isa = PBXResourcesBuildPhase;
			buildActionMask = 2147483647;
			files = (
				F4F51C011C97327F003B2853 /* digital-7 (mono).ttf in Resources */,
				F4DBE8D41C95562F009B8FBC /* Assets.xcassets in Resources */,
			);
			runOnlyForDeploymentPostprocessing = 0;
		};
		F4DBE8E81C95BC58009B8FBC /* Resources */ = {
			isa = PBXResourcesBuildPhase;
			buildActionMask = 2147483647;
			files = (
				F4DBE8F21C95BC58009B8FBC /* MainInterface.storyboard in Resources */,
			);
			runOnlyForDeploymentPostprocessing = 0;
		};
/* End PBXResourcesBuildPhase section */

/* Begin PBXShellScriptBuildPhase section */
		25E4FB424F9B202F18AADEBB /* Check Pods Manifest.lock */ = {
			isa = PBXShellScriptBuildPhase;
			buildActionMask = 2147483647;
			files = (
			);
			inputPaths = (
			);
			name = "Check Pods Manifest.lock";
			outputPaths = (
			);
			runOnlyForDeploymentPostprocessing = 0;
			shellPath = /bin/sh;
			shellScript = "diff \"${PODS_ROOT}/../Podfile.lock\" \"${PODS_ROOT}/Manifest.lock\" > /dev/null\nif [[ $? != 0 ]] ; then\n    cat << EOM\nerror: The sandbox is not in sync with the Podfile.lock. Run 'pod install' or update your CocoaPods installation.\nEOM\n    exit 1\nfi\n";
			showEnvVarsInLog = 0;
		};
		2C3721DBE7382BB2A4C2CC64 /* Copy Pods Resources */ = {
			isa = PBXShellScriptBuildPhase;
			buildActionMask = 2147483647;
			files = (
			);
			inputPaths = (
			);
			name = "Copy Pods Resources";
			outputPaths = (
			);
			runOnlyForDeploymentPostprocessing = 0;
			shellPath = /bin/sh;
			shellScript = "\"${SRCROOT}/Pods/Target Support Files/Pods-NetTime/Pods-NetTime-resources.sh\"\n";
			showEnvVarsInLog = 0;
		};
		2E044808A8738524C439B455 /* Copy Pods Resources */ = {
			isa = PBXShellScriptBuildPhase;
			buildActionMask = 2147483647;
			files = (
			);
			inputPaths = (
			);
			name = "Copy Pods Resources";
			outputPaths = (
			);
			runOnlyForDeploymentPostprocessing = 0;
			shellPath = /bin/sh;
			shellScript = "\"${SRCROOT}/Pods/Target Support Files/Pods-NetTimeTests/Pods-NetTimeTests-resources.sh\"\n";
			showEnvVarsInLog = 0;
		};
		59152D17C4723AACA0E4106E /* Embed Pods Frameworks */ = {
			isa = PBXShellScriptBuildPhase;
			buildActionMask = 2147483647;
			files = (
			);
			inputPaths = (
			);
			name = "Embed Pods Frameworks";
			outputPaths = (
			);
			runOnlyForDeploymentPostprocessing = 0;
			shellPath = /bin/sh;
			shellScript = "\"${SRCROOT}/Pods/Target Support Files/Pods-NetTime/Pods-NetTime-frameworks.sh\"\n";
			showEnvVarsInLog = 0;
		};
		5A8B4E17FD07DFD23EFF039B /* Copy Pods Resources */ = {
			isa = PBXShellScriptBuildPhase;
			buildActionMask = 2147483647;
			files = (
			);
			inputPaths = (
			);
			name = "Copy Pods Resources";
			outputPaths = (
			);
			runOnlyForDeploymentPostprocessing = 0;
			shellPath = /bin/sh;
			shellScript = "\"${SRCROOT}/Pods/Target Support Files/Pods-TodayExtension/Pods-TodayExtension-resources.sh\"\n";
			showEnvVarsInLog = 0;
		};
		73A758F677253924D499C3C7 /* Embed Pods Frameworks */ = {
			isa = PBXShellScriptBuildPhase;
			buildActionMask = 2147483647;
			files = (
			);
			inputPaths = (
			);
			name = "Embed Pods Frameworks";
			outputPaths = (
			);
			runOnlyForDeploymentPostprocessing = 0;
			shellPath = /bin/sh;
			shellScript = "\"${SRCROOT}/Pods/Target Support Files/Pods-TodayExtension/Pods-TodayExtension-frameworks.sh\"\n";
			showEnvVarsInLog = 0;
		};
		7A03D5A9766123D01A60B579 /* Check Pods Manifest.lock */ = {
			isa = PBXShellScriptBuildPhase;
			buildActionMask = 2147483647;
			files = (
			);
			inputPaths = (
			);
			name = "Check Pods Manifest.lock";
			outputPaths = (
			);
			runOnlyForDeploymentPostprocessing = 0;
			shellPath = /bin/sh;
			shellScript = "diff \"${PODS_ROOT}/../Podfile.lock\" \"${PODS_ROOT}/Manifest.lock\" > /dev/null\nif [[ $? != 0 ]] ; then\n    cat << EOM\nerror: The sandbox is not in sync with the Podfile.lock. Run 'pod install' or update your CocoaPods installation.\nEOM\n    exit 1\nfi\n";
			showEnvVarsInLog = 0;
		};
		7B620DBA98ADF904D0E6D89F /* Copy Pods Resources */ = {
			isa = PBXShellScriptBuildPhase;
			buildActionMask = 2147483647;
			files = (
			);
			inputPaths = (
			);
			name = "Copy Pods Resources";
			outputPaths = (
			);
			runOnlyForDeploymentPostprocessing = 0;
			shellPath = /bin/sh;
			shellScript = "\"${SRCROOT}/Pods/Target Support Files/Pods-NetTimeWatch Extension/Pods-NetTimeWatch Extension-resources.sh\"\n";
			showEnvVarsInLog = 0;
		};
		822C86D117004024D39BC22F /* Embed Pods Frameworks */ = {
			isa = PBXShellScriptBuildPhase;
			buildActionMask = 2147483647;
			files = (
			);
			inputPaths = (
			);
			name = "Embed Pods Frameworks";
			outputPaths = (
			);
			runOnlyForDeploymentPostprocessing = 0;
			shellPath = /bin/sh;
			shellScript = "\"${SRCROOT}/Pods/Target Support Files/Pods-NetTimeWatch Extension/Pods-NetTimeWatch Extension-frameworks.sh\"\n";
			showEnvVarsInLog = 0;
		};
		A5B34C6CAC059C5D7243FEC4 /* Embed Pods Frameworks */ = {
			isa = PBXShellScriptBuildPhase;
			buildActionMask = 2147483647;
			files = (
			);
			inputPaths = (
			);
			name = "Embed Pods Frameworks";
			outputPaths = (
			);
			runOnlyForDeploymentPostprocessing = 0;
			shellPath = /bin/sh;
			shellScript = "\"${SRCROOT}/Pods/Target Support Files/Pods-NetTimeTests/Pods-NetTimeTests-frameworks.sh\"\n";
			showEnvVarsInLog = 0;
		};
		C02A659F1613E3427AF3A593 /* Check Pods Manifest.lock */ = {
			isa = PBXShellScriptBuildPhase;
			buildActionMask = 2147483647;
			files = (
			);
			inputPaths = (
			);
			name = "Check Pods Manifest.lock";
			outputPaths = (
			);
			runOnlyForDeploymentPostprocessing = 0;
			shellPath = /bin/sh;
			shellScript = "diff \"${PODS_ROOT}/../Podfile.lock\" \"${PODS_ROOT}/Manifest.lock\" > /dev/null\nif [[ $? != 0 ]] ; then\n    cat << EOM\nerror: The sandbox is not in sync with the Podfile.lock. Run 'pod install' or update your CocoaPods installation.\nEOM\n    exit 1\nfi\n";
			showEnvVarsInLog = 0;
		};
		E90BD9E837385F244ED30034 /* Check Pods Manifest.lock */ = {
			isa = PBXShellScriptBuildPhase;
			buildActionMask = 2147483647;
			files = (
			);
			inputPaths = (
			);
			name = "Check Pods Manifest.lock";
			outputPaths = (
			);
			runOnlyForDeploymentPostprocessing = 0;
			shellPath = /bin/sh;
			shellScript = "diff \"${PODS_ROOT}/../Podfile.lock\" \"${PODS_ROOT}/Manifest.lock\" > /dev/null\nif [[ $? != 0 ]] ; then\n    cat << EOM\nerror: The sandbox is not in sync with the Podfile.lock. Run 'pod install' or update your CocoaPods installation.\nEOM\n    exit 1\nfi\n";
			showEnvVarsInLog = 0;
		};
		F4DBE8FD1C95D633009B8FBC /* Crashlytics */ = {
			isa = PBXShellScriptBuildPhase;
			buildActionMask = 2147483647;
			files = (
			);
			inputPaths = (
			);
			name = Crashlytics;
			outputPaths = (
			);
			runOnlyForDeploymentPostprocessing = 0;
			shellPath = /bin/sh;
			shellScript = "\"${PODS_ROOT}/Fabric/run\" 5f4aee798952d318e32c1d9e93ec424d70f634fe f9e249e1267d0c951408a34232552886b4e1fb9df2072dc7dc90ae36e3386514";
		};
/* End PBXShellScriptBuildPhase section */

/* Begin PBXSourcesBuildPhase section */
		F4DBE88A1C9547EA009B8FBC /* Sources */ = {
			isa = PBXSourcesBuildPhase;
			buildActionMask = 2147483647;
			files = (
				F4DBE8941C9547EA009B8FBC /* NowViewController.swift in Sources */,
				F425CAE31C95FE9A000430F8 /* FontAwesomeTabBarItem.swift in Sources */,
				F4DBE8921C9547EA009B8FBC /* AppDelegate.swift in Sources */,
				F4DBE8B31C9549C9009B8FBC /* NSDate+Beats.swift in Sources */,
				F4DBE8E41C958613009B8FBC /* Int+Beats.swift in Sources */,
				F4842F251C9609AA00AB1F38 /* CalculateViewController.swift in Sources */,
			);
			runOnlyForDeploymentPostprocessing = 0;
		};
		F4DBE89E1C9547EA009B8FBC /* Sources */ = {
			isa = PBXSourcesBuildPhase;
			buildActionMask = 2147483647;
			files = (
				F4DBE8E21C955641009B8FBC /* NSDate+Beats.swift in Sources */,
				F4DBE8A71C9547EA009B8FBC /* NetTimeTests.swift in Sources */,
			);
			runOnlyForDeploymentPostprocessing = 0;
		};
		F4DBE8BE1C95562F009B8FBC /* Sources */ = {
			isa = PBXSourcesBuildPhase;
			buildActionMask = 2147483647;
			files = (
				F4DBE8CC1C95562F009B8FBC /* ExtensionDelegate.swift in Sources */,
				F4DBE8E11C955640009B8FBC /* NSDate+Beats.swift in Sources */,
				F4DBE8D21C95562F009B8FBC /* ComplicationController.swift in Sources */,
				F4DBE8CA1C95562F009B8FBC /* InterfaceController.swift in Sources */,
				F4DBE8D01C95562F009B8FBC /* GlanceController.swift in Sources */,
				F4DBE8E51C958617009B8FBC /* Int+Beats.swift in Sources */,
			);
			runOnlyForDeploymentPostprocessing = 0;
		};
		F4DBE8E61C95BC58009B8FBC /* Sources */ = {
			isa = PBXSourcesBuildPhase;
			buildActionMask = 2147483647;
			files = (
				F4DBE8FB1C95D280009B8FBC /* NSDate+Beats.swift in Sources */,
				F4DBE8EF1C95BC58009B8FBC /* TodayViewController.swift in Sources */,
			);
			runOnlyForDeploymentPostprocessing = 0;
		};
/* End PBXSourcesBuildPhase section */

/* Begin PBXTargetDependency section */
		F4DBE8A41C9547EA009B8FBC /* PBXTargetDependency */ = {
			isa = PBXTargetDependency;
			target = F4DBE88D1C9547EA009B8FBC /* NetTime */;
			targetProxy = F4DBE8A31C9547EA009B8FBC /* PBXContainerItemProxy */;
		};
		F4DBE8C51C95562F009B8FBC /* PBXTargetDependency */ = {
			isa = PBXTargetDependency;
			target = F4DBE8C11C95562F009B8FBC /* NetTimeWatch Extension */;
			targetProxy = F4DBE8C41C95562F009B8FBC /* PBXContainerItemProxy */;
		};
		F4DBE8D71C95562F009B8FBC /* PBXTargetDependency */ = {
			isa = PBXTargetDependency;
			target = F4DBE8B51C95562F009B8FBC /* NetTimeWatch */;
			targetProxy = F4DBE8D61C95562F009B8FBC /* PBXContainerItemProxy */;
		};
		F4DBE8F51C95BC58009B8FBC /* PBXTargetDependency */ = {
			isa = PBXTargetDependency;
			target = F4DBE8E91C95BC58009B8FBC /* TodayExtension */;
			targetProxy = F4DBE8F41C95BC58009B8FBC /* PBXContainerItemProxy */;
		};
/* End PBXTargetDependency section */

/* Begin PBXVariantGroup section */
		F4DBE8951C9547EA009B8FBC /* Main.storyboard */ = {
			isa = PBXVariantGroup;
			children = (
				F4DBE8961C9547EA009B8FBC /* Base */,
			);
			name = Main.storyboard;
			sourceTree = "<group>";
		};
		F4DBE89A1C9547EA009B8FBC /* LaunchScreen.storyboard */ = {
			isa = PBXVariantGroup;
			children = (
				F4DBE89B1C9547EA009B8FBC /* Base */,
			);
			name = LaunchScreen.storyboard;
			sourceTree = "<group>";
		};
		F4DBE8B81C95562F009B8FBC /* Interface.storyboard */ = {
			isa = PBXVariantGroup;
			children = (
				F4DBE8B91C95562F009B8FBC /* Base */,
			);
			name = Interface.storyboard;
			sourceTree = "<group>";
		};
		F4DBE8F01C95BC58009B8FBC /* MainInterface.storyboard */ = {
			isa = PBXVariantGroup;
			children = (
				F4DBE8F11C95BC58009B8FBC /* Base */,
			);
			name = MainInterface.storyboard;
			sourceTree = "<group>";
		};
/* End PBXVariantGroup section */

/* Begin XCBuildConfiguration section */
		F4DBE8A91C9547EA009B8FBC /* Debug */ = {
			isa = XCBuildConfiguration;
			buildSettings = {
				ALWAYS_SEARCH_USER_PATHS = NO;
				CLANG_CXX_LANGUAGE_STANDARD = "gnu++0x";
				CLANG_CXX_LIBRARY = "libc++";
				CLANG_ENABLE_MODULES = YES;
				CLANG_ENABLE_OBJC_ARC = YES;
				CLANG_WARN_BOOL_CONVERSION = YES;
				CLANG_WARN_CONSTANT_CONVERSION = YES;
				CLANG_WARN_DIRECT_OBJC_ISA_USAGE = YES_ERROR;
				CLANG_WARN_EMPTY_BODY = YES;
				CLANG_WARN_ENUM_CONVERSION = YES;
				CLANG_WARN_INT_CONVERSION = YES;
				CLANG_WARN_OBJC_ROOT_CLASS = YES_ERROR;
				CLANG_WARN_UNREACHABLE_CODE = YES;
				CLANG_WARN__DUPLICATE_METHOD_MATCH = YES;
				CODE_SIGN_IDENTITY = "iPhone Developer";
				COPY_PHASE_STRIP = NO;
				DEBUG_INFORMATION_FORMAT = dwarf;
				ENABLE_STRICT_OBJC_MSGSEND = YES;
				ENABLE_TESTABILITY = YES;
				GCC_C_LANGUAGE_STANDARD = gnu99;
				GCC_DYNAMIC_NO_PIC = NO;
				GCC_NO_COMMON_BLOCKS = YES;
				GCC_OPTIMIZATION_LEVEL = 0;
				GCC_PREPROCESSOR_DEFINITIONS = (
					"DEBUG=1",
					"$(inherited)",
				);
				GCC_WARN_64_TO_32_BIT_CONVERSION = YES;
				GCC_WARN_ABOUT_RETURN_TYPE = YES_ERROR;
				GCC_WARN_UNDECLARED_SELECTOR = YES;
				GCC_WARN_UNINITIALIZED_AUTOS = YES_AGGRESSIVE;
				GCC_WARN_UNUSED_FUNCTION = YES;
				GCC_WARN_UNUSED_VARIABLE = YES;
				IPHONEOS_DEPLOYMENT_TARGET = 9.2;
				MTL_ENABLE_DEBUG_INFO = YES;
				ONLY_ACTIVE_ARCH = YES;
				PROVISIONING_PROFILE = "$(sigh_com.simonrice.NetTime_development)";
				SDKROOT = iphoneos;
				SWIFT_OPTIMIZATION_LEVEL = "-Onone";
				TARGETED_DEVICE_FAMILY = "1,2";
			};
			name = Debug;
		};
		F4DBE8AA1C9547EA009B8FBC /* Release */ = {
			isa = XCBuildConfiguration;
			buildSettings = {
				ALWAYS_SEARCH_USER_PATHS = NO;
				CLANG_CXX_LANGUAGE_STANDARD = "gnu++0x";
				CLANG_CXX_LIBRARY = "libc++";
				CLANG_ENABLE_MODULES = YES;
				CLANG_ENABLE_OBJC_ARC = YES;
				CLANG_WARN_BOOL_CONVERSION = YES;
				CLANG_WARN_CONSTANT_CONVERSION = YES;
				CLANG_WARN_DIRECT_OBJC_ISA_USAGE = YES_ERROR;
				CLANG_WARN_EMPTY_BODY = YES;
				CLANG_WARN_ENUM_CONVERSION = YES;
				CLANG_WARN_INT_CONVERSION = YES;
				CLANG_WARN_OBJC_ROOT_CLASS = YES_ERROR;
				CLANG_WARN_UNREACHABLE_CODE = YES;
				CLANG_WARN__DUPLICATE_METHOD_MATCH = YES;
				"CODE_SIGN_IDENTITY[sdk=iphoneos*]" = "iPhone Developer";
				COPY_PHASE_STRIP = NO;
				DEBUG_INFORMATION_FORMAT = "dwarf-with-dsym";
				ENABLE_NS_ASSERTIONS = NO;
				ENABLE_STRICT_OBJC_MSGSEND = YES;
				GCC_C_LANGUAGE_STANDARD = gnu99;
				GCC_NO_COMMON_BLOCKS = YES;
				GCC_WARN_64_TO_32_BIT_CONVERSION = YES;
				GCC_WARN_ABOUT_RETURN_TYPE = YES_ERROR;
				GCC_WARN_UNDECLARED_SELECTOR = YES;
				GCC_WARN_UNINITIALIZED_AUTOS = YES_AGGRESSIVE;
				GCC_WARN_UNUSED_FUNCTION = YES;
				GCC_WARN_UNUSED_VARIABLE = YES;
				IPHONEOS_DEPLOYMENT_TARGET = 9.2;
				MTL_ENABLE_DEBUG_INFO = NO;
				SDKROOT = iphoneos;
				TARGETED_DEVICE_FAMILY = "1,2";
				VALIDATE_PRODUCT = YES;
			};
			name = Release;
		};
		F4DBE8AC1C9547EA009B8FBC /* Debug */ = {
			isa = XCBuildConfiguration;
			baseConfigurationReference = 00B21E3F2493C3211356115F /* Pods-NetTime.debug.xcconfig */;
			buildSettings = {
				ASSETCATALOG_COMPILER_APPICON_NAME = AppIcon;
				CLANG_ENABLE_MODULES = YES;
				EMBEDDED_CONTENT_CONTAINS_SWIFT = YES;
				INFOPLIST_FILE = NetTime/Info.plist;
				LD_RUNPATH_SEARCH_PATHS = "$(inherited) @executable_path/Frameworks";
				PRODUCT_BUNDLE_IDENTIFIER = com.simonrice.NetTime;
				PRODUCT_NAME = "$(TARGET_NAME)";
				SWIFT_OBJC_BRIDGING_HEADER = "NetTime/NetTime-Bridging-Header.h";
				SWIFT_OPTIMIZATION_LEVEL = "-Onone";
			};
			name = Debug;
		};
		F4DBE8AD1C9547EA009B8FBC /* Release */ = {
			isa = XCBuildConfiguration;
			baseConfigurationReference = 63184C54D1FFC7047281C01D /* Pods-NetTime.release.xcconfig */;
			buildSettings = {
				ASSETCATALOG_COMPILER_APPICON_NAME = AppIcon;
				CLANG_ENABLE_MODULES = YES;
				EMBEDDED_CONTENT_CONTAINS_SWIFT = YES;
				INFOPLIST_FILE = NetTime/Info.plist;
				LD_RUNPATH_SEARCH_PATHS = "$(inherited) @executable_path/Frameworks";
				PRODUCT_BUNDLE_IDENTIFIER = com.simonrice.NetTime;
				PRODUCT_NAME = "$(TARGET_NAME)";
				SWIFT_OBJC_BRIDGING_HEADER = "NetTime/NetTime-Bridging-Header.h";
			};
			name = Release;
		};
		F4DBE8AF1C9547EA009B8FBC /* Debug */ = {
			isa = XCBuildConfiguration;
			baseConfigurationReference = 0A12EF285058AA4FCCD48930 /* Pods-NetTimeTests.debug.xcconfig */;
			buildSettings = {
				BUNDLE_LOADER = "$(TEST_HOST)";
				INFOPLIST_FILE = NetTimeTests/Info.plist;
				LD_RUNPATH_SEARCH_PATHS = "$(inherited) @executable_path/Frameworks @loader_path/Frameworks";
				PRODUCT_BUNDLE_IDENTIFIER = com.simonrice.NetTimeTests;
				PRODUCT_NAME = "$(TARGET_NAME)";
				TEST_HOST = "$(BUILT_PRODUCTS_DIR)/NetTime.app/NetTime";
			};
			name = Debug;
		};
		F4DBE8B01C9547EA009B8FBC /* Release */ = {
			isa = XCBuildConfiguration;
			baseConfigurationReference = F6F86821B37DD0920CE28281 /* Pods-NetTimeTests.release.xcconfig */;
			buildSettings = {
				BUNDLE_LOADER = "$(TEST_HOST)";
				INFOPLIST_FILE = NetTimeTests/Info.plist;
				LD_RUNPATH_SEARCH_PATHS = "$(inherited) @executable_path/Frameworks @loader_path/Frameworks";
				PRODUCT_BUNDLE_IDENTIFIER = com.simonrice.NetTimeTests;
				PRODUCT_NAME = "$(TARGET_NAME)";
				TEST_HOST = "$(BUILT_PRODUCTS_DIR)/NetTime.app/NetTime";
			};
			name = Release;
		};
		F4DBE8DA1C95562F009B8FBC /* Debug */ = {
			isa = XCBuildConfiguration;
			baseConfigurationReference = 24B983F892AF3C92A6DCC93C /* Pods-NetTimeWatch Extension.debug.xcconfig */;
			buildSettings = {
				ASSETCATALOG_COMPILER_COMPLICATION_NAME = Complication;
				INFOPLIST_FILE = "NetTimeWatch Extension/Info.plist";
				LD_RUNPATH_SEARCH_PATHS = "$(inherited) @executable_path/Frameworks @executable_path/../../Frameworks";
				PRODUCT_BUNDLE_IDENTIFIER = com.simonrice.NetTime.watchkitapp.watchkitextension;
				PRODUCT_NAME = "${TARGET_NAME}";
				PROVISIONING_PROFILE = "$(sigh_com.simonrice.NetTime.watchkitapp.watchkitextension_development)";
				SDKROOT = watchos;
				SKIP_INSTALL = YES;
				TARGETED_DEVICE_FAMILY = 4;
				WATCHOS_DEPLOYMENT_TARGET = 2.1;
			};
			name = Debug;
		};
		F4DBE8DB1C95562F009B8FBC /* Release */ = {
			isa = XCBuildConfiguration;
			baseConfigurationReference = 98BFD209EB423280B3B0CA9E /* Pods-NetTimeWatch Extension.release.xcconfig */;
			buildSettings = {
				ASSETCATALOG_COMPILER_COMPLICATION_NAME = Complication;
				INFOPLIST_FILE = "NetTimeWatch Extension/Info.plist";
				LD_RUNPATH_SEARCH_PATHS = "$(inherited) @executable_path/Frameworks @executable_path/../../Frameworks";
				PRODUCT_BUNDLE_IDENTIFIER = com.simonrice.NetTime.watchkitapp.watchkitextension;
				PRODUCT_NAME = "${TARGET_NAME}";
				SDKROOT = watchos;
				SKIP_INSTALL = YES;
				TARGETED_DEVICE_FAMILY = 4;
				WATCHOS_DEPLOYMENT_TARGET = 2.1;
			};
			name = Release;
		};
		F4DBE8DE1C95562F009B8FBC /* Debug */ = {
			isa = XCBuildConfiguration;
			buildSettings = {
				ASSETCATALOG_COMPILER_APPICON_NAME = AppIcon;
				EMBEDDED_CONTENT_CONTAINS_SWIFT = YES;
				IBSC_MODULE = NetTimeWatch_Extension;
				INFOPLIST_FILE = NetTimeWatch/Info.plist;
				PRODUCT_BUNDLE_IDENTIFIER = com.simonrice.NetTime.watchkitapp;
				PRODUCT_NAME = "$(TARGET_NAME)";
				PROVISIONING_PROFILE = "$(sigh_com.simonrice.NetTime.watchkitapp_development)";
				SDKROOT = watchos;
				SKIP_INSTALL = YES;
				TARGETED_DEVICE_FAMILY = 4;
				WATCHOS_DEPLOYMENT_TARGET = 2.1;
			};
			name = Debug;
		};
		F4DBE8DF1C95562F009B8FBC /* Release */ = {
			isa = XCBuildConfiguration;
			buildSettings = {
				ASSETCATALOG_COMPILER_APPICON_NAME = AppIcon;
				EMBEDDED_CONTENT_CONTAINS_SWIFT = YES;
				IBSC_MODULE = NetTimeWatch_Extension;
				INFOPLIST_FILE = NetTimeWatch/Info.plist;
				PRODUCT_BUNDLE_IDENTIFIER = com.simonrice.NetTime.watchkitapp;
				PRODUCT_NAME = "$(TARGET_NAME)";
				SDKROOT = watchos;
				SKIP_INSTALL = YES;
				TARGETED_DEVICE_FAMILY = 4;
				WATCHOS_DEPLOYMENT_TARGET = 2.1;
			};
			name = Release;
		};
		F4DBE8F71C95BC58009B8FBC /* Debug */ = {
			isa = XCBuildConfiguration;
			baseConfigurationReference = 19D1E18DB9362B0FBDAC09B8 /* Pods-TodayExtension.debug.xcconfig */;
			buildSettings = {
				INFOPLIST_FILE = TodayExtension/Info.plist;
				LD_RUNPATH_SEARCH_PATHS = "$(inherited) @executable_path/Frameworks @executable_path/../../Frameworks";
				PRODUCT_BUNDLE_IDENTIFIER = com.simonrice.NetTime.TodayExtension;
				PRODUCT_NAME = "$(TARGET_NAME)";
				PROVISIONING_PROFILE = "$(sigh_com.simonrice.NetTime.TodayExtension_development)";
				SKIP_INSTALL = YES;
			};
			name = Debug;
		};
		F4DBE8F81C95BC58009B8FBC /* Release */ = {
			isa = XCBuildConfiguration;
			baseConfigurationReference = 1DD5264C4F8222C450742FB6 /* Pods-TodayExtension.release.xcconfig */;
			buildSettings = {
				INFOPLIST_FILE = TodayExtension/Info.plist;
				LD_RUNPATH_SEARCH_PATHS = "$(inherited) @executable_path/Frameworks @executable_path/../../Frameworks";
				PRODUCT_BUNDLE_IDENTIFIER = com.simonrice.NetTime.TodayExtension;
				PRODUCT_NAME = "$(TARGET_NAME)";
				SKIP_INSTALL = YES;
			};
			name = Release;
		};
/* End XCBuildConfiguration section */

/* Begin XCConfigurationList section */
		F4DBE8891C9547EA009B8FBC /* Build configuration list for PBXProject "NetTime" */ = {
			isa = XCConfigurationList;
			buildConfigurations = (
				F4DBE8A91C9547EA009B8FBC /* Debug */,
				F4DBE8AA1C9547EA009B8FBC /* Release */,
			);
			defaultConfigurationIsVisible = 0;
			defaultConfigurationName = Release;
		};
		F4DBE8AB1C9547EA009B8FBC /* Build configuration list for PBXNativeTarget "NetTime" */ = {
			isa = XCConfigurationList;
			buildConfigurations = (
				F4DBE8AC1C9547EA009B8FBC /* Debug */,
				F4DBE8AD1C9547EA009B8FBC /* Release */,
			);
			defaultConfigurationIsVisible = 0;
			defaultConfigurationName = Release;
		};
		F4DBE8AE1C9547EA009B8FBC /* Build configuration list for PBXNativeTarget "NetTimeTests" */ = {
			isa = XCConfigurationList;
			buildConfigurations = (
				F4DBE8AF1C9547EA009B8FBC /* Debug */,
				F4DBE8B01C9547EA009B8FBC /* Release */,
			);
			defaultConfigurationIsVisible = 0;
			defaultConfigurationName = Release;
		};
		F4DBE8D91C95562F009B8FBC /* Build configuration list for PBXNativeTarget "NetTimeWatch Extension" */ = {
			isa = XCConfigurationList;
			buildConfigurations = (
				F4DBE8DA1C95562F009B8FBC /* Debug */,
				F4DBE8DB1C95562F009B8FBC /* Release */,
			);
			defaultConfigurationIsVisible = 0;
			defaultConfigurationName = Release;
		};
		F4DBE8DD1C95562F009B8FBC /* Build configuration list for PBXNativeTarget "NetTimeWatch" */ = {
			isa = XCConfigurationList;
			buildConfigurations = (
				F4DBE8DE1C95562F009B8FBC /* Debug */,
				F4DBE8DF1C95562F009B8FBC /* Release */,
			);
			defaultConfigurationIsVisible = 0;
			defaultConfigurationName = Release;
		};
		F4DBE8F91C95BC58009B8FBC /* Build configuration list for PBXNativeTarget "TodayExtension" */ = {
			isa = XCConfigurationList;
			buildConfigurations = (
				F4DBE8F71C95BC58009B8FBC /* Debug */,
				F4DBE8F81C95BC58009B8FBC /* Release */,
			);
			defaultConfigurationIsVisible = 0;
			defaultConfigurationName = Release;
		};
/* End XCConfigurationList section */
	};
	rootObject = F4DBE8861C9547EA009B8FBC /* Project object */;
}
